
Microsoft Visual Studio Solution File, Format Version 12.00
# Visual Studio Version 17
VisualStudioVersion = 17.6.33829.357
MinimumVisualStudioVersion = 10.0.40219.1
Project("{2150E333-8FDC-42A3-9474-1A3956D46DE8}") = "Core", "Core", "{0FEB6ADF-29FD-48CE-AE0F-9E19E9209795}"
EndProject
Project("{2150E333-8FDC-42A3-9474-1A3956D46DE8}") = "Src", "Src", "{4B785E7E-2F35-4198-BD73-D2B861E5518A}"
	ProjectSection(SolutionItems) = preProject
		Test.Md = Test.Md
	EndProjectSection
EndProject
Project("{2150E333-8FDC-42A3-9474-1A3956D46DE8}") = "Infrastructure", "Infrastructure", "{1EC1EEFF-3888-4125-9229-623C564F3E7E}"
EndProject
Project("{2150E333-8FDC-42A3-9474-1A3956D46DE8}") = "Presentation", "Presentation", "{833DEA57-A970-418C-831C-2355B8294766}"
EndProject
Project("{2150E333-8FDC-42A3-9474-1A3956D46DE8}") = "Tests", "Tests", "{9FEDAEFB-297C-4201-8FAA-F502F94CAFED}"
EndProject
Project("{9A19103F-16F7-4668-BE54-9A1E7A4F7556}") = "IndTrace.Domain", "Code\Core\Domain\IndTrace.Domain.csproj", "{0A18018C-95CA-43CB-BFBF-5DB086E93009}"
EndProject
Project("{9A19103F-16F7-4668-BE54-9A1E7A4F7556}") = "IndTrace.Application", "Code\Core\Application\IndTrace.Application.csproj", "{5FB1A4D7-D13E-47C3-9152-3890B8CA9C37}"
EndProject
Project("{2150E333-8FDC-42A3-9474-1A3956D46DE8}") = "Integration", "Integration", "{A4F83D0D-9140-45F5-A5DD-4507D4222999}"
EndProject
Project("{2150E333-8FDC-42A3-9474-1A3956D46DE8}") = "Core", "Core", "{3438BB8F-41E1-4E58-A57D-0085274A911C}"
EndProject
Project("{2150E333-8FDC-42A3-9474-1A3956D46DE8}") = "Presentation", "Presentation", "{CDC617CE-4A7E-435C-B9C1-235F9C7C3DE1}"
EndProject
Project("{9A19103F-16F7-4668-BE54-9A1E7A4F7556}") = "IndTrace.Gateway", "Code\Infrastructure\IndTrace.Gateway\IndTrace.Gateway.csproj", "{EA28BE30-46FC-4717-9673-CC192CE8C24D}"
EndProject
Project("{9A19103F-16F7-4668-BE54-9A1E7A4F7556}") = "IndTrace.CognexComm", "Code\Infrastructure\IndTrace.CognexComm\IndTrace.CognexComm.csproj", "{51739EEB-43EA-4621-A306-C99BE1A7361B}"
EndProject
Project("{9A19103F-16F7-4668-BE54-9A1E7A4F7556}") = "Application.UnitTests", "Tests\Core\Application.UnitTests\Application.UnitTests.csproj", "{FCDBFBC0-DD30-4E11-A925-750F62809958}"
EndProject
Project("{9A19103F-16F7-4668-BE54-9A1E7A4F7556}") = "Domain.UnitTests", "Tests\Core\Domain.UnitTests\Domain.UnitTests.csproj", "{DD5C8345-6785-48E6-9A98-074012A02628}"
EndProject
Project("{9A19103F-16F7-4668-BE54-9A1E7A4F7556}") = "IndTrace.Persistence", "Code\Infrastructure\IndTrace.Persistence\IndTrace.Persistence.csproj", "{D8D7607A-8283-4776-94AB-5614038E58E2}"
EndProject
Project("{9A19103F-16F7-4668-BE54-9A1E7A4F7556}") = "IndTrace.S7Rx", "Code\Infrastructure\IndTrace.S7Rx\IndTrace.S7Rx.csproj", "{397528BB-8E1A-4715-B364-AB398761A8FD}"
EndProject
Project("{2150E333-8FDC-42A3-9474-1A3956D46DE8}") = "PS Scripts", "PS Scripts", "{0842B8AC-FD89-4CD0-B8AB-58D179B48689}"
	ProjectSection(SolutionItems) = preProject
		PS Scripts\Delete Indtrace App and bin.ps1 = PS Scripts\Delete Indtrace App and bin.ps1
	EndProjectSection
EndProject
Project("{2150E333-8FDC-42A3-9474-1A3956D46DE8}") = "Solution Items", "Solution Items", "{045E9F00-83AA-4A04-A5DF-155BE9B489ED}"
	ProjectSection(SolutionItems) = preProject
		Directory.Build.props = Directory.Build.props
		Directory.Build.runsettings = Directory.Build.runsettings
		Directory.Packages.props = Directory.Packages.props
		Minimal.ReSharper.DotSettings = Minimal.ReSharper.DotSettings
	EndProjectSection
EndProject
Project("{9A19103F-16F7-4668-BE54-9A1E7A4F7556}") = "IndTrace.Communications", "Code\Infrastructure\IndTrace.Communications\IndTrace.Communications.csproj", "{D97F5F12-7552-4B22-B6AD-FC373229B64E}"
EndProject
Project("{9A19103F-16F7-4668-BE54-9A1E7A4F7556}") = "IndTrace.Dependencies", "Code\Infrastructure\IndTrace.Dependencies\IndTrace.Dependencies.csproj", "{BA603EB3-D4FF-4002-B122-7165BD90B501}"
EndProject
Project("{2150E333-8FDC-42A3-9474-1A3956D46DE8}") = "Architecture", "Architecture", "{86BE47AD-DCB7-4BE3-8E4A-F0C37782FA88}"
EndProject
Project("{9A19103F-16F7-4668-BE54-9A1E7A4F7556}") = "Architecture.Tests", "Tests\Architecture\Architecture.Tests.csproj", "{A70170E9-C423-4942-951A-32FE855319B8}"
EndProject
Project("{2150E333-8FDC-42A3-9474-1A3956D46DE8}") = "Acceptance", "Acceptance", "{B9DE225A-98DF-4CC9-A69E-7F169F0E07BE}"
	ProjectSection(SolutionItems) = preProject
		Tests\Acceptance\Intrace.BDDTests\NewTest.Scenario.cs = Tests\Acceptance\Intrace.BDDTests\NewTest.Scenario.cs
		Tests\Acceptance\Intrace.BDDTests\NewTest.Steps.cs = Tests\Acceptance\Intrace.BDDTests\NewTest.Steps.cs
	EndProjectSection
EndProject
Project("{9A19103F-16F7-4668-BE54-9A1E7A4F7556}") = "IndTrace.VirtualNetwork", "Code\Infrastructure\IndTrace.VirtualNetwork\IndTrace.VirtualNetwork.csproj", "{93366A8D-A1BE-4D56-8F26-E34ECCC2054F}"
EndProject
Project("{9A19103F-16F7-4668-BE54-9A1E7A4F7556}") = "IndTrace.Components", "Code\Presentation\IndTrace.Components\IndTrace.Components.csproj", "{C875072F-03CA-4EC5-B29B-077BA82B8B7C}"
EndProject
Project("{9A19103F-16F7-4668-BE54-9A1E7A4F7556}") = "IndTrace.UI.Models", "Code\Presentation\IndTrace.Models\IndTrace.UI.Models.csproj", "{73908928-A1CB-4BD1-A685-B776AB9C40A8}"
EndProject
Project("{9A19103F-16F7-4668-BE54-9A1E7A4F7556}") = "IndTrace.Hub.Server", "Code\Infrastructure\IndTrace.Hub\IndTrace.Hub.Server.csproj", "{5957A7C4-EE37-4A3D-8DA2-0D49ECD50F48}"
EndProject
Project("{9A19103F-16F7-4668-BE54-9A1E7A4F7556}") = "IndTrace.Hub.Client", "Code\Infrastructure\Intrace.HubClient\IndTrace.Hub.Client.csproj", "{8DBB7C7B-5113-41CB-8431-21DE187008EA}"
EndProject
Project("{9A19103F-16F7-4668-BE54-9A1E7A4F7556}") = "MetricsTests", "Tests\Presentation\MetricsTests\MetricsTests.csproj", "{75AF6146-6E63-4041-9D91-59ABDA1C016D}"
EndProject
Project("{9A19103F-16F7-4668-BE54-9A1E7A4F7556}") = "IndTrace.Monitor", "Code\Presentation\IndTrace.Monitor\IndTrace.Monitor.csproj", "{2E988094-CD23-4D1A-A713-2AE9D5B08560}"
EndProject
Project("{2150E333-8FDC-42A3-9474-1A3956D46DE8}") = "SeedDataFiles", "SeedDataFiles", "{9FE95EAA-8642-45B7-A3BF-84034180254B}"
	ProjectSection(SolutionItems) = preProject
		SeedDataFiles\BarCodes.json = SeedDataFiles\BarCodes.json
		SeedDataFiles\Config.json = SeedDataFiles\Config.json
		SeedDataFiles\ConfigApp.json = SeedDataFiles\ConfigApp.json
		SeedDataFiles\Customers.json = SeedDataFiles\Customers.json
		SeedDataFiles\Cycles.json = SeedDataFiles\Cycles.json
		SeedDataFiles\Lines.json = SeedDataFiles\Lines.json
		SeedDataFiles\MachinePlcs.json = SeedDataFiles\MachinePlcs.json
		SeedDataFiles\Machines.json = SeedDataFiles\Machines.json
		SeedDataFiles\Plc100.json = SeedDataFiles\Plc100.json
		SeedDataFiles\PLCs.json = SeedDataFiles\PLCs.json
		SeedDataFiles\Products.json = SeedDataFiles\Products.json
		SeedDataFiles\Recipes.json = SeedDataFiles\Recipes.json
		SeedDataFiles\RegisterPlc100.json = SeedDataFiles\RegisterPlc100.json
		SeedDataFiles\Registers.json = SeedDataFiles\Registers.json
		SeedDataFiles\Rules.json = SeedDataFiles\Rules.json
		SeedDataFiles\Settings.json = SeedDataFiles\Settings.json
		SeedDataFiles\Tags.json = SeedDataFiles\Tags.json
		SeedDataFiles\Variables.json = SeedDataFiles\Variables.json
		SeedDataFiles\VariablesGroups.json = SeedDataFiles\VariablesGroups.json
		SeedDataFiles\VariablesPlc100.json = SeedDataFiles\VariablesPlc100.json
		SeedDataFiles\WorkFlows.json = SeedDataFiles\WorkFlows.json
	EndProjectSection
EndProject
Project("{9A19103F-16F7-4668-BE54-9A1E7A4F7556}") = "GateWay.Tests", "Tests\Integration\IndTrace.Gateway.Tests\GateWay.Tests.csproj", "{601D6398-91FB-4647-ADFE-5FEB06946591}"
EndProject
Project("{9A19103F-16F7-4668-BE54-9A1E7A4F7556}") = "IndTrace.S7Monitor", "Code\Infrastructure\IndTrace.S7Monitor\IndTrace.S7Monitor.csproj", "{D4F39F36-1A74-4AD6-88E3-F669A922044D}"
EndProject
Project("{FAE04EC0-301F-11D3-BF4B-00C04F79EFBC}") = "HubConnection.Tests", "Tests\Core\HubConnection.Tests\HubConnection.Tests.csproj", "{42E5369E-0826-4A66-BA90-A950DDD0F3D7}"
EndProject
Project("{FAE04EC0-301F-11D3-BF4B-00C04F79EFBC}") = "Sharp7.Rx", "Code\Infrastructure\Sharp7.Rx\Sharp7.Rx.csproj", "{C003850A-E14D-D885-9AC5-0B5A9DB86311}"
EndProject
Project("{FAE04EC0-301F-11D3-BF4B-00C04F79EFBC}") = "Models.UnitTests", "Tests\Core\Models.UnitTests\Models.UnitTests.csproj", "{2E492252-0752-816F-F46A-98917FCAA9B8}"
EndProject
Project("{FAE04EC0-301F-11D3-BF4B-00C04F79EFBC}") = "Filters.Tests", "Tests\Core\Filters.Tests\Filters.Tests\Filters.Tests.csproj", "{E193DF15-744B-4E70-9409-748DB6E9D189}"
EndProject
Project("{FAE04EC0-301F-11D3-BF4B-00C04F79EFBC}") = "IndTrace.Monitor.Tests", "Tests\Presentation\IndTrace.Monitor.Tests\IndTrace.Monitor.Tests.csproj", "{11EF8C26-FA99-1C45-F12C-39DD82C4213D}"
EndProject
Project("{FAE04EC0-301F-11D3-BF4B-00C04F79EFBC}") = "IndTrace.Simulator", "Code\Infrastructure\IndTrace.Simulator\IndTrace.Simulator.csproj", "{6E4BC71B-2D0C-2C14-7295-3AA7E8F06E4D}"
EndProject
Project("{FAE04EC0-301F-11D3-BF4B-00C04F79EFBC}") = "IndTrace.LogAnalyzer", "Code\Presentation\IndTrace.LogAnalyzer\IndTrace.LogAnalyzer.csproj", "{531D7040-CDF9-4705-989D-37CABD18E337}"
EndProject
Project("{FAE04EC0-301F-11D3-BF4B-00C04F79EFBC}") = "IndTrace.SeqTail", "Code\Infrastructure\IndTrace.SeqTail\IndTrace.SeqTail.csproj", "{5252F1F9-768A-45FE-8584-144D5CA54E22}"
EndProject
Project("{FAE04EC0-301F-11D3-BF4B-00C04F79EFBC}") = "Integration.Tests", "Tests\Integration\Indtrace.Integration.Tests\Integration.Tests.csproj", "{B3159118-64CA-4E0B-B6FA-D0E20D36A67E}"
EndProject
Project("{FAE04EC0-301F-11D3-BF4B-00C04F79EFBC}") = "IndTrace.OEE", "Code\Presentation\IndTrace.OEE\IndTrace.OEE.csproj", "{26D92F86-DF70-A02C-0C30-29A1F2BAE34D}"
EndProject
Project("{FAE04EC0-301F-11D3-BF4B-00C04F79EFBC}") = "IndTrace.DataStore", "Code\Infrastructure\IndTrace.DataStore\IndTrace.DataStore.csproj", "{63934109-3643-48FA-A37C-350FB1805E98}"
EndProject
Project("{FAE04EC0-301F-11D3-BF4B-00C04F79EFBC}") = "IndTrace.Oee.Tests", "Tests\Presentation\IndTrace.Oee.Tests\IndTrace.Oee.Tests\IndTrace.Oee.Tests.csproj", "{51336E1E-6B35-4E9A-838A-3C9365871A73}"
EndProject
Project("{FAE04EC0-301F-11D3-BF4B-00C04F79EFBC}") = "Application.AgregationTests", "Tests\Core\Aggregation.BoundedTests\Application.AgregationTests.csproj", "{72FA453A-01CE-F11D-67EB-CD49AC2A53BF}"
EndProject
Project("{FAE04EC0-301F-11D3-BF4B-00C04F79EFBC}") = "IndTrace.Intelligence", "Code\Presentation\IndTrace.Intelligence\IndTrace.Intelligence.csproj", "{AB56F232-7489-C143-CD2A-32201D73B6C1}"
EndProject
Project("{2150E333-8FDC-42A3-9474-1A3956D46DE8}") = "Integration", "Integration", "{02EA681E-C7D8-13C7-8484-4AC65E1B71E8}"
EndProject
Project("{2150E333-8FDC-42A3-9474-1A3956D46DE8}") = "Generators", "Generators", "{7B00D2F4-E46B-4BCF-9E41-4C9DE1337B17}"
EndProject
Project("{FAE04EC0-301F-11D3-BF4B-00C04F79EFBC}") = "IndTrace.Generators", "Code\Generators\IndTrace.Generators\IndTrace.Generators.csproj", "{42F89687-B30C-4687-06F1-409A7E0747A5}"
EndProject
Project("{FAE04EC0-301F-11D3-BF4B-00C04F79EFBC}") = "IndTrace.Identity", "Code\Infrastructure\IndTrace.Identity\IndTrace.Identity.csproj", "{446D69E6-0A59-01E0-B8AB-D8714F1119F1}"
EndProject
Project("{FAE04EC0-301F-11D3-BF4B-00C04F79EFBC}") = "IndTrace.FilesTools", "Code\Infrastructure\IndTrace.FilesTools\IndTrace.FilesTools.csproj", "{E109C63C-037D-D359-4160-7FC2DD83C914}"
EndProject
Project("{FAE04EC0-301F-11D3-BF4B-00C04F79EFBC}") = "IndTrace.TestData", "Tests\Core\IndTrace.TestData\IndTrace.TestData.csproj", "{ECE82461-2125-0885-FE92-BB716F7C64FE}"
EndProject
Project("{2150E333-8FDC-42A3-9474-1A3956D46DE8}") = "Build", "Build", "{455BFAAC-ED00-4A93-991A-779698C52D3E}"
EndProject
Project("{FAE04EC0-301F-11D3-BF4B-00C04F79EFBC}") = "build", "Build\build.csproj", "{7DF908B3-503D-51C2-3675-626DC2895B77}"
EndProject
Project("{FAE04EC0-301F-11D3-BF4B-00C04F79EFBC}") = "IndTrace.HubConnection", "Code\Infrastructure\IndTrace.HubConnection\IndTrace.HubConnection.csproj", "{3A4AC9FB-7062-133D-5F88-5137ACBD7395}"
EndProject
Project("{2150E333-8FDC-42A3-9474-1A3956D46DE8}") = "Code", "Code", "{314C6247-30EA-3492-19B6-DF847E3B326F}"
EndProject
Project("{2150E333-8FDC-42A3-9474-1A3956D46DE8}") = "Infrastructure", "Infrastructure", "{8124BAEE-69F1-62E2-A570-F759B4FF24A5}"
EndProject
Project("{FAE04EC0-301F-11D3-BF4B-00C04F79EFBC}") = "HubConnection.IntegrationTests", "Tests\Integration\HubConnection.IntegrationTests\HubConnection.IntegrationTests.csproj", "{0615A104-BD93-42DB-B19E-76EC4A588F77}"
EndProject
Project("{2150E333-8FDC-42A3-9474-1A3956D46DE8}") = "Core", "Core", "{558CD4D8-860E-517D-8F47-56112FF6CD9F}"
EndProject
Project("{2150E333-8FDC-42A3-9474-1A3956D46DE8}") = "Domain", "Domain", "{C773F660-B911-B026-7EE4-E53330D27EE4}"
EndProject
Project("{2150E333-8FDC-42A3-9474-1A3956D46DE8}") = "Application", "Application", "{E1F9D0FE-DFDE-08B5-5991-34C2D7863178}"
EndProject
Project("{2150E333-8FDC-42A3-9474-1A3956D46DE8}") = "IndTrace.Hub", "IndTrace.Hub", "{8BE78415-A1F3-8315-3481-DE27B8A86694}"
EndProject
Project("{FAE04EC0-301F-11D3-BF4B-00C04F79EFBC}") = "Agregation.Dependices", "Tests\Core\Agregation.Dependices\Agregation.Dependices\Agregation.Dependices.csproj", "{5363A013-9355-4B7F-B418-95BAF7E46F62}"
EndProject
Project("{2150E333-8FDC-42A3-9474-1A3956D46DE8}") = "Architecture", "Architecture", "{049A5223-C5DC-4466-BEB9-2F5056C2730F}"
	ProjectSection(SolutionItems) = preProject
		<!-- DV2001 dependency validation removed - Manual DI audit performed instead of VS Layer Diagrams -->
		<!-- Architecture\IndTraceArchitecture.layerdiagram = Architecture\IndTraceArchitecture.layerdiagram -->
	EndProjectSection
EndProject
Global
	GlobalSection(SolutionConfigurationPlatforms) = preSolution
		Debug|Any CPU = Debug|Any CPU
		Debug|arm64 = Debug|arm64
		Debug|x64 = Debug|x64
		Debug|x86 = Debug|x86
		Release|Any CPU = Release|Any CPU
		Release|arm64 = Release|arm64
		Release|x64 = Release|x64
		Release|x86 = Release|x86
	EndGlobalSection
	GlobalSection(ProjectConfigurationPlatforms) = postSolution
		{0A18018C-95CA-43CB-BFBF-5DB086E93009}.Debug|Any CPU.ActiveCfg = Debug|Any CPU
		{0A18018C-95CA-43CB-BFBF-5DB086E93009}.Debug|Any CPU.Build.0 = Debug|Any CPU
		{0A18018C-95CA-43CB-BFBF-5DB086E93009}.Debug|arm64.ActiveCfg = Debug|Any CPU
		{0A18018C-95CA-43CB-BFBF-5DB086E93009}.Debug|arm64.Build.0 = Debug|Any CPU
		{0A18018C-95CA-43CB-BFBF-5DB086E93009}.Debug|x64.ActiveCfg = Debug|Any CPU
		{0A18018C-95CA-43CB-BFBF-5DB086E93009}.Debug|x64.Build.0 = Debug|Any CPU
		{0A18018C-95CA-43CB-BFBF-5DB086E93009}.Debug|x86.ActiveCfg = Debug|Any CPU
		{0A18018C-95CA-43CB-BFBF-5DB086E93009}.Debug|x86.Build.0 = Debug|Any CPU
		{0A18018C-95CA-43CB-BFBF-5DB086E93009}.Release|Any CPU.ActiveCfg = Release|Any CPU
		{0A18018C-95CA-43CB-BFBF-5DB086E93009}.Release|Any CPU.Build.0 = Release|Any CPU
		{0A18018C-95CA-43CB-BFBF-5DB086E93009}.Release|arm64.ActiveCfg = Release|Any CPU
		{0A18018C-95CA-43CB-BFBF-5DB086E93009}.Release|arm64.Build.0 = Release|Any CPU
		{0A18018C-95CA-43CB-BFBF-5DB086E93009}.Release|x64.ActiveCfg = Release|Any CPU
		{0A18018C-95CA-43CB-BFBF-5DB086E93009}.Release|x64.Build.0 = Release|Any CPU
		{0A18018C-95CA-43CB-BFBF-5DB086E93009}.Release|x86.ActiveCfg = Release|Any CPU
		{0A18018C-95CA-43CB-BFBF-5DB086E93009}.Release|x86.Build.0 = Release|Any CPU
		{5FB1A4D7-D13E-47C3-9152-3890B8CA9C37}.Debug|Any CPU.ActiveCfg = Debug|Any CPU
		{5FB1A4D7-D13E-47C3-9152-3890B8CA9C37}.Debug|Any CPU.Build.0 = Debug|Any CPU
		{5FB1A4D7-D13E-47C3-9152-3890B8CA9C37}.Debug|arm64.ActiveCfg = Debug|Any CPU
		{5FB1A4D7-D13E-47C3-9152-3890B8CA9C37}.Debug|arm64.Build.0 = Debug|Any CPU
		{5FB1A4D7-D13E-47C3-9152-3890B8CA9C37}.Debug|x64.ActiveCfg = Debug|Any CPU
		{5FB1A4D7-D13E-47C3-9152-3890B8CA9C37}.Debug|x64.Build.0 = Debug|Any CPU
		{5FB1A4D7-D13E-47C3-9152-3890B8CA9C37}.Debug|x86.ActiveCfg = Debug|Any CPU
		{5FB1A4D7-D13E-47C3-9152-3890B8CA9C37}.Debug|x86.Build.0 = Debug|Any CPU
		{5FB1A4D7-D13E-47C3-9152-3890B8CA9C37}.Release|Any CPU.ActiveCfg = Release|Any CPU
		{5FB1A4D7-D13E-47C3-9152-3890B8CA9C37}.Release|Any CPU.Build.0 = Release|Any CPU
		{5FB1A4D7-D13E-47C3-9152-3890B8CA9C37}.Release|arm64.ActiveCfg = Release|Any CPU
		{5FB1A4D7-D13E-47C3-9152-3890B8CA9C37}.Release|arm64.Build.0 = Release|Any CPU
		{5FB1A4D7-D13E-47C3-9152-3890B8CA9C37}.Release|x64.ActiveCfg = Release|Any CPU
		{5FB1A4D7-D13E-47C3-9152-3890B8CA9C37}.Release|x64.Build.0 = Release|Any CPU
		{5FB1A4D7-D13E-47C3-9152-3890B8CA9C37}.Release|x86.ActiveCfg = Release|Any CPU
		{5FB1A4D7-D13E-47C3-9152-3890B8CA9C37}.Release|x86.Build.0 = Release|Any CPU
		{EA28BE30-46FC-4717-9673-CC192CE8C24D}.Debug|Any CPU.ActiveCfg = Debug|Any CPU
		{EA28BE30-46FC-4717-9673-CC192CE8C24D}.Debug|Any CPU.Build.0 = Debug|Any CPU
		{EA28BE30-46FC-4717-9673-CC192CE8C24D}.Debug|arm64.ActiveCfg = Debug|Any CPU
		{EA28BE30-46FC-4717-9673-CC192CE8C24D}.Debug|arm64.Build.0 = Debug|Any CPU
		{EA28BE30-46FC-4717-9673-CC192CE8C24D}.Debug|x64.ActiveCfg = Debug|Any CPU
		{EA28BE30-46FC-4717-9673-CC192CE8C24D}.Debug|x64.Build.0 = Debug|Any CPU
		{EA28BE30-46FC-4717-9673-CC192CE8C24D}.Debug|x86.ActiveCfg = Debug|Any CPU
		{EA28BE30-46FC-4717-9673-CC192CE8C24D}.Debug|x86.Build.0 = Debug|Any CPU
		{EA28BE30-46FC-4717-9673-CC192CE8C24D}.Release|Any CPU.ActiveCfg = Release|Any CPU
		{EA28BE30-46FC-4717-9673-CC192CE8C24D}.Release|Any CPU.Build.0 = Release|Any CPU
		{EA28BE30-46FC-4717-9673-CC192CE8C24D}.Release|arm64.ActiveCfg = Release|Any CPU
		{EA28BE30-46FC-4717-9673-CC192CE8C24D}.Release|arm64.Build.0 = Release|Any CPU
		{EA28BE30-46FC-4717-9673-CC192CE8C24D}.Release|x64.ActiveCfg = Release|Any CPU
		{EA28BE30-46FC-4717-9673-CC192CE8C24D}.Release|x64.Build.0 = Release|Any CPU
		{EA28BE30-46FC-4717-9673-CC192CE8C24D}.Release|x86.ActiveCfg = Release|Any CPU
		{EA28BE30-46FC-4717-9673-CC192CE8C24D}.Release|x86.Build.0 = Release|Any CPU
		{51739EEB-43EA-4621-A306-C99BE1A7361B}.Debug|Any CPU.ActiveCfg = Debug|Any CPU
		{51739EEB-43EA-4621-A306-C99BE1A7361B}.Debug|Any CPU.Build.0 = Debug|Any CPU
		{51739EEB-43EA-4621-A306-C99BE1A7361B}.Debug|arm64.ActiveCfg = Debug|Any CPU
		{51739EEB-43EA-4621-A306-C99BE1A7361B}.Debug|arm64.Build.0 = Debug|Any CPU
		{51739EEB-43EA-4621-A306-C99BE1A7361B}.Debug|x64.ActiveCfg = Debug|Any CPU
		{51739EEB-43EA-4621-A306-C99BE1A7361B}.Debug|x64.Build.0 = Debug|Any CPU
		{51739EEB-43EA-4621-A306-C99BE1A7361B}.Debug|x86.ActiveCfg = Debug|Any CPU
		{51739EEB-43EA-4621-A306-C99BE1A7361B}.Debug|x86.Build.0 = Debug|Any CPU
		{51739EEB-43EA-4621-A306-C99BE1A7361B}.Release|Any CPU.ActiveCfg = Release|Any CPU
		{51739EEB-43EA-4621-A306-C99BE1A7361B}.Release|Any CPU.Build.0 = Release|Any CPU
		{51739EEB-43EA-4621-A306-C99BE1A7361B}.Release|arm64.ActiveCfg = Release|Any CPU
		{51739EEB-43EA-4621-A306-C99BE1A7361B}.Release|arm64.Build.0 = Release|Any CPU
		{51739EEB-43EA-4621-A306-C99BE1A7361B}.Release|x64.ActiveCfg = Release|Any CPU
		{51739EEB-43EA-4621-A306-C99BE1A7361B}.Release|x64.Build.0 = Release|Any CPU
		{51739EEB-43EA-4621-A306-C99BE1A7361B}.Release|x86.ActiveCfg = Release|Any CPU
		{51739EEB-43EA-4621-A306-C99BE1A7361B}.Release|x86.Build.0 = Release|Any CPU
		{FCDBFBC0-DD30-4E11-A925-750F62809958}.Debug|Any CPU.ActiveCfg = Debug|Any CPU
		{FCDBFBC0-DD30-4E11-A925-750F62809958}.Debug|Any CPU.Build.0 = Debug|Any CPU
		{FCDBFBC0-DD30-4E11-A925-750F62809958}.Debug|arm64.ActiveCfg = Debug|Any CPU
		{FCDBFBC0-DD30-4E11-A925-750F62809958}.Debug|arm64.Build.0 = Debug|Any CPU
		{FCDBFBC0-DD30-4E11-A925-750F62809958}.Debug|x64.ActiveCfg = Debug|Any CPU
		{FCDBFBC0-DD30-4E11-A925-750F62809958}.Debug|x64.Build.0 = Debug|Any CPU
		{FCDBFBC0-DD30-4E11-A925-750F62809958}.Debug|x86.ActiveCfg = Debug|Any CPU
		{FCDBFBC0-DD30-4E11-A925-750F62809958}.Debug|x86.Build.0 = Debug|Any CPU
		{FCDBFBC0-DD30-4E11-A925-750F62809958}.Release|Any CPU.ActiveCfg = Release|Any CPU
		{FCDBFBC0-DD30-4E11-A925-750F62809958}.Release|Any CPU.Build.0 = Release|Any CPU
		{FCDBFBC0-DD30-4E11-A925-750F62809958}.Release|arm64.ActiveCfg = Release|Any CPU
		{FCDBFBC0-DD30-4E11-A925-750F62809958}.Release|arm64.Build.0 = Release|Any CPU
		{FCDBFBC0-DD30-4E11-A925-750F62809958}.Release|x64.ActiveCfg = Release|Any CPU
		{FCDBFBC0-DD30-4E11-A925-750F62809958}.Release|x64.Build.0 = Release|Any CPU
		{FCDBFBC0-DD30-4E11-A925-750F62809958}.Release|x86.ActiveCfg = Release|Any CPU
		{FCDBFBC0-DD30-4E11-A925-750F62809958}.Release|x86.Build.0 = Release|Any CPU
		{DD5C8345-6785-48E6-9A98-074012A02628}.Debug|Any CPU.ActiveCfg = Debug|Any CPU
		{DD5C8345-6785-48E6-9A98-074012A02628}.Debug|Any CPU.Build.0 = Debug|Any CPU
		{DD5C8345-6785-48E6-9A98-074012A02628}.Debug|arm64.ActiveCfg = Debug|Any CPU
		{DD5C8345-6785-48E6-9A98-074012A02628}.Debug|arm64.Build.0 = Debug|Any CPU
		{DD5C8345-6785-48E6-9A98-074012A02628}.Debug|x64.ActiveCfg = Debug|Any CPU
		{DD5C8345-6785-48E6-9A98-074012A02628}.Debug|x64.Build.0 = Debug|Any CPU
		{DD5C8345-6785-48E6-9A98-074012A02628}.Debug|x86.ActiveCfg = Debug|Any CPU
		{DD5C8345-6785-48E6-9A98-074012A02628}.Debug|x86.Build.0 = Debug|Any CPU
		{DD5C8345-6785-48E6-9A98-074012A02628}.Release|Any CPU.ActiveCfg = Release|Any CPU
		{DD5C8345-6785-48E6-9A98-074012A02628}.Release|Any CPU.Build.0 = Release|Any CPU
		{DD5C8345-6785-48E6-9A98-074012A02628}.Release|arm64.ActiveCfg = Release|Any CPU
		{DD5C8345-6785-48E6-9A98-074012A02628}.Release|arm64.Build.0 = Release|Any CPU
		{DD5C8345-6785-48E6-9A98-074012A02628}.Release|x64.ActiveCfg = Release|Any CPU
		{DD5C8345-6785-48E6-9A98-074012A02628}.Release|x64.Build.0 = Release|Any CPU
		{DD5C8345-6785-48E6-9A98-074012A02628}.Release|x86.ActiveCfg = Release|Any CPU
		{DD5C8345-6785-48E6-9A98-074012A02628}.Release|x86.Build.0 = Release|Any CPU
		{D8D7607A-8283-4776-94AB-5614038E58E2}.Debug|Any CPU.ActiveCfg = Debug|Any CPU
		{D8D7607A-8283-4776-94AB-5614038E58E2}.Debug|Any CPU.Build.0 = Debug|Any CPU
		{D8D7607A-8283-4776-94AB-5614038E58E2}.Debug|arm64.ActiveCfg = Debug|Any CPU
		{D8D7607A-8283-4776-94AB-5614038E58E2}.Debug|arm64.Build.0 = Debug|Any CPU
		{D8D7607A-8283-4776-94AB-5614038E58E2}.Debug|x64.ActiveCfg = Debug|Any CPU
		{D8D7607A-8283-4776-94AB-5614038E58E2}.Debug|x64.Build.0 = Debug|Any CPU
		{D8D7607A-8283-4776-94AB-5614038E58E2}.Debug|x86.ActiveCfg = Debug|Any CPU
		{D8D7607A-8283-4776-94AB-5614038E58E2}.Debug|x86.Build.0 = Debug|Any CPU
		{D8D7607A-8283-4776-94AB-5614038E58E2}.Release|Any CPU.ActiveCfg = Release|Any CPU
		{D8D7607A-8283-4776-94AB-5614038E58E2}.Release|Any CPU.Build.0 = Release|Any CPU
		{D8D7607A-8283-4776-94AB-5614038E58E2}.Release|arm64.ActiveCfg = Release|Any CPU
		{D8D7607A-8283-4776-94AB-5614038E58E2}.Release|arm64.Build.0 = Release|Any CPU
		{D8D7607A-8283-4776-94AB-5614038E58E2}.Release|x64.ActiveCfg = Release|Any CPU
		{D8D7607A-8283-4776-94AB-5614038E58E2}.Release|x64.Build.0 = Release|Any CPU
		{D8D7607A-8283-4776-94AB-5614038E58E2}.Release|x86.ActiveCfg = Release|Any CPU
		{D8D7607A-8283-4776-94AB-5614038E58E2}.Release|x86.Build.0 = Release|Any CPU
		{397528BB-8E1A-4715-B364-AB398761A8FD}.Debug|Any CPU.ActiveCfg = Debug|Any CPU
		{397528BB-8E1A-4715-B364-AB398761A8FD}.Debug|Any CPU.Build.0 = Debug|Any CPU
		{397528BB-8E1A-4715-B364-AB398761A8FD}.Debug|arm64.ActiveCfg = Debug|Any CPU
		{397528BB-8E1A-4715-B364-AB398761A8FD}.Debug|arm64.Build.0 = Debug|Any CPU
		{397528BB-8E1A-4715-B364-AB398761A8FD}.Debug|x64.ActiveCfg = Debug|Any CPU
		{397528BB-8E1A-4715-B364-AB398761A8FD}.Debug|x64.Build.0 = Debug|Any CPU
		{397528BB-8E1A-4715-B364-AB398761A8FD}.Debug|x86.ActiveCfg = Debug|Any CPU
		{397528BB-8E1A-4715-B364-AB398761A8FD}.Debug|x86.Build.0 = Debug|Any CPU
		{397528BB-8E1A-4715-B364-AB398761A8FD}.Release|Any CPU.ActiveCfg = Release|Any CPU
		{397528BB-8E1A-4715-B364-AB398761A8FD}.Release|Any CPU.Build.0 = Release|Any CPU
		{397528BB-8E1A-4715-B364-AB398761A8FD}.Release|arm64.ActiveCfg = Release|Any CPU
		{397528BB-8E1A-4715-B364-AB398761A8FD}.Release|arm64.Build.0 = Release|Any CPU
		{397528BB-8E1A-4715-B364-AB398761A8FD}.Release|x64.ActiveCfg = Release|Any CPU
		{397528BB-8E1A-4715-B364-AB398761A8FD}.Release|x64.Build.0 = Release|Any CPU
		{397528BB-8E1A-4715-B364-AB398761A8FD}.Release|x86.ActiveCfg = Release|Any CPU
		{397528BB-8E1A-4715-B364-AB398761A8FD}.Release|x86.Build.0 = Release|Any CPU
		{D97F5F12-7552-4B22-B6AD-FC373229B64E}.Debug|Any CPU.ActiveCfg = Debug|Any CPU
		{D97F5F12-7552-4B22-B6AD-FC373229B64E}.Debug|Any CPU.Build.0 = Debug|Any CPU
		{D97F5F12-7552-4B22-B6AD-FC373229B64E}.Debug|arm64.ActiveCfg = Debug|Any CPU
		{D97F5F12-7552-4B22-B6AD-FC373229B64E}.Debug|arm64.Build.0 = Debug|Any CPU
		{D97F5F12-7552-4B22-B6AD-FC373229B64E}.Debug|x64.ActiveCfg = Debug|Any CPU
		{D97F5F12-7552-4B22-B6AD-FC373229B64E}.Debug|x64.Build.0 = Debug|Any CPU
		{D97F5F12-7552-4B22-B6AD-FC373229B64E}.Debug|x86.ActiveCfg = Debug|Any CPU
		{D97F5F12-7552-4B22-B6AD-FC373229B64E}.Debug|x86.Build.0 = Debug|Any CPU
		{D97F5F12-7552-4B22-B6AD-FC373229B64E}.Release|Any CPU.ActiveCfg = Release|Any CPU
		{D97F5F12-7552-4B22-B6AD-FC373229B64E}.Release|Any CPU.Build.0 = Release|Any CPU
		{D97F5F12-7552-4B22-B6AD-FC373229B64E}.Release|arm64.ActiveCfg = Release|Any CPU
		{D97F5F12-7552-4B22-B6AD-FC373229B64E}.Release|arm64.Build.0 = Release|Any CPU
		{D97F5F12-7552-4B22-B6AD-FC373229B64E}.Release|x64.ActiveCfg = Release|Any CPU
		{D97F5F12-7552-4B22-B6AD-FC373229B64E}.Release|x64.Build.0 = Release|Any CPU
		{D97F5F12-7552-4B22-B6AD-FC373229B64E}.Release|x86.ActiveCfg = Release|Any CPU
		{D97F5F12-7552-4B22-B6AD-FC373229B64E}.Release|x86.Build.0 = Release|Any CPU
		{BA603EB3-D4FF-4002-B122-7165BD90B501}.Debug|Any CPU.ActiveCfg = Debug|Any CPU
		{BA603EB3-D4FF-4002-B122-7165BD90B501}.Debug|Any CPU.Build.0 = Debug|Any CPU
		{BA603EB3-D4FF-4002-B122-7165BD90B501}.Debug|arm64.ActiveCfg = Debug|Any CPU
		{BA603EB3-D4FF-4002-B122-7165BD90B501}.Debug|arm64.Build.0 = Debug|Any CPU
		{BA603EB3-D4FF-4002-B122-7165BD90B501}.Debug|x64.ActiveCfg = Debug|Any CPU
		{BA603EB3-D4FF-4002-B122-7165BD90B501}.Debug|x64.Build.0 = Debug|Any CPU
		{BA603EB3-D4FF-4002-B122-7165BD90B501}.Debug|x86.ActiveCfg = Debug|Any CPU
		{BA603EB3-D4FF-4002-B122-7165BD90B501}.Debug|x86.Build.0 = Debug|Any CPU
		{BA603EB3-D4FF-4002-B122-7165BD90B501}.Release|Any CPU.ActiveCfg = Release|Any CPU
		{BA603EB3-D4FF-4002-B122-7165BD90B501}.Release|Any CPU.Build.0 = Release|Any CPU
		{BA603EB3-D4FF-4002-B122-7165BD90B501}.Release|arm64.ActiveCfg = Release|Any CPU
		{BA603EB3-D4FF-4002-B122-7165BD90B501}.Release|arm64.Build.0 = Release|Any CPU
		{BA603EB3-D4FF-4002-B122-7165BD90B501}.Release|x64.ActiveCfg = Release|Any CPU
		{BA603EB3-D4FF-4002-B122-7165BD90B501}.Release|x64.Build.0 = Release|Any CPU
		{BA603EB3-D4FF-4002-B122-7165BD90B501}.Release|x86.ActiveCfg = Release|Any CPU
		{BA603EB3-D4FF-4002-B122-7165BD90B501}.Release|x86.Build.0 = Release|Any CPU
		{A70170E9-C423-4942-951A-32FE855319B8}.Debug|Any CPU.ActiveCfg = Debug|Any CPU
		{A70170E9-C423-4942-951A-32FE855319B8}.Debug|Any CPU.Build.0 = Debug|Any CPU
		{A70170E9-C423-4942-951A-32FE855319B8}.Debug|arm64.ActiveCfg = Debug|Any CPU
		{A70170E9-C423-4942-951A-32FE855319B8}.Debug|arm64.Build.0 = Debug|Any CPU
		{A70170E9-C423-4942-951A-32FE855319B8}.Debug|x64.ActiveCfg = Debug|Any CPU
		{A70170E9-C423-4942-951A-32FE855319B8}.Debug|x64.Build.0 = Debug|Any CPU
		{A70170E9-C423-4942-951A-32FE855319B8}.Debug|x86.ActiveCfg = Debug|Any CPU
		{A70170E9-C423-4942-951A-32FE855319B8}.Debug|x86.Build.0 = Debug|Any CPU
		{A70170E9-C423-4942-951A-32FE855319B8}.Release|Any CPU.ActiveCfg = Release|Any CPU
		{A70170E9-C423-4942-951A-32FE855319B8}.Release|Any CPU.Build.0 = Release|Any CPU
		{A70170E9-C423-4942-951A-32FE855319B8}.Release|arm64.ActiveCfg = Release|Any CPU
		{A70170E9-C423-4942-951A-32FE855319B8}.Release|arm64.Build.0 = Release|Any CPU
		{A70170E9-C423-4942-951A-32FE855319B8}.Release|x64.ActiveCfg = Release|Any CPU
		{A70170E9-C423-4942-951A-32FE855319B8}.Release|x64.Build.0 = Release|Any CPU
		{A70170E9-C423-4942-951A-32FE855319B8}.Release|x86.ActiveCfg = Release|Any CPU
		{A70170E9-C423-4942-951A-32FE855319B8}.Release|x86.Build.0 = Release|Any CPU
		{93366A8D-A1BE-4D56-8F26-E34ECCC2054F}.Debug|Any CPU.ActiveCfg = Debug|Any CPU
		{93366A8D-A1BE-4D56-8F26-E34ECCC2054F}.Debug|Any CPU.Build.0 = Debug|Any CPU
		{93366A8D-A1BE-4D56-8F26-E34ECCC2054F}.Debug|arm64.ActiveCfg = Debug|Any CPU
		{93366A8D-A1BE-4D56-8F26-E34ECCC2054F}.Debug|arm64.Build.0 = Debug|Any CPU
		{93366A8D-A1BE-4D56-8F26-E34ECCC2054F}.Debug|x64.ActiveCfg = Debug|Any CPU
		{93366A8D-A1BE-4D56-8F26-E34ECCC2054F}.Debug|x64.Build.0 = Debug|Any CPU
		{93366A8D-A1BE-4D56-8F26-E34ECCC2054F}.Debug|x86.ActiveCfg = Debug|Any CPU
		{93366A8D-A1BE-4D56-8F26-E34ECCC2054F}.Debug|x86.Build.0 = Debug|Any CPU
		{93366A8D-A1BE-4D56-8F26-E34ECCC2054F}.Release|Any CPU.ActiveCfg = Release|Any CPU
		{93366A8D-A1BE-4D56-8F26-E34ECCC2054F}.Release|Any CPU.Build.0 = Release|Any CPU
		{93366A8D-A1BE-4D56-8F26-E34ECCC2054F}.Release|arm64.ActiveCfg = Release|Any CPU
		{93366A8D-A1BE-4D56-8F26-E34ECCC2054F}.Release|arm64.Build.0 = Release|Any CPU
		{93366A8D-A1BE-4D56-8F26-E34ECCC2054F}.Release|x64.ActiveCfg = Release|Any CPU
		{93366A8D-A1BE-4D56-8F26-E34ECCC2054F}.Release|x64.Build.0 = Release|Any CPU
		{93366A8D-A1BE-4D56-8F26-E34ECCC2054F}.Release|x86.ActiveCfg = Release|Any CPU
		{93366A8D-A1BE-4D56-8F26-E34ECCC2054F}.Release|x86.Build.0 = Release|Any CPU
		{C875072F-03CA-4EC5-B29B-077BA82B8B7C}.Debug|Any CPU.ActiveCfg = Debug|Any CPU
		{C875072F-03CA-4EC5-B29B-077BA82B8B7C}.Debug|Any CPU.Build.0 = Debug|Any CPU
		{C875072F-03CA-4EC5-B29B-077BA82B8B7C}.Debug|arm64.ActiveCfg = Debug|Any CPU
		{C875072F-03CA-4EC5-B29B-077BA82B8B7C}.Debug|arm64.Build.0 = Debug|Any CPU
		{C875072F-03CA-4EC5-B29B-077BA82B8B7C}.Debug|x64.ActiveCfg = Debug|Any CPU
		{C875072F-03CA-4EC5-B29B-077BA82B8B7C}.Debug|x64.Build.0 = Debug|Any CPU
		{C875072F-03CA-4EC5-B29B-077BA82B8B7C}.Debug|x86.ActiveCfg = Debug|Any CPU
		{C875072F-03CA-4EC5-B29B-077BA82B8B7C}.Debug|x86.Build.0 = Debug|Any CPU
		{C875072F-03CA-4EC5-B29B-077BA82B8B7C}.Release|Any CPU.ActiveCfg = Release|Any CPU
		{C875072F-03CA-4EC5-B29B-077BA82B8B7C}.Release|Any CPU.Build.0 = Release|Any CPU
		{C875072F-03CA-4EC5-B29B-077BA82B8B7C}.Release|arm64.ActiveCfg = Release|Any CPU
		{C875072F-03CA-4EC5-B29B-077BA82B8B7C}.Release|arm64.Build.0 = Release|Any CPU
		{C875072F-03CA-4EC5-B29B-077BA82B8B7C}.Release|x64.ActiveCfg = Release|Any CPU
		{C875072F-03CA-4EC5-B29B-077BA82B8B7C}.Release|x64.Build.0 = Release|Any CPU
		{C875072F-03CA-4EC5-B29B-077BA82B8B7C}.Release|x86.ActiveCfg = Release|Any CPU
		{C875072F-03CA-4EC5-B29B-077BA82B8B7C}.Release|x86.Build.0 = Release|Any CPU
		{73908928-A1CB-4BD1-A685-B776AB9C40A8}.Debug|Any CPU.ActiveCfg = Debug|Any CPU
		{73908928-A1CB-4BD1-A685-B776AB9C40A8}.Debug|Any CPU.Build.0 = Debug|Any CPU
		{73908928-A1CB-4BD1-A685-B776AB9C40A8}.Debug|arm64.ActiveCfg = Debug|Any CPU
		{73908928-A1CB-4BD1-A685-B776AB9C40A8}.Debug|arm64.Build.0 = Debug|Any CPU
		{73908928-A1CB-4BD1-A685-B776AB9C40A8}.Debug|x64.ActiveCfg = Debug|Any CPU
		{73908928-A1CB-4BD1-A685-B776AB9C40A8}.Debug|x64.Build.0 = Debug|Any CPU
		{73908928-A1CB-4BD1-A685-B776AB9C40A8}.Debug|x86.ActiveCfg = Debug|Any CPU
		{73908928-A1CB-4BD1-A685-B776AB9C40A8}.Debug|x86.Build.0 = Debug|Any CPU
		{73908928-A1CB-4BD1-A685-B776AB9C40A8}.Release|Any CPU.ActiveCfg = Release|Any CPU
		{73908928-A1CB-4BD1-A685-B776AB9C40A8}.Release|Any CPU.Build.0 = Release|Any CPU
		{73908928-A1CB-4BD1-A685-B776AB9C40A8}.Release|arm64.ActiveCfg = Release|Any CPU
		{73908928-A1CB-4BD1-A685-B776AB9C40A8}.Release|arm64.Build.0 = Release|Any CPU
		{73908928-A1CB-4BD1-A685-B776AB9C40A8}.Release|x64.ActiveCfg = Release|Any CPU
		{73908928-A1CB-4BD1-A685-B776AB9C40A8}.Release|x64.Build.0 = Release|Any CPU
		{73908928-A1CB-4BD1-A685-B776AB9C40A8}.Release|x86.ActiveCfg = Release|Any CPU
		{73908928-A1CB-4BD1-A685-B776AB9C40A8}.Release|x86.Build.0 = Release|Any CPU
		{5957A7C4-EE37-4A3D-8DA2-0D49ECD50F48}.Debug|Any CPU.ActiveCfg = Debug|Any CPU
		{5957A7C4-EE37-4A3D-8DA2-0D49ECD50F48}.Debug|Any CPU.Build.0 = Debug|Any CPU
		{5957A7C4-EE37-4A3D-8DA2-0D49ECD50F48}.Debug|arm64.ActiveCfg = Debug|Any CPU
		{5957A7C4-EE37-4A3D-8DA2-0D49ECD50F48}.Debug|arm64.Build.0 = Debug|Any CPU
		{5957A7C4-EE37-4A3D-8DA2-0D49ECD50F48}.Debug|x64.ActiveCfg = Debug|Any CPU
		{5957A7C4-EE37-4A3D-8DA2-0D49ECD50F48}.Debug|x64.Build.0 = Debug|Any CPU
		{5957A7C4-EE37-4A3D-8DA2-0D49ECD50F48}.Debug|x86.ActiveCfg = Debug|Any CPU
		{5957A7C4-EE37-4A3D-8DA2-0D49ECD50F48}.Debug|x86.Build.0 = Debug|Any CPU
		{5957A7C4-EE37-4A3D-8DA2-0D49ECD50F48}.Release|Any CPU.ActiveCfg = Release|Any CPU
		{5957A7C4-EE37-4A3D-8DA2-0D49ECD50F48}.Release|Any CPU.Build.0 = Release|Any CPU
		{5957A7C4-EE37-4A3D-8DA2-0D49ECD50F48}.Release|arm64.ActiveCfg = Release|Any CPU
		{5957A7C4-EE37-4A3D-8DA2-0D49ECD50F48}.Release|arm64.Build.0 = Release|Any CPU
		{5957A7C4-EE37-4A3D-8DA2-0D49ECD50F48}.Release|x64.ActiveCfg = Release|Any CPU
		{5957A7C4-EE37-4A3D-8DA2-0D49ECD50F48}.Release|x64.Build.0 = Release|Any CPU
		{5957A7C4-EE37-4A3D-8DA2-0D49ECD50F48}.Release|x86.ActiveCfg = Release|Any CPU
		{5957A7C4-EE37-4A3D-8DA2-0D49ECD50F48}.Release|x86.Build.0 = Release|Any CPU
		{8DBB7C7B-5113-41CB-8431-21DE187008EA}.Debug|Any CPU.ActiveCfg = Debug|Any CPU
		{8DBB7C7B-5113-41CB-8431-21DE187008EA}.Debug|Any CPU.Build.0 = Debug|Any CPU
		{8DBB7C7B-5113-41CB-8431-21DE187008EA}.Debug|arm64.ActiveCfg = Debug|Any CPU
		{8DBB7C7B-5113-41CB-8431-21DE187008EA}.Debug|arm64.Build.0 = Debug|Any CPU
		{8DBB7C7B-5113-41CB-8431-21DE187008EA}.Debug|x64.ActiveCfg = Debug|Any CPU
		{8DBB7C7B-5113-41CB-8431-21DE187008EA}.Debug|x64.Build.0 = Debug|Any CPU
		{8DBB7C7B-5113-41CB-8431-21DE187008EA}.Debug|x86.ActiveCfg = Debug|Any CPU
		{8DBB7C7B-5113-41CB-8431-21DE187008EA}.Debug|x86.Build.0 = Debug|Any CPU
		{8DBB7C7B-5113-41CB-8431-21DE187008EA}.Release|Any CPU.ActiveCfg = Release|Any CPU
		{8DBB7C7B-5113-41CB-8431-21DE187008EA}.Release|Any CPU.Build.0 = Release|Any CPU
		{8DBB7C7B-5113-41CB-8431-21DE187008EA}.Release|arm64.ActiveCfg = Release|Any CPU
		{8DBB7C7B-5113-41CB-8431-21DE187008EA}.Release|arm64.Build.0 = Release|Any CPU
		{8DBB7C7B-5113-41CB-8431-21DE187008EA}.Release|x64.ActiveCfg = Release|Any CPU
		{8DBB7C7B-5113-41CB-8431-21DE187008EA}.Release|x64.Build.0 = Release|Any CPU
		{8DBB7C7B-5113-41CB-8431-21DE187008EA}.Release|x86.ActiveCfg = Release|Any CPU
		{8DBB7C7B-5113-41CB-8431-21DE187008EA}.Release|x86.Build.0 = Release|Any CPU
		{75AF6146-6E63-4041-9D91-59ABDA1C016D}.Debug|Any CPU.ActiveCfg = Debug|Any CPU
		{75AF6146-6E63-4041-9D91-59ABDA1C016D}.Debug|Any CPU.Build.0 = Debug|Any CPU
		{75AF6146-6E63-4041-9D91-59ABDA1C016D}.Debug|arm64.ActiveCfg = Debug|Any CPU
		{75AF6146-6E63-4041-9D91-59ABDA1C016D}.Debug|arm64.Build.0 = Debug|Any CPU
		{75AF6146-6E63-4041-9D91-59ABDA1C016D}.Debug|x64.ActiveCfg = Debug|Any CPU
		{75AF6146-6E63-4041-9D91-59ABDA1C016D}.Debug|x64.Build.0 = Debug|Any CPU
		{75AF6146-6E63-4041-9D91-59ABDA1C016D}.Debug|x86.ActiveCfg = Debug|Any CPU
		{75AF6146-6E63-4041-9D91-59ABDA1C016D}.Debug|x86.Build.0 = Debug|Any CPU
		{75AF6146-6E63-4041-9D91-59ABDA1C016D}.Release|Any CPU.ActiveCfg = Release|Any CPU
		{75AF6146-6E63-4041-9D91-59ABDA1C016D}.Release|Any CPU.Build.0 = Release|Any CPU
		{75AF6146-6E63-4041-9D91-59ABDA1C016D}.Release|arm64.ActiveCfg = Release|Any CPU
		{75AF6146-6E63-4041-9D91-59ABDA1C016D}.Release|arm64.Build.0 = Release|Any CPU
		{75AF6146-6E63-4041-9D91-59ABDA1C016D}.Release|x64.ActiveCfg = Release|Any CPU
		{75AF6146-6E63-4041-9D91-59ABDA1C016D}.Release|x64.Build.0 = Release|Any CPU
		{75AF6146-6E63-4041-9D91-59ABDA1C016D}.Release|x86.ActiveCfg = Release|Any CPU
		{75AF6146-6E63-4041-9D91-59ABDA1C016D}.Release|x86.Build.0 = Release|Any CPU
		{2E988094-CD23-4D1A-A713-2AE9D5B08560}.Debug|Any CPU.ActiveCfg = Debug|Any CPU
		{2E988094-CD23-4D1A-A713-2AE9D5B08560}.Debug|Any CPU.Build.0 = Debug|Any CPU
		{2E988094-CD23-4D1A-A713-2AE9D5B08560}.Debug|arm64.ActiveCfg = Debug|Any CPU
		{2E988094-CD23-4D1A-A713-2AE9D5B08560}.Debug|arm64.Build.0 = Debug|Any CPU
		{2E988094-CD23-4D1A-A713-2AE9D5B08560}.Debug|x64.ActiveCfg = Debug|Any CPU
		{2E988094-CD23-4D1A-A713-2AE9D5B08560}.Debug|x64.Build.0 = Debug|Any CPU
		{2E988094-CD23-4D1A-A713-2AE9D5B08560}.Debug|x86.ActiveCfg = Debug|Any CPU
		{2E988094-CD23-4D1A-A713-2AE9D5B08560}.Debug|x86.Build.0 = Debug|Any CPU
		{2E988094-CD23-4D1A-A713-2AE9D5B08560}.Release|Any CPU.ActiveCfg = Release|Any CPU
		{2E988094-CD23-4D1A-A713-2AE9D5B08560}.Release|Any CPU.Build.0 = Release|Any CPU
		{2E988094-CD23-4D1A-A713-2AE9D5B08560}.Release|arm64.ActiveCfg = Release|Any CPU
		{2E988094-CD23-4D1A-A713-2AE9D5B08560}.Release|arm64.Build.0 = Release|Any CPU
		{2E988094-CD23-4D1A-A713-2AE9D5B08560}.Release|x64.ActiveCfg = Release|Any CPU
		{2E988094-CD23-4D1A-A713-2AE9D5B08560}.Release|x64.Build.0 = Release|Any CPU
		{2E988094-CD23-4D1A-A713-2AE9D5B08560}.Release|x86.ActiveCfg = Release|Any CPU
		{2E988094-CD23-4D1A-A713-2AE9D5B08560}.Release|x86.Build.0 = Release|Any CPU
		{601D6398-91FB-4647-ADFE-5FEB06946591}.Debug|Any CPU.ActiveCfg = Debug|Any CPU
		{601D6398-91FB-4647-ADFE-5FEB06946591}.Debug|Any CPU.Build.0 = Debug|Any CPU
		{601D6398-91FB-4647-ADFE-5FEB06946591}.Debug|arm64.ActiveCfg = Debug|Any CPU
		{601D6398-91FB-4647-ADFE-5FEB06946591}.Debug|arm64.Build.0 = Debug|Any CPU
		{601D6398-91FB-4647-ADFE-5FEB06946591}.Debug|x64.ActiveCfg = Debug|Any CPU
		{601D6398-91FB-4647-ADFE-5FEB06946591}.Debug|x64.Build.0 = Debug|Any CPU
		{601D6398-91FB-4647-ADFE-5FEB06946591}.Debug|x86.ActiveCfg = Debug|Any CPU
		{601D6398-91FB-4647-ADFE-5FEB06946591}.Debug|x86.Build.0 = Debug|Any CPU
		{601D6398-91FB-4647-ADFE-5FEB06946591}.Release|Any CPU.ActiveCfg = Release|Any CPU
		{601D6398-91FB-4647-ADFE-5FEB06946591}.Release|Any CPU.Build.0 = Release|Any CPU
		{601D6398-91FB-4647-ADFE-5FEB06946591}.Release|arm64.ActiveCfg = Release|Any CPU
		{601D6398-91FB-4647-ADFE-5FEB06946591}.Release|arm64.Build.0 = Release|Any CPU
		{601D6398-91FB-4647-ADFE-5FEB06946591}.Release|x64.ActiveCfg = Release|Any CPU
		{601D6398-91FB-4647-ADFE-5FEB06946591}.Release|x64.Build.0 = Release|Any CPU
		{601D6398-91FB-4647-ADFE-5FEB06946591}.Release|x86.ActiveCfg = Release|Any CPU
		{601D6398-91FB-4647-ADFE-5FEB06946591}.Release|x86.Build.0 = Release|Any CPU
		{D4F39F36-1A74-4AD6-88E3-F669A922044D}.Debug|Any CPU.ActiveCfg = Debug|Any CPU
		{D4F39F36-1A74-4AD6-88E3-F669A922044D}.Debug|Any CPU.Build.0 = Debug|Any CPU
		{D4F39F36-1A74-4AD6-88E3-F669A922044D}.Debug|arm64.ActiveCfg = Debug|Any CPU
		{D4F39F36-1A74-4AD6-88E3-F669A922044D}.Debug|arm64.Build.0 = Debug|Any CPU
		{D4F39F36-1A74-4AD6-88E3-F669A922044D}.Debug|x64.ActiveCfg = Debug|Any CPU
		{D4F39F36-1A74-4AD6-88E3-F669A922044D}.Debug|x64.Build.0 = Debug|Any CPU
		{D4F39F36-1A74-4AD6-88E3-F669A922044D}.Debug|x86.ActiveCfg = Debug|Any CPU
		{D4F39F36-1A74-4AD6-88E3-F669A922044D}.Debug|x86.Build.0 = Debug|Any CPU
		{D4F39F36-1A74-4AD6-88E3-F669A922044D}.Release|Any CPU.ActiveCfg = Release|Any CPU
		{D4F39F36-1A74-4AD6-88E3-F669A922044D}.Release|Any CPU.Build.0 = Release|Any CPU
		{D4F39F36-1A74-4AD6-88E3-F669A922044D}.Release|arm64.ActiveCfg = Release|Any CPU
		{D4F39F36-1A74-4AD6-88E3-F669A922044D}.Release|arm64.Build.0 = Release|Any CPU
		{D4F39F36-1A74-4AD6-88E3-F669A922044D}.Release|x64.ActiveCfg = Release|Any CPU
		{D4F39F36-1A74-4AD6-88E3-F669A922044D}.Release|x64.Build.0 = Release|Any CPU
		{D4F39F36-1A74-4AD6-88E3-F669A922044D}.Release|x86.ActiveCfg = Release|Any CPU
		{D4F39F36-1A74-4AD6-88E3-F669A922044D}.Release|x86.Build.0 = Release|Any CPU
		{42E5369E-0826-4A66-BA90-A950DDD0F3D7}.Debug|Any CPU.ActiveCfg = Debug|Any CPU
		{42E5369E-0826-4A66-BA90-A950DDD0F3D7}.Debug|Any CPU.Build.0 = Debug|Any CPU
		{42E5369E-0826-4A66-BA90-A950DDD0F3D7}.Debug|arm64.ActiveCfg = Debug|Any CPU
		{42E5369E-0826-4A66-BA90-A950DDD0F3D7}.Debug|arm64.Build.0 = Debug|Any CPU
		{42E5369E-0826-4A66-BA90-A950DDD0F3D7}.Debug|x64.ActiveCfg = Debug|Any CPU
		{42E5369E-0826-4A66-BA90-A950DDD0F3D7}.Debug|x64.Build.0 = Debug|Any CPU
		{42E5369E-0826-4A66-BA90-A950DDD0F3D7}.Debug|x86.ActiveCfg = Debug|Any CPU
		{42E5369E-0826-4A66-BA90-A950DDD0F3D7}.Debug|x86.Build.0 = Debug|Any CPU
		{42E5369E-0826-4A66-BA90-A950DDD0F3D7}.Release|Any CPU.ActiveCfg = Release|Any CPU
		{42E5369E-0826-4A66-BA90-A950DDD0F3D7}.Release|Any CPU.Build.0 = Release|Any CPU
		{42E5369E-0826-4A66-BA90-A950DDD0F3D7}.Release|arm64.ActiveCfg = Release|Any CPU
		{42E5369E-0826-4A66-BA90-A950DDD0F3D7}.Release|arm64.Build.0 = Release|Any CPU
		{42E5369E-0826-4A66-BA90-A950DDD0F3D7}.Release|x64.ActiveCfg = Release|Any CPU
		{42E5369E-0826-4A66-BA90-A950DDD0F3D7}.Release|x64.Build.0 = Release|Any CPU
		{42E5369E-0826-4A66-BA90-A950DDD0F3D7}.Release|x86.ActiveCfg = Release|Any CPU
		{42E5369E-0826-4A66-BA90-A950DDD0F3D7}.Release|x86.Build.0 = Release|Any CPU
		{C003850A-E14D-D885-9AC5-0B5A9DB86311}.Debug|Any CPU.ActiveCfg = Debug|Any CPU
		{C003850A-E14D-D885-9AC5-0B5A9DB86311}.Debug|Any CPU.Build.0 = Debug|Any CPU
		{C003850A-E14D-D885-9AC5-0B5A9DB86311}.Debug|arm64.ActiveCfg = Debug|Any CPU
		{C003850A-E14D-D885-9AC5-0B5A9DB86311}.Debug|arm64.Build.0 = Debug|Any CPU
		{C003850A-E14D-D885-9AC5-0B5A9DB86311}.Debug|x64.ActiveCfg = Debug|Any CPU
		{C003850A-E14D-D885-9AC5-0B5A9DB86311}.Debug|x64.Build.0 = Debug|Any CPU
		{C003850A-E14D-D885-9AC5-0B5A9DB86311}.Debug|x86.ActiveCfg = Debug|Any CPU
		{C003850A-E14D-D885-9AC5-0B5A9DB86311}.Debug|x86.Build.0 = Debug|Any CPU
		{C003850A-E14D-D885-9AC5-0B5A9DB86311}.Release|Any CPU.ActiveCfg = Release|Any CPU
		{C003850A-E14D-D885-9AC5-0B5A9DB86311}.Release|Any CPU.Build.0 = Release|Any CPU
		{C003850A-E14D-D885-9AC5-0B5A9DB86311}.Release|arm64.ActiveCfg = Release|Any CPU
		{C003850A-E14D-D885-9AC5-0B5A9DB86311}.Release|arm64.Build.0 = Release|Any CPU
		{C003850A-E14D-D885-9AC5-0B5A9DB86311}.Release|x64.ActiveCfg = Release|Any CPU
		{C003850A-E14D-D885-9AC5-0B5A9DB86311}.Release|x64.Build.0 = Release|Any CPU
		{C003850A-E14D-D885-9AC5-0B5A9DB86311}.Release|x86.ActiveCfg = Release|Any CPU
		{C003850A-E14D-D885-9AC5-0B5A9DB86311}.Release|x86.Build.0 = Release|Any CPU
		{2E492252-0752-816F-F46A-98917FCAA9B8}.Debug|Any CPU.ActiveCfg = Debug|Any CPU
		{2E492252-0752-816F-F46A-98917FCAA9B8}.Debug|Any CPU.Build.0 = Debug|Any CPU
		{2E492252-0752-816F-F46A-98917FCAA9B8}.Debug|arm64.ActiveCfg = Debug|Any CPU
		{2E492252-0752-816F-F46A-98917FCAA9B8}.Debug|arm64.Build.0 = Debug|Any CPU
		{2E492252-0752-816F-F46A-98917FCAA9B8}.Debug|x64.ActiveCfg = Debug|Any CPU
		{2E492252-0752-816F-F46A-98917FCAA9B8}.Debug|x64.Build.0 = Debug|Any CPU
		{2E492252-0752-816F-F46A-98917FCAA9B8}.Debug|x86.ActiveCfg = Debug|Any CPU
		{2E492252-0752-816F-F46A-98917FCAA9B8}.Debug|x86.Build.0 = Debug|Any CPU
		{2E492252-0752-816F-F46A-98917FCAA9B8}.Release|Any CPU.ActiveCfg = Release|Any CPU
		{2E492252-0752-816F-F46A-98917FCAA9B8}.Release|Any CPU.Build.0 = Release|Any CPU
		{2E492252-0752-816F-F46A-98917FCAA9B8}.Release|arm64.ActiveCfg = Release|Any CPU
		{2E492252-0752-816F-F46A-98917FCAA9B8}.Release|arm64.Build.0 = Release|Any CPU
		{2E492252-0752-816F-F46A-98917FCAA9B8}.Release|x64.ActiveCfg = Release|Any CPU
		{2E492252-0752-816F-F46A-98917FCAA9B8}.Release|x64.Build.0 = Release|Any CPU
		{2E492252-0752-816F-F46A-98917FCAA9B8}.Release|x86.ActiveCfg = Release|Any CPU
		{2E492252-0752-816F-F46A-98917FCAA9B8}.Release|x86.Build.0 = Release|Any CPU
		{E193DF15-744B-4E70-9409-748DB6E9D189}.Debug|Any CPU.ActiveCfg = Debug|Any CPU
		{E193DF15-744B-4E70-9409-748DB6E9D189}.Debug|Any CPU.Build.0 = Debug|Any CPU
		{E193DF15-744B-4E70-9409-748DB6E9D189}.Debug|arm64.ActiveCfg = Debug|Any CPU
		{E193DF15-744B-4E70-9409-748DB6E9D189}.Debug|arm64.Build.0 = Debug|Any CPU
		{E193DF15-744B-4E70-9409-748DB6E9D189}.Debug|x64.ActiveCfg = Debug|Any CPU
		{E193DF15-744B-4E70-9409-748DB6E9D189}.Debug|x64.Build.0 = Debug|Any CPU
		{E193DF15-744B-4E70-9409-748DB6E9D189}.Debug|x86.ActiveCfg = Debug|Any CPU
		{E193DF15-744B-4E70-9409-748DB6E9D189}.Debug|x86.Build.0 = Debug|Any CPU
		{E193DF15-744B-4E70-9409-748DB6E9D189}.Release|Any CPU.ActiveCfg = Release|Any CPU
		{E193DF15-744B-4E70-9409-748DB6E9D189}.Release|Any CPU.Build.0 = Release|Any CPU
		{E193DF15-744B-4E70-9409-748DB6E9D189}.Release|arm64.ActiveCfg = Release|Any CPU
		{E193DF15-744B-4E70-9409-748DB6E9D189}.Release|arm64.Build.0 = Release|Any CPU
		{E193DF15-744B-4E70-9409-748DB6E9D189}.Release|x64.ActiveCfg = Release|Any CPU
		{E193DF15-744B-4E70-9409-748DB6E9D189}.Release|x64.Build.0 = Release|Any CPU
		{E193DF15-744B-4E70-9409-748DB6E9D189}.Release|x86.ActiveCfg = Release|Any CPU
		{E193DF15-744B-4E70-9409-748DB6E9D189}.Release|x86.Build.0 = Release|Any CPU
		{11EF8C26-FA99-1C45-F12C-39DD82C4213D}.Debug|Any CPU.ActiveCfg = Debug|Any CPU
		{11EF8C26-FA99-1C45-F12C-39DD82C4213D}.Debug|Any CPU.Build.0 = Debug|Any CPU
		{11EF8C26-FA99-1C45-F12C-39DD82C4213D}.Debug|arm64.ActiveCfg = Debug|Any CPU
		{11EF8C26-FA99-1C45-F12C-39DD82C4213D}.Debug|arm64.Build.0 = Debug|Any CPU
		{11EF8C26-FA99-1C45-F12C-39DD82C4213D}.Debug|x64.ActiveCfg = Debug|Any CPU
		{11EF8C26-FA99-1C45-F12C-39DD82C4213D}.Debug|x64.Build.0 = Debug|Any CPU
		{11EF8C26-FA99-1C45-F12C-39DD82C4213D}.Debug|x86.ActiveCfg = Debug|Any CPU
		{11EF8C26-FA99-1C45-F12C-39DD82C4213D}.Debug|x86.Build.0 = Debug|Any CPU
		{11EF8C26-FA99-1C45-F12C-39DD82C4213D}.Release|Any CPU.ActiveCfg = Release|Any CPU
		{11EF8C26-FA99-1C45-F12C-39DD82C4213D}.Release|Any CPU.Build.0 = Release|Any CPU
		{11EF8C26-FA99-1C45-F12C-39DD82C4213D}.Release|arm64.ActiveCfg = Release|Any CPU
		{11EF8C26-FA99-1C45-F12C-39DD82C4213D}.Release|arm64.Build.0 = Release|Any CPU
		{11EF8C26-FA99-1C45-F12C-39DD82C4213D}.Release|x64.ActiveCfg = Release|Any CPU
		{11EF8C26-FA99-1C45-F12C-39DD82C4213D}.Release|x64.Build.0 = Release|Any CPU
		{11EF8C26-FA99-1C45-F12C-39DD82C4213D}.Release|x86.ActiveCfg = Release|Any CPU
		{11EF8C26-FA99-1C45-F12C-39DD82C4213D}.Release|x86.Build.0 = Release|Any CPU
		{6E4BC71B-2D0C-2C14-7295-3AA7E8F06E4D}.Debug|Any CPU.ActiveCfg = Debug|Any CPU
		{6E4BC71B-2D0C-2C14-7295-3AA7E8F06E4D}.Debug|Any CPU.Build.0 = Debug|Any CPU
		{6E4BC71B-2D0C-2C14-7295-3AA7E8F06E4D}.Debug|arm64.ActiveCfg = Debug|Any CPU
		{6E4BC71B-2D0C-2C14-7295-3AA7E8F06E4D}.Debug|arm64.Build.0 = Debug|Any CPU
		{6E4BC71B-2D0C-2C14-7295-3AA7E8F06E4D}.Debug|x64.ActiveCfg = Debug|Any CPU
		{6E4BC71B-2D0C-2C14-7295-3AA7E8F06E4D}.Debug|x64.Build.0 = Debug|Any CPU
		{6E4BC71B-2D0C-2C14-7295-3AA7E8F06E4D}.Debug|x86.ActiveCfg = Debug|Any CPU
		{6E4BC71B-2D0C-2C14-7295-3AA7E8F06E4D}.Debug|x86.Build.0 = Debug|Any CPU
		{6E4BC71B-2D0C-2C14-7295-3AA7E8F06E4D}.Release|Any CPU.ActiveCfg = Release|Any CPU
		{6E4BC71B-2D0C-2C14-7295-3AA7E8F06E4D}.Release|Any CPU.Build.0 = Release|Any CPU
		{6E4BC71B-2D0C-2C14-7295-3AA7E8F06E4D}.Release|arm64.ActiveCfg = Release|Any CPU
		{6E4BC71B-2D0C-2C14-7295-3AA7E8F06E4D}.Release|arm64.Build.0 = Release|Any CPU
		{6E4BC71B-2D0C-2C14-7295-3AA7E8F06E4D}.Release|x64.ActiveCfg = Release|Any CPU
		{6E4BC71B-2D0C-2C14-7295-3AA7E8F06E4D}.Release|x64.Build.0 = Release|Any CPU
		{6E4BC71B-2D0C-2C14-7295-3AA7E8F06E4D}.Release|x86.ActiveCfg = Release|Any CPU
		{6E4BC71B-2D0C-2C14-7295-3AA7E8F06E4D}.Release|x86.Build.0 = Release|Any CPU
		{531D7040-CDF9-4705-989D-37CABD18E337}.Debug|Any CPU.ActiveCfg = Debug|Any CPU
		{531D7040-CDF9-4705-989D-37CABD18E337}.Debug|Any CPU.Build.0 = Debug|Any CPU
		{531D7040-CDF9-4705-989D-37CABD18E337}.Debug|arm64.ActiveCfg = Debug|Any CPU
		{531D7040-CDF9-4705-989D-37CABD18E337}.Debug|arm64.Build.0 = Debug|Any CPU
		{531D7040-CDF9-4705-989D-37CABD18E337}.Debug|x64.ActiveCfg = Debug|Any CPU
		{531D7040-CDF9-4705-989D-37CABD18E337}.Debug|x64.Build.0 = Debug|Any CPU
		{531D7040-CDF9-4705-989D-37CABD18E337}.Debug|x86.ActiveCfg = Debug|Any CPU
		{531D7040-CDF9-4705-989D-37CABD18E337}.Debug|x86.Build.0 = Debug|Any CPU
		{531D7040-CDF9-4705-989D-37CABD18E337}.Release|Any CPU.ActiveCfg = Release|Any CPU
		{531D7040-CDF9-4705-989D-37CABD18E337}.Release|Any CPU.Build.0 = Release|Any CPU
		{531D7040-CDF9-4705-989D-37CABD18E337}.Release|arm64.ActiveCfg = Release|Any CPU
		{531D7040-CDF9-4705-989D-37CABD18E337}.Release|arm64.Build.0 = Release|Any CPU
		{531D7040-CDF9-4705-989D-37CABD18E337}.Release|x64.ActiveCfg = Release|Any CPU
		{531D7040-CDF9-4705-989D-37CABD18E337}.Release|x64.Build.0 = Release|Any CPU
		{531D7040-CDF9-4705-989D-37CABD18E337}.Release|x86.ActiveCfg = Release|Any CPU
		{531D7040-CDF9-4705-989D-37CABD18E337}.Release|x86.Build.0 = Release|Any CPU
		{5252F1F9-768A-45FE-8584-144D5CA54E22}.Debug|Any CPU.ActiveCfg = Debug|Any CPU
		{5252F1F9-768A-45FE-8584-144D5CA54E22}.Debug|Any CPU.Build.0 = Debug|Any CPU
		{5252F1F9-768A-45FE-8584-144D5CA54E22}.Debug|arm64.ActiveCfg = Debug|Any CPU
		{5252F1F9-768A-45FE-8584-144D5CA54E22}.Debug|arm64.Build.0 = Debug|Any CPU
		{5252F1F9-768A-45FE-8584-144D5CA54E22}.Debug|x64.ActiveCfg = Debug|Any CPU
		{5252F1F9-768A-45FE-8584-144D5CA54E22}.Debug|x64.Build.0 = Debug|Any CPU
		{5252F1F9-768A-45FE-8584-144D5CA54E22}.Debug|x86.ActiveCfg = Debug|Any CPU
		{5252F1F9-768A-45FE-8584-144D5CA54E22}.Debug|x86.Build.0 = Debug|Any CPU
		{5252F1F9-768A-45FE-8584-144D5CA54E22}.Release|Any CPU.ActiveCfg = Release|Any CPU
		{5252F1F9-768A-45FE-8584-144D5CA54E22}.Release|Any CPU.Build.0 = Release|Any CPU
		{5252F1F9-768A-45FE-8584-144D5CA54E22}.Release|arm64.ActiveCfg = Release|Any CPU
		{5252F1F9-768A-45FE-8584-144D5CA54E22}.Release|arm64.Build.0 = Release|Any CPU
		{5252F1F9-768A-45FE-8584-144D5CA54E22}.Release|x64.ActiveCfg = Release|Any CPU
		{5252F1F9-768A-45FE-8584-144D5CA54E22}.Release|x64.Build.0 = Release|Any CPU
		{5252F1F9-768A-45FE-8584-144D5CA54E22}.Release|x86.ActiveCfg = Release|Any CPU
		{5252F1F9-768A-45FE-8584-144D5CA54E22}.Release|x86.Build.0 = Release|Any CPU
		{B3159118-64CA-4E0B-B6FA-D0E20D36A67E}.Debug|Any CPU.ActiveCfg = Debug|Any CPU
		{B3159118-64CA-4E0B-B6FA-D0E20D36A67E}.Debug|Any CPU.Build.0 = Debug|Any CPU
		{B3159118-64CA-4E0B-B6FA-D0E20D36A67E}.Debug|arm64.ActiveCfg = Debug|Any CPU
		{B3159118-64CA-4E0B-B6FA-D0E20D36A67E}.Debug|arm64.Build.0 = Debug|Any CPU
		{B3159118-64CA-4E0B-B6FA-D0E20D36A67E}.Debug|x64.ActiveCfg = Debug|Any CPU
		{B3159118-64CA-4E0B-B6FA-D0E20D36A67E}.Debug|x64.Build.0 = Debug|Any CPU
		{B3159118-64CA-4E0B-B6FA-D0E20D36A67E}.Debug|x86.ActiveCfg = Debug|Any CPU
		{B3159118-64CA-4E0B-B6FA-D0E20D36A67E}.Debug|x86.Build.0 = Debug|Any CPU
		{B3159118-64CA-4E0B-B6FA-D0E20D36A67E}.Release|Any CPU.ActiveCfg = Release|Any CPU
		{B3159118-64CA-4E0B-B6FA-D0E20D36A67E}.Release|Any CPU.Build.0 = Release|Any CPU
		{B3159118-64CA-4E0B-B6FA-D0E20D36A67E}.Release|arm64.ActiveCfg = Release|Any CPU
		{B3159118-64CA-4E0B-B6FA-D0E20D36A67E}.Release|arm64.Build.0 = Release|Any CPU
		{B3159118-64CA-4E0B-B6FA-D0E20D36A67E}.Release|x64.ActiveCfg = Release|Any CPU
		{B3159118-64CA-4E0B-B6FA-D0E20D36A67E}.Release|x64.Build.0 = Release|Any CPU
		{B3159118-64CA-4E0B-B6FA-D0E20D36A67E}.Release|x86.ActiveCfg = Release|Any CPU
		{B3159118-64CA-4E0B-B6FA-D0E20D36A67E}.Release|x86.Build.0 = Release|Any CPU
		{26D92F86-DF70-A02C-0C30-29A1F2BAE34D}.Debug|Any CPU.ActiveCfg = Debug|Any CPU
		{26D92F86-DF70-A02C-0C30-29A1F2BAE34D}.Debug|Any CPU.Build.0 = Debug|Any CPU
		{26D92F86-DF70-A02C-0C30-29A1F2BAE34D}.Debug|arm64.ActiveCfg = Debug|Any CPU
		{26D92F86-DF70-A02C-0C30-29A1F2BAE34D}.Debug|arm64.Build.0 = Debug|Any CPU
		{26D92F86-DF70-A02C-0C30-29A1F2BAE34D}.Debug|x64.ActiveCfg = Debug|Any CPU
		{26D92F86-DF70-A02C-0C30-29A1F2BAE34D}.Debug|x64.Build.0 = Debug|Any CPU
		{26D92F86-DF70-A02C-0C30-29A1F2BAE34D}.Debug|x86.ActiveCfg = Debug|Any CPU
		{26D92F86-DF70-A02C-0C30-29A1F2BAE34D}.Debug|x86.Build.0 = Debug|Any CPU
		{26D92F86-DF70-A02C-0C30-29A1F2BAE34D}.Release|Any CPU.ActiveCfg = Release|Any CPU
		{26D92F86-DF70-A02C-0C30-29A1F2BAE34D}.Release|Any CPU.Build.0 = Release|Any CPU
		{26D92F86-DF70-A02C-0C30-29A1F2BAE34D}.Release|arm64.ActiveCfg = Release|Any CPU
		{26D92F86-DF70-A02C-0C30-29A1F2BAE34D}.Release|arm64.Build.0 = Release|Any CPU
		{26D92F86-DF70-A02C-0C30-29A1F2BAE34D}.Release|x64.ActiveCfg = Release|Any CPU
		{26D92F86-DF70-A02C-0C30-29A1F2BAE34D}.Release|x64.Build.0 = Release|Any CPU
		{26D92F86-DF70-A02C-0C30-29A1F2BAE34D}.Release|x86.ActiveCfg = Release|Any CPU
		{26D92F86-DF70-A02C-0C30-29A1F2BAE34D}.Release|x86.Build.0 = Release|Any CPU
		{63934109-3643-48FA-A37C-350FB1805E98}.Debug|Any CPU.ActiveCfg = Debug|Any CPU
		{63934109-3643-48FA-A37C-350FB1805E98}.Debug|Any CPU.Build.0 = Debug|Any CPU
		{63934109-3643-48FA-A37C-350FB1805E98}.Debug|arm64.ActiveCfg = Debug|Any CPU
		{63934109-3643-48FA-A37C-350FB1805E98}.Debug|arm64.Build.0 = Debug|Any CPU
		{63934109-3643-48FA-A37C-350FB1805E98}.Debug|x64.ActiveCfg = Debug|Any CPU
		{63934109-3643-48FA-A37C-350FB1805E98}.Debug|x64.Build.0 = Debug|Any CPU
		{63934109-3643-48FA-A37C-350FB1805E98}.Debug|x86.ActiveCfg = Debug|Any CPU
		{63934109-3643-48FA-A37C-350FB1805E98}.Debug|x86.Build.0 = Debug|Any CPU
		{63934109-3643-48FA-A37C-350FB1805E98}.Release|Any CPU.ActiveCfg = Release|Any CPU
		{63934109-3643-48FA-A37C-350FB1805E98}.Release|Any CPU.Build.0 = Release|Any CPU
		{63934109-3643-48FA-A37C-350FB1805E98}.Release|arm64.ActiveCfg = Release|Any CPU
		{63934109-3643-48FA-A37C-350FB1805E98}.Release|arm64.Build.0 = Release|Any CPU
		{63934109-3643-48FA-A37C-350FB1805E98}.Release|x64.ActiveCfg = Release|Any CPU
		{63934109-3643-48FA-A37C-350FB1805E98}.Release|x64.Build.0 = Release|Any CPU
		{63934109-3643-48FA-A37C-350FB1805E98}.Release|x86.ActiveCfg = Release|Any CPU
		{63934109-3643-48FA-A37C-350FB1805E98}.Release|x86.Build.0 = Release|Any CPU
		{51336E1E-6B35-4E9A-838A-3C9365871A73}.Debug|Any CPU.ActiveCfg = Debug|Any CPU
		{51336E1E-6B35-4E9A-838A-3C9365871A73}.Debug|Any CPU.Build.0 = Debug|Any CPU
		{51336E1E-6B35-4E9A-838A-3C9365871A73}.Debug|arm64.ActiveCfg = Debug|Any CPU
		{51336E1E-6B35-4E9A-838A-3C9365871A73}.Debug|arm64.Build.0 = Debug|Any CPU
		{51336E1E-6B35-4E9A-838A-3C9365871A73}.Debug|x64.ActiveCfg = Debug|Any CPU
		{51336E1E-6B35-4E9A-838A-3C9365871A73}.Debug|x64.Build.0 = Debug|Any CPU
		{51336E1E-6B35-4E9A-838A-3C9365871A73}.Debug|x86.ActiveCfg = Debug|Any CPU
		{51336E1E-6B35-4E9A-838A-3C9365871A73}.Debug|x86.Build.0 = Debug|Any CPU
		{51336E1E-6B35-4E9A-838A-3C9365871A73}.Release|Any CPU.ActiveCfg = Release|Any CPU
		{51336E1E-6B35-4E9A-838A-3C9365871A73}.Release|Any CPU.Build.0 = Release|Any CPU
		{51336E1E-6B35-4E9A-838A-3C9365871A73}.Release|arm64.ActiveCfg = Release|Any CPU
		{51336E1E-6B35-4E9A-838A-3C9365871A73}.Release|arm64.Build.0 = Release|Any CPU
		{51336E1E-6B35-4E9A-838A-3C9365871A73}.Release|x64.ActiveCfg = Release|Any CPU
		{51336E1E-6B35-4E9A-838A-3C9365871A73}.Release|x64.Build.0 = Release|Any CPU
		{51336E1E-6B35-4E9A-838A-3C9365871A73}.Release|x86.ActiveCfg = Release|Any CPU
		{51336E1E-6B35-4E9A-838A-3C9365871A73}.Release|x86.Build.0 = Release|Any CPU
		{72FA453A-01CE-F11D-67EB-CD49AC2A53BF}.Debug|Any CPU.ActiveCfg = Debug|Any CPU
		{72FA453A-01CE-F11D-67EB-CD49AC2A53BF}.Debug|Any CPU.Build.0 = Debug|Any CPU
		{72FA453A-01CE-F11D-67EB-CD49AC2A53BF}.Debug|arm64.ActiveCfg = Debug|Any CPU
		{72FA453A-01CE-F11D-67EB-CD49AC2A53BF}.Debug|arm64.Build.0 = Debug|Any CPU
		{72FA453A-01CE-F11D-67EB-CD49AC2A53BF}.Debug|x64.ActiveCfg = Debug|Any CPU
		{72FA453A-01CE-F11D-67EB-CD49AC2A53BF}.Debug|x64.Build.0 = Debug|Any CPU
		{72FA453A-01CE-F11D-67EB-CD49AC2A53BF}.Debug|x86.ActiveCfg = Debug|Any CPU
		{72FA453A-01CE-F11D-67EB-CD49AC2A53BF}.Debug|x86.Build.0 = Debug|Any CPU
		{72FA453A-01CE-F11D-67EB-CD49AC2A53BF}.Release|Any CPU.ActiveCfg = Release|Any CPU
		{72FA453A-01CE-F11D-67EB-CD49AC2A53BF}.Release|Any CPU.Build.0 = Release|Any CPU
		{72FA453A-01CE-F11D-67EB-CD49AC2A53BF}.Release|arm64.ActiveCfg = Release|Any CPU
		{72FA453A-01CE-F11D-67EB-CD49AC2A53BF}.Release|arm64.Build.0 = Release|Any CPU
		{72FA453A-01CE-F11D-67EB-CD49AC2A53BF}.Release|x64.ActiveCfg = Release|Any CPU
		{72FA453A-01CE-F11D-67EB-CD49AC2A53BF}.Release|x64.Build.0 = Release|Any CPU
		{72FA453A-01CE-F11D-67EB-CD49AC2A53BF}.Release|x86.ActiveCfg = Release|Any CPU
		{72FA453A-01CE-F11D-67EB-CD49AC2A53BF}.Release|x86.Build.0 = Release|Any CPU
		{AB56F232-7489-C143-CD2A-32201D73B6C1}.Debug|Any CPU.ActiveCfg = Debug|Any CPU
		{AB56F232-7489-C143-CD2A-32201D73B6C1}.Debug|Any CPU.Build.0 = Debug|Any CPU
		{AB56F232-7489-C143-CD2A-32201D73B6C1}.Debug|arm64.ActiveCfg = Debug|Any CPU
		{AB56F232-7489-C143-CD2A-32201D73B6C1}.Debug|arm64.Build.0 = Debug|Any CPU
		{AB56F232-7489-C143-CD2A-32201D73B6C1}.Debug|x64.ActiveCfg = Debug|Any CPU
		{AB56F232-7489-C143-CD2A-32201D73B6C1}.Debug|x64.Build.0 = Debug|Any CPU
		{AB56F232-7489-C143-CD2A-32201D73B6C1}.Debug|x86.ActiveCfg = Debug|Any CPU
		{AB56F232-7489-C143-CD2A-32201D73B6C1}.Debug|x86.Build.0 = Debug|Any CPU
		{AB56F232-7489-C143-CD2A-32201D73B6C1}.Release|Any CPU.ActiveCfg = Release|Any CPU
		{AB56F232-7489-C143-CD2A-32201D73B6C1}.Release|Any CPU.Build.0 = Release|Any CPU
		{AB56F232-7489-C143-CD2A-32201D73B6C1}.Release|arm64.ActiveCfg = Release|Any CPU
		{AB56F232-7489-C143-CD2A-32201D73B6C1}.Release|arm64.Build.0 = Release|Any CPU
		{AB56F232-7489-C143-CD2A-32201D73B6C1}.Release|x64.ActiveCfg = Release|Any CPU
		{AB56F232-7489-C143-CD2A-32201D73B6C1}.Release|x64.Build.0 = Release|Any CPU
		{AB56F232-7489-C143-CD2A-32201D73B6C1}.Release|x86.ActiveCfg = Release|Any CPU
		{AB56F232-7489-C143-CD2A-32201D73B6C1}.Release|x86.Build.0 = Release|Any CPU
		{42F89687-B30C-4687-06F1-409A7E0747A5}.Debug|Any CPU.ActiveCfg = Debug|Any CPU
		{42F89687-B30C-4687-06F1-409A7E0747A5}.Debug|Any CPU.Build.0 = Debug|Any CPU
		{42F89687-B30C-4687-06F1-409A7E0747A5}.Debug|arm64.ActiveCfg = Debug|Any CPU
		{42F89687-B30C-4687-06F1-409A7E0747A5}.Debug|arm64.Build.0 = Debug|Any CPU
		{42F89687-B30C-4687-06F1-409A7E0747A5}.Debug|x64.ActiveCfg = Debug|Any CPU
		{42F89687-B30C-4687-06F1-409A7E0747A5}.Debug|x64.Build.0 = Debug|Any CPU
		{42F89687-B30C-4687-06F1-409A7E0747A5}.Debug|x86.ActiveCfg = Debug|Any CPU
		{42F89687-B30C-4687-06F1-409A7E0747A5}.Debug|x86.Build.0 = Debug|Any CPU
		{42F89687-B30C-4687-06F1-409A7E0747A5}.Release|Any CPU.ActiveCfg = Release|Any CPU
		{42F89687-B30C-4687-06F1-409A7E0747A5}.Release|Any CPU.Build.0 = Release|Any CPU
		{42F89687-B30C-4687-06F1-409A7E0747A5}.Release|arm64.ActiveCfg = Release|Any CPU
		{42F89687-B30C-4687-06F1-409A7E0747A5}.Release|arm64.Build.0 = Release|Any CPU
		{42F89687-B30C-4687-06F1-409A7E0747A5}.Release|x64.ActiveCfg = Release|Any CPU
		{42F89687-B30C-4687-06F1-409A7E0747A5}.Release|x64.Build.0 = Release|Any CPU
		{42F89687-B30C-4687-06F1-409A7E0747A5}.Release|x86.ActiveCfg = Release|Any CPU
		{42F89687-B30C-4687-06F1-409A7E0747A5}.Release|x86.Build.0 = Release|Any CPU
		{446D69E6-0A59-01E0-B8AB-D8714F1119F1}.Debug|Any CPU.ActiveCfg = Debug|Any CPU
		{446D69E6-0A59-01E0-B8AB-D8714F1119F1}.Debug|Any CPU.Build.0 = Debug|Any CPU
		{446D69E6-0A59-01E0-B8AB-D8714F1119F1}.Debug|arm64.ActiveCfg = Debug|Any CPU
		{446D69E6-0A59-01E0-B8AB-D8714F1119F1}.Debug|arm64.Build.0 = Debug|Any CPU
		{446D69E6-0A59-01E0-B8AB-D8714F1119F1}.Debug|x64.ActiveCfg = Debug|Any CPU
		{446D69E6-0A59-01E0-B8AB-D8714F1119F1}.Debug|x64.Build.0 = Debug|Any CPU
		{446D69E6-0A59-01E0-B8AB-D8714F1119F1}.Debug|x86.ActiveCfg = Debug|Any CPU
		{446D69E6-0A59-01E0-B8AB-D8714F1119F1}.Debug|x86.Build.0 = Debug|Any CPU
		{446D69E6-0A59-01E0-B8AB-D8714F1119F1}.Release|Any CPU.ActiveCfg = Release|Any CPU
		{446D69E6-0A59-01E0-B8AB-D8714F1119F1}.Release|Any CPU.Build.0 = Release|Any CPU
		{446D69E6-0A59-01E0-B8AB-D8714F1119F1}.Release|arm64.ActiveCfg = Release|Any CPU
		{446D69E6-0A59-01E0-B8AB-D8714F1119F1}.Release|arm64.Build.0 = Release|Any CPU
		{446D69E6-0A59-01E0-B8AB-D8714F1119F1}.Release|x64.ActiveCfg = Release|Any CPU
		{446D69E6-0A59-01E0-B8AB-D8714F1119F1}.Release|x64.Build.0 = Release|Any CPU
		{446D69E6-0A59-01E0-B8AB-D8714F1119F1}.Release|x86.ActiveCfg = Release|Any CPU
		{446D69E6-0A59-01E0-B8AB-D8714F1119F1}.Release|x86.Build.0 = Release|Any CPU
		{E109C63C-037D-D359-4160-7FC2DD83C914}.Debug|Any CPU.ActiveCfg = Debug|Any CPU
		{E109C63C-037D-D359-4160-7FC2DD83C914}.Debug|Any CPU.Build.0 = Debug|Any CPU
		{E109C63C-037D-D359-4160-7FC2DD83C914}.Debug|arm64.ActiveCfg = Debug|Any CPU
		{E109C63C-037D-D359-4160-7FC2DD83C914}.Debug|arm64.Build.0 = Debug|Any CPU
		{E109C63C-037D-D359-4160-7FC2DD83C914}.Debug|x64.ActiveCfg = Debug|Any CPU
		{E109C63C-037D-D359-4160-7FC2DD83C914}.Debug|x64.Build.0 = Debug|Any CPU
		{E109C63C-037D-D359-4160-7FC2DD83C914}.Debug|x86.ActiveCfg = Debug|Any CPU
		{E109C63C-037D-D359-4160-7FC2DD83C914}.Debug|x86.Build.0 = Debug|Any CPU
		{E109C63C-037D-D359-4160-7FC2DD83C914}.Release|Any CPU.ActiveCfg = Release|Any CPU
		{E109C63C-037D-D359-4160-7FC2DD83C914}.Release|Any CPU.Build.0 = Release|Any CPU
		{E109C63C-037D-D359-4160-7FC2DD83C914}.Release|arm64.ActiveCfg = Release|Any CPU
		{E109C63C-037D-D359-4160-7FC2DD83C914}.Release|arm64.Build.0 = Release|Any CPU
		{E109C63C-037D-D359-4160-7FC2DD83C914}.Release|x64.ActiveCfg = Release|Any CPU
		{E109C63C-037D-D359-4160-7FC2DD83C914}.Release|x64.Build.0 = Release|Any CPU
		{E109C63C-037D-D359-4160-7FC2DD83C914}.Release|x86.ActiveCfg = Release|Any CPU
		{E109C63C-037D-D359-4160-7FC2DD83C914}.Release|x86.Build.0 = Release|Any CPU
		{ECE82461-2125-0885-FE92-BB716F7C64FE}.Debug|Any CPU.ActiveCfg = Debug|Any CPU
		{ECE82461-2125-0885-FE92-BB716F7C64FE}.Debug|Any CPU.Build.0 = Debug|Any CPU
		{ECE82461-2125-0885-FE92-BB716F7C64FE}.Debug|arm64.ActiveCfg = Debug|Any CPU
		{ECE82461-2125-0885-FE92-BB716F7C64FE}.Debug|arm64.Build.0 = Debug|Any CPU
		{ECE82461-2125-0885-FE92-BB716F7C64FE}.Debug|x64.ActiveCfg = Debug|Any CPU
		{ECE82461-2125-0885-FE92-BB716F7C64FE}.Debug|x64.Build.0 = Debug|Any CPU
		{ECE82461-2125-0885-FE92-BB716F7C64FE}.Debug|x86.ActiveCfg = Debug|Any CPU
		{ECE82461-2125-0885-FE92-BB716F7C64FE}.Debug|x86.Build.0 = Debug|Any CPU
		{ECE82461-2125-0885-FE92-BB716F7C64FE}.Release|Any CPU.ActiveCfg = Release|Any CPU
		{ECE82461-2125-0885-FE92-BB716F7C64FE}.Release|Any CPU.Build.0 = Release|Any CPU
		{ECE82461-2125-0885-FE92-BB716F7C64FE}.Release|arm64.ActiveCfg = Release|Any CPU
		{ECE82461-2125-0885-FE92-BB716F7C64FE}.Release|arm64.Build.0 = Release|Any CPU
		{ECE82461-2125-0885-FE92-BB716F7C64FE}.Release|x64.ActiveCfg = Release|Any CPU
		{ECE82461-2125-0885-FE92-BB716F7C64FE}.Release|x64.Build.0 = Release|Any CPU
		{ECE82461-2125-0885-FE92-BB716F7C64FE}.Release|x86.ActiveCfg = Release|Any CPU
		{ECE82461-2125-0885-FE92-BB716F7C64FE}.Release|x86.Build.0 = Release|Any CPU
		{7DF908B3-503D-51C2-3675-626DC2895B77}.Debug|Any CPU.ActiveCfg = Debug|Any CPU
		{7DF908B3-503D-51C2-3675-626DC2895B77}.Debug|Any CPU.Build.0 = Debug|Any CPU
		{7DF908B3-503D-51C2-3675-626DC2895B77}.Debug|arm64.ActiveCfg = Debug|Any CPU
		{7DF908B3-503D-51C2-3675-626DC2895B77}.Debug|arm64.Build.0 = Debug|Any CPU
		{7DF908B3-503D-51C2-3675-626DC2895B77}.Debug|x64.ActiveCfg = Debug|Any CPU
		{7DF908B3-503D-51C2-3675-626DC2895B77}.Debug|x64.Build.0 = Debug|Any CPU
		{7DF908B3-503D-51C2-3675-626DC2895B77}.Debug|x86.ActiveCfg = Debug|Any CPU
		{7DF908B3-503D-51C2-3675-626DC2895B77}.Debug|x86.Build.0 = Debug|Any CPU
		{7DF908B3-503D-51C2-3675-626DC2895B77}.Release|Any CPU.ActiveCfg = Release|Any CPU
		{7DF908B3-503D-51C2-3675-626DC2895B77}.Release|Any CPU.Build.0 = Release|Any CPU
		{7DF908B3-503D-51C2-3675-626DC2895B77}.Release|arm64.ActiveCfg = Release|Any CPU
		{7DF908B3-503D-51C2-3675-626DC2895B77}.Release|arm64.Build.0 = Release|Any CPU
		{7DF908B3-503D-51C2-3675-626DC2895B77}.Release|x64.ActiveCfg = Release|Any CPU
		{7DF908B3-503D-51C2-3675-626DC2895B77}.Release|x64.Build.0 = Release|Any CPU
		{7DF908B3-503D-51C2-3675-626DC2895B77}.Release|x86.ActiveCfg = Release|Any CPU
		{7DF908B3-503D-51C2-3675-626DC2895B77}.Release|x86.Build.0 = Release|Any CPU
		{3A4AC9FB-7062-133D-5F88-5137ACBD7395}.Debug|Any CPU.ActiveCfg = Debug|Any CPU
		{3A4AC9FB-7062-133D-5F88-5137ACBD7395}.Debug|Any CPU.Build.0 = Debug|Any CPU
		{3A4AC9FB-7062-133D-5F88-5137ACBD7395}.Debug|arm64.ActiveCfg = Debug|Any CPU
		{3A4AC9FB-7062-133D-5F88-5137ACBD7395}.Debug|arm64.Build.0 = Debug|Any CPU
		{3A4AC9FB-7062-133D-5F88-5137ACBD7395}.Debug|x64.ActiveCfg = Debug|Any CPU
		{3A4AC9FB-7062-133D-5F88-5137ACBD7395}.Debug|x64.Build.0 = Debug|Any CPU
		{3A4AC9FB-7062-133D-5F88-5137ACBD7395}.Debug|x86.ActiveCfg = Debug|Any CPU
		{3A4AC9FB-7062-133D-5F88-5137ACBD7395}.Debug|x86.Build.0 = Debug|Any CPU
		{3A4AC9FB-7062-133D-5F88-5137ACBD7395}.Release|Any CPU.ActiveCfg = Release|Any CPU
		{3A4AC9FB-7062-133D-5F88-5137ACBD7395}.Release|Any CPU.Build.0 = Release|Any CPU
		{3A4AC9FB-7062-133D-5F88-5137ACBD7395}.Release|arm64.ActiveCfg = Release|Any CPU
		{3A4AC9FB-7062-133D-5F88-5137ACBD7395}.Release|arm64.Build.0 = Release|Any CPU
		{3A4AC9FB-7062-133D-5F88-5137ACBD7395}.Release|x64.ActiveCfg = Release|Any CPU
		{3A4AC9FB-7062-133D-5F88-5137ACBD7395}.Release|x64.Build.0 = Release|Any CPU
		{3A4AC9FB-7062-133D-5F88-5137ACBD7395}.Release|x86.ActiveCfg = Release|Any CPU
		{3A4AC9FB-7062-133D-5F88-5137ACBD7395}.Release|x86.Build.0 = Release|Any CPU
		{0615A104-BD93-42DB-B19E-76EC4A588F77}.Debug|Any CPU.ActiveCfg = Debug|x64
		{0615A104-BD93-42DB-B19E-76EC4A588F77}.Debug|Any CPU.Build.0 = Debug|x64
		{0615A104-BD93-42DB-B19E-76EC4A588F77}.Debug|arm64.ActiveCfg = Debug|Any CPU
		{0615A104-BD93-42DB-B19E-76EC4A588F77}.Debug|arm64.Build.0 = Debug|Any CPU
		{0615A104-BD93-42DB-B19E-76EC4A588F77}.Debug|x64.ActiveCfg = Debug|Any CPU
		{0615A104-BD93-42DB-B19E-76EC4A588F77}.Debug|x64.Build.0 = Debug|Any CPU
		{0615A104-BD93-42DB-B19E-76EC4A588F77}.Debug|x86.ActiveCfg = Debug|Any CPU
		{0615A104-BD93-42DB-B19E-76EC4A588F77}.Debug|x86.Build.0 = Debug|Any CPU
		{0615A104-BD93-42DB-B19E-76EC4A588F77}.Release|Any CPU.ActiveCfg = Release|Any CPU
		{0615A104-BD93-42DB-B19E-76EC4A588F77}.Release|Any CPU.Build.0 = Release|Any CPU
		{0615A104-BD93-42DB-B19E-76EC4A588F77}.Release|arm64.ActiveCfg = Release|Any CPU
		{0615A104-BD93-42DB-B19E-76EC4A588F77}.Release|arm64.Build.0 = Release|Any CPU
		{0615A104-BD93-42DB-B19E-76EC4A588F77}.Release|x64.ActiveCfg = Release|Any CPU
		{0615A104-BD93-42DB-B19E-76EC4A588F77}.Release|x64.Build.0 = Release|Any CPU
		{0615A104-BD93-42DB-B19E-76EC4A588F77}.Release|x86.ActiveCfg = Release|Any CPU
		{0615A104-BD93-42DB-B19E-76EC4A588F77}.Release|x86.Build.0 = Release|Any CPU
		{5363A013-9355-4B7F-B418-95BAF7E46F62}.Debug|Any CPU.ActiveCfg = Debug|Any CPU
		{5363A013-9355-4B7F-B418-95BAF7E46F62}.Debug|Any CPU.Build.0 = Debug|Any CPU
		{5363A013-9355-4B7F-B418-95BAF7E46F62}.Debug|arm64.ActiveCfg = Debug|Any CPU
		{5363A013-9355-4B7F-B418-95BAF7E46F62}.Debug|arm64.Build.0 = Debug|Any CPU
		{5363A013-9355-4B7F-B418-95BAF7E46F62}.Debug|x64.ActiveCfg = Debug|Any CPU
		{5363A013-9355-4B7F-B418-95BAF7E46F62}.Debug|x64.Build.0 = Debug|Any CPU
		{5363A013-9355-4B7F-B418-95BAF7E46F62}.Debug|x86.ActiveCfg = Debug|Any CPU
		{5363A013-9355-4B7F-B418-95BAF7E46F62}.Debug|x86.Build.0 = Debug|Any CPU
		{5363A013-9355-4B7F-B418-95BAF7E46F62}.Release|Any CPU.ActiveCfg = Release|Any CPU
		{5363A013-9355-4B7F-B418-95BAF7E46F62}.Release|Any CPU.Build.0 = Release|Any CPU
		{5363A013-9355-4B7F-B418-95BAF7E46F62}.Release|arm64.ActiveCfg = Release|Any CPU
		{5363A013-9355-4B7F-B418-95BAF7E46F62}.Release|arm64.Build.0 = Release|Any CPU
		{5363A013-9355-4B7F-B418-95BAF7E46F62}.Release|x64.ActiveCfg = Release|Any CPU
		{5363A013-9355-4B7F-B418-95BAF7E46F62}.Release|x64.Build.0 = Release|Any CPU
		{5363A013-9355-4B7F-B418-95BAF7E46F62}.Release|x86.ActiveCfg = Release|Any CPU
		{5363A013-9355-4B7F-B418-95BAF7E46F62}.Release|x86.Build.0 = Release|Any CPU
	EndGlobalSection
	GlobalSection(SolutionProperties) = preSolution
		HideSolutionNode = FALSE
	EndGlobalSection
	GlobalSection(NestedProjects) = preSolution
		{0FEB6ADF-29FD-48CE-AE0F-9E19E9209795} = {4B785E7E-2F35-4198-BD73-D2B861E5518A}
		{1EC1EEFF-3888-4125-9229-623C564F3E7E} = {4B785E7E-2F35-4198-BD73-D2B861E5518A}
		{833DEA57-A970-418C-831C-2355B8294766} = {4B785E7E-2F35-4198-BD73-D2B861E5518A}
		{0A18018C-95CA-43CB-BFBF-5DB086E93009} = {0FEB6ADF-29FD-48CE-AE0F-9E19E9209795}
		{5FB1A4D7-D13E-47C3-9152-3890B8CA9C37} = {0FEB6ADF-29FD-48CE-AE0F-9E19E9209795}
		{A4F83D0D-9140-45F5-A5DD-4507D4222999} = {9FEDAEFB-297C-4201-8FAA-F502F94CAFED}
		{3438BB8F-41E1-4E58-A57D-0085274A911C} = {9FEDAEFB-297C-4201-8FAA-F502F94CAFED}
		{CDC617CE-4A7E-435C-B9C1-235F9C7C3DE1} = {9FEDAEFB-297C-4201-8FAA-F502F94CAFED}
		{EA28BE30-46FC-4717-9673-CC192CE8C24D} = {1EC1EEFF-3888-4125-9229-623C564F3E7E}
		{51739EEB-43EA-4621-A306-C99BE1A7361B} = {1EC1EEFF-3888-4125-9229-623C564F3E7E}
		{FCDBFBC0-DD30-4E11-A925-750F62809958} = {3438BB8F-41E1-4E58-A57D-0085274A911C}
		{DD5C8345-6785-48E6-9A98-074012A02628} = {3438BB8F-41E1-4E58-A57D-0085274A911C}
		{D8D7607A-8283-4776-94AB-5614038E58E2} = {1EC1EEFF-3888-4125-9229-623C564F3E7E}
		{397528BB-8E1A-4715-B364-AB398761A8FD} = {1EC1EEFF-3888-4125-9229-623C564F3E7E}
		{0842B8AC-FD89-4CD0-B8AB-58D179B48689} = {4B785E7E-2F35-4198-BD73-D2B861E5518A}
		{D97F5F12-7552-4B22-B6AD-FC373229B64E} = {02EA681E-C7D8-13C7-8484-4AC65E1B71E8}
		{BA603EB3-D4FF-4002-B122-7165BD90B501} = {02EA681E-C7D8-13C7-8484-4AC65E1B71E8}
		{86BE47AD-DCB7-4BE3-8E4A-F0C37782FA88} = {9FEDAEFB-297C-4201-8FAA-F502F94CAFED}
		{A70170E9-C423-4942-951A-32FE855319B8} = {86BE47AD-DCB7-4BE3-8E4A-F0C37782FA88}
		{B9DE225A-98DF-4CC9-A69E-7F169F0E07BE} = {9FEDAEFB-297C-4201-8FAA-F502F94CAFED}
		{93366A8D-A1BE-4D56-8F26-E34ECCC2054F} = {1EC1EEFF-3888-4125-9229-623C564F3E7E}
		{C875072F-03CA-4EC5-B29B-077BA82B8B7C} = {833DEA57-A970-418C-831C-2355B8294766}
		{73908928-A1CB-4BD1-A685-B776AB9C40A8} = {833DEA57-A970-418C-831C-2355B8294766}
		{5957A7C4-EE37-4A3D-8DA2-0D49ECD50F48} = {1EC1EEFF-3888-4125-9229-623C564F3E7E}
		{8DBB7C7B-5113-41CB-8431-21DE187008EA} = {1EC1EEFF-3888-4125-9229-623C564F3E7E}
		{75AF6146-6E63-4041-9D91-59ABDA1C016D} = {CDC617CE-4A7E-435C-B9C1-235F9C7C3DE1}
		{2E988094-CD23-4D1A-A713-2AE9D5B08560} = {833DEA57-A970-418C-831C-2355B8294766}
		{9FE95EAA-8642-45B7-A3BF-84034180254B} = {4B785E7E-2F35-4198-BD73-D2B861E5518A}
		{601D6398-91FB-4647-ADFE-5FEB06946591} = {A4F83D0D-9140-45F5-A5DD-4507D4222999}
		{D4F39F36-1A74-4AD6-88E3-F669A922044D} = {1EC1EEFF-3888-4125-9229-623C564F3E7E}
		{42E5369E-0826-4A66-BA90-A950DDD0F3D7} = {3438BB8F-41E1-4E58-A57D-0085274A911C}
		{C003850A-E14D-D885-9AC5-0B5A9DB86311} = {1EC1EEFF-3888-4125-9229-623C564F3E7E}
		{2E492252-0752-816F-F46A-98917FCAA9B8} = {3438BB8F-41E1-4E58-A57D-0085274A911C}
		{E193DF15-744B-4E70-9409-748DB6E9D189} = {3438BB8F-41E1-4E58-A57D-0085274A911C}
		{11EF8C26-FA99-1C45-F12C-39DD82C4213D} = {CDC617CE-4A7E-435C-B9C1-235F9C7C3DE1}
		{6E4BC71B-2D0C-2C14-7295-3AA7E8F06E4D} = {1EC1EEFF-3888-4125-9229-623C564F3E7E}
		{531D7040-CDF9-4705-989D-37CABD18E337} = {833DEA57-A970-418C-831C-2355B8294766}
		{5252F1F9-768A-45FE-8584-144D5CA54E22} = {1EC1EEFF-3888-4125-9229-623C564F3E7E}
		{B3159118-64CA-4E0B-B6FA-D0E20D36A67E} = {A4F83D0D-9140-45F5-A5DD-4507D4222999}
		{26D92F86-DF70-A02C-0C30-29A1F2BAE34D} = {833DEA57-A970-418C-831C-2355B8294766}
		{63934109-3643-48FA-A37C-350FB1805E98} = {02EA681E-C7D8-13C7-8484-4AC65E1B71E8}
		{51336E1E-6B35-4E9A-838A-3C9365871A73} = {CDC617CE-4A7E-435C-B9C1-235F9C7C3DE1}
		{72FA453A-01CE-F11D-67EB-CD49AC2A53BF} = {3438BB8F-41E1-4E58-A57D-0085274A911C}
		{AB56F232-7489-C143-CD2A-32201D73B6C1} = {833DEA57-A970-418C-831C-2355B8294766}
		{02EA681E-C7D8-13C7-8484-4AC65E1B71E8} = {4B785E7E-2F35-4198-BD73-D2B861E5518A}
		{7B00D2F4-E46B-4BCF-9E41-4C9DE1337B17} = {4B785E7E-2F35-4198-BD73-D2B861E5518A}
		{42F89687-B30C-4687-06F1-409A7E0747A5} = {7B00D2F4-E46B-4BCF-9E41-4C9DE1337B17}
		{446D69E6-0A59-01E0-B8AB-D8714F1119F1} = {1EC1EEFF-3888-4125-9229-623C564F3E7E}
		{E109C63C-037D-D359-4160-7FC2DD83C914} = {1EC1EEFF-3888-4125-9229-623C564F3E7E}
		{ECE82461-2125-0885-FE92-BB716F7C64FE} = {3438BB8F-41E1-4E58-A57D-0085274A911C}
		{455BFAAC-ED00-4A93-991A-779698C52D3E} = {4B785E7E-2F35-4198-BD73-D2B861E5518A}
		{7DF908B3-503D-51C2-3675-626DC2895B77} = {455BFAAC-ED00-4A93-991A-779698C52D3E}
		{3A4AC9FB-7062-133D-5F88-5137ACBD7395} = {02EA681E-C7D8-13C7-8484-4AC65E1B71E8}
		{8124BAEE-69F1-62E2-A570-F759B4FF24A5} = {314C6247-30EA-3492-19B6-DF847E3B326F}
		{0615A104-BD93-42DB-B19E-76EC4A588F77} = {A4F83D0D-9140-45F5-A5DD-4507D4222999}
		{558CD4D8-860E-517D-8F47-56112FF6CD9F} = {314C6247-30EA-3492-19B6-DF847E3B326F}
		{C773F660-B911-B026-7EE4-E53330D27EE4} = {558CD4D8-860E-517D-8F47-56112FF6CD9F}
		{E1F9D0FE-DFDE-08B5-5991-34C2D7863178} = {558CD4D8-860E-517D-8F47-56112FF6CD9F}
		{8BE78415-A1F3-8315-3481-DE27B8A86694} = {8124BAEE-69F1-62E2-A570-F759B4FF24A5}
		{5363A013-9355-4B7F-B418-95BAF7E46F62} = {3438BB8F-41E1-4E58-A57D-0085274A911C}
	EndGlobalSection
	GlobalSection(ExtensibilityGlobals) = postSolution
		FileExplorer = ..\
		SolutionGuid = {0D5D0CA3-C6B8-436C-82B0-39820C8A13FA}
	EndGlobalSection
EndGlobal
