
Microsoft Visual Studio Solution File, Format Version 12.00
# Visual Studio Version 17
VisualStudioVersion = 17.0.31903.59
MinimumVisualStudioVersion = 10.0.40219.1
Project("{2150E333-8FDC-42A3-9474-1A3956D46DE8}") = "ExxerFactor", "ExxerFactor", "{21F4D6D0-802C-55D3-0C67-7EE0D8A660EC}"
EndProject
Project("{FAE04EC0-301F-11D3-BF4B-00C04F79EFBC}") = "ExxerFactor.Mcp.Core", "ExxerFactor\ExxerFactor.Mcp.Core\ExxerFactor.Mcp.Core.csproj", "{1606FFF7-0B30-4075-A571-0E61946D0214}"
EndProject
Project("{2150E333-8FDC-42A3-9474-1A3956D46DE8}") = "ExxerFactor.Mcp.ConsoleApp", "ExxerFactor.Mcp.ConsoleApp", "{912EEE60-CC47-FE23-4B76-1262587F2174}"
EndProject
Project("{FAE04EC0-301F-11D3-BF4B-00C04F79EFBC}") = "ExxerFactor.Mcp.App", "ExxerFactor\ExxerFactor.Mcp.ConsoleApp\ExxerFactor.Mcp.App.csproj", "{243124C6-F5A8-4C01-ABFB-F457CD0ACB97}"
EndProject
Project("{FAE04EC0-301F-11D3-BF4B-00C04F79EFBC}") = "ExxerFactor.Mcp.Web", "ExxerFactor\ExxerFactor.Mcp.Web\ExxerFactor.Mcp.Web.csproj", "{40792D23-0C7F-4E81-94A2-918380DA378C}"
EndProject
Project("{FAE04EC0-301F-11D3-BF4B-00C04F79EFBC}") = "ExxerFactor.Mcp.Server", "ExxerFactor\ExxerFactor.Mcp.Server\ExxerFactor.Mcp.Server.csproj", "{7546BE62-C264-488B-A0F1-EECE81C4BB26}"
EndProject
Project("{2150E333-8FDC-42A3-9474-1A3956D46DE8}") = "ExxerFactor.Rules", "ExxerFactor.Rules", "{F8A7E76A-611B-919D-3629-D5EF950C666F}"
EndProject
Project("{FAE04EC0-301F-11D3-BF4B-00C04F79EFBC}") = "ExxerFactor.Mcp.Core.Tests", "ExxerFactor.Rules\ExxerFactor.Mcp.Core.Tests\ExxerFactor.Mcp.Core.Tests.csproj", "{DF443F55-ADF0-4A85-BA42-DDAD3BB949C6}"
EndProject
Project("{FAE04EC0-301F-11D3-BF4B-00C04F79EFBC}") = "ExxerFactor.Mcp.Tests", "ExxerFactor.Rules\ExxerFactor.Mcp.Tests\ExxerFactor.Mcp.Tests.csproj", "{20657EE5-6665-453D-BC44-394D14DE8D25}"
EndProject
Project("{FAE04EC0-301F-11D3-BF4B-00C04F79EFBC}") = "ExxerFactor.Mcp.Server.Tests", "ExxerFactor.Rules\ExxerFactor.Mcp.Server.Tests\ExxerFactor.Mcp.Server.Tests.csproj", "{29486F48-366C-4551-9B6C-195D4BF5800A}"
EndProject
Project("{FAE04EC0-301F-11D3-BF4B-00C04F79EFBC}") = "ExxerFactor.Mcp.Web.Tests", "ExxerFactor.Rules\ExxerFactor.Mcp.Web.Tests\ExxerFactor.Mcp.Web.Tests.csproj", "{A544251A-007F-4B61-9359-AE64F0492AAA}"
EndProject
Project("{2150E333-8FDC-42A3-9474-1A3956D46DE8}") = "ExxerRules", "ExxerRules", "{2895BD4F-1660-F54C-F1EA-94BE37742C56}"
EndProject
Project("{FAE04EC0-301F-11D3-BF4B-00C04F79EFBC}") = "ExxerRules.Analyzers", "ExxerRules\ExxerRules.Analyzers\ExxerRules.Analyzers.csproj", "{DC8B981E-DB45-47ED-B10B-F9141FA2DBA5}"
EndProject
Project("{FAE04EC0-301F-11D3-BF4B-00C04F79EFBC}") = "ExxerRules.CodeFixes", "ExxerRules\ExxerRules.CodeFixes\ExxerRules.CodeFixes.csproj", "{19E6153F-C2F2-4189-AB50-C1E1314261D3}"
EndProject
Project("{FAE04EC0-301F-11D3-BF4B-00C04F79EFBC}") = "ExxerRules.NuGet", "ExxerRules\ExxerRules.NuGet\ExxerRules.NuGet.csproj", "{44669E9D-D961-429E-BF4F-B33DC236B654}"
EndProject
Project("{2150E333-8FDC-42A3-9474-1A3956D46DE8}") = "VS", "VS", "{46211254-3D49-D95C-9D2B-5B258B5A5DD8}"
EndProject
Project("{FAE04EC0-301F-11D3-BF4B-00C04F79EFBC}") = "TestRunner", "VS\TestRunner.csproj", "{6B2D9A48-6303-4BA7-8FFF-4731922048DE}"
EndProject
Project("{FAE04EC0-301F-11D3-BF4B-00C04F79EFBC}") = "StrykerRunner", "VS\StrykerRunner.csproj", "{A36DB7A4-5B50-4585-93C2-C499B13CE658}"
EndProject
Project("{2150E333-8FDC-42A3-9474-1A3956D46DE8}") = "Solution Items", "Solution Items", "{8EC462FD-D22E-90A8-E5CE-7E832BA40C5D}"
	ProjectSection(SolutionItems) = preProject
		Directory.Build.props = Directory.Build.props
		Directory.Packages.props = Directory.Packages.props
	EndProjectSection
EndProject
Global
	GlobalSection(SolutionConfigurationPlatforms) = preSolution
		Debug|Any CPU = Debug|Any CPU
		Debug|x64 = Debug|x64
		Debug|x86 = Debug|x86
		Release|Any CPU = Release|Any CPU
		Release|x64 = Release|x64
		Release|x86 = Release|x86
	EndGlobalSection
	GlobalSection(ProjectConfigurationPlatforms) = postSolution
		{1606FFF7-0B30-4075-A571-0E61946D0214}.Debug|Any CPU.ActiveCfg = Debug|Any CPU
		{1606FFF7-0B30-4075-A571-0E61946D0214}.Debug|Any CPU.Build.0 = Debug|Any CPU
		{1606FFF7-0B30-4075-A571-0E61946D0214}.Debug|x64.ActiveCfg = Debug|Any CPU
		{1606FFF7-0B30-4075-A571-0E61946D0214}.Debug|x64.Build.0 = Debug|Any CPU
		{1606FFF7-0B30-4075-A571-0E61946D0214}.Debug|x86.ActiveCfg = Debug|Any CPU
		{1606FFF7-0B30-4075-A571-0E61946D0214}.Debug|x86.Build.0 = Debug|Any CPU
		{1606FFF7-0B30-4075-A571-0E61946D0214}.Release|Any CPU.ActiveCfg = Release|Any CPU
		{1606FFF7-0B30-4075-A571-0E61946D0214}.Release|Any CPU.Build.0 = Release|Any CPU
		{1606FFF7-0B30-4075-A571-0E61946D0214}.Release|x64.ActiveCfg = Release|Any CPU
		{1606FFF7-0B30-4075-A571-0E61946D0214}.Release|x64.Build.0 = Release|Any CPU
		{1606FFF7-0B30-4075-A571-0E61946D0214}.Release|x86.ActiveCfg = Release|Any CPU
		{1606FFF7-0B30-4075-A571-0E61946D0214}.Release|x86.Build.0 = Release|Any CPU
		{243124C6-F5A8-4C01-ABFB-F457CD0ACB97}.Debug|Any CPU.ActiveCfg = Debug|Any CPU
		{243124C6-F5A8-4C01-ABFB-F457CD0ACB97}.Debug|Any CPU.Build.0 = Debug|Any CPU
		{243124C6-F5A8-4C01-ABFB-F457CD0ACB97}.Debug|x64.ActiveCfg = Debug|Any CPU
		{243124C6-F5A8-4C01-ABFB-F457CD0ACB97}.Debug|x64.Build.0 = Debug|Any CPU
		{243124C6-F5A8-4C01-ABFB-F457CD0ACB97}.Debug|x86.ActiveCfg = Debug|Any CPU
		{243124C6-F5A8-4C01-ABFB-F457CD0ACB97}.Debug|x86.Build.0 = Debug|Any CPU
		{243124C6-F5A8-4C01-ABFB-F457CD0ACB97}.Release|Any CPU.ActiveCfg = Release|Any CPU
		{243124C6-F5A8-4C01-ABFB-F457CD0ACB97}.Release|Any CPU.Build.0 = Release|Any CPU
		{243124C6-F5A8-4C01-ABFB-F457CD0ACB97}.Release|x64.ActiveCfg = Release|Any CPU
		{243124C6-F5A8-4C01-ABFB-F457CD0ACB97}.Release|x64.Build.0 = Release|Any CPU
		{243124C6-F5A8-4C01-ABFB-F457CD0ACB97}.Release|x86.ActiveCfg = Release|Any CPU
		{243124C6-F5A8-4C01-ABFB-F457CD0ACB97}.Release|x86.Build.0 = Release|Any CPU
		{40792D23-0C7F-4E81-94A2-918380DA378C}.Debug|Any CPU.ActiveCfg = Debug|Any CPU
		{40792D23-0C7F-4E81-94A2-918380DA378C}.Debug|Any CPU.Build.0 = Debug|Any CPU
		{40792D23-0C7F-4E81-94A2-918380DA378C}.Debug|x64.ActiveCfg = Debug|Any CPU
		{40792D23-0C7F-4E81-94A2-918380DA378C}.Debug|x64.Build.0 = Debug|Any CPU
		{40792D23-0C7F-4E81-94A2-918380DA378C}.Debug|x86.ActiveCfg = Debug|Any CPU
		{40792D23-0C7F-4E81-94A2-918380DA378C}.Debug|x86.Build.0 = Debug|Any CPU
		{40792D23-0C7F-4E81-94A2-918380DA378C}.Release|Any CPU.ActiveCfg = Release|Any CPU
		{40792D23-0C7F-4E81-94A2-918380DA378C}.Release|Any CPU.Build.0 = Release|Any CPU
		{40792D23-0C7F-4E81-94A2-918380DA378C}.Release|x64.ActiveCfg = Release|Any CPU
		{40792D23-0C7F-4E81-94A2-918380DA378C}.Release|x64.Build.0 = Release|Any CPU
		{40792D23-0C7F-4E81-94A2-918380DA378C}.Release|x86.ActiveCfg = Release|Any CPU
		{40792D23-0C7F-4E81-94A2-918380DA378C}.Release|x86.Build.0 = Release|Any CPU
		{7546BE62-C264-488B-A0F1-EECE81C4BB26}.Debug|Any CPU.ActiveCfg = Debug|Any CPU
		{7546BE62-C264-488B-A0F1-EECE81C4BB26}.Debug|Any CPU.Build.0 = Debug|Any CPU
		{7546BE62-C264-488B-A0F1-EECE81C4BB26}.Debug|x64.ActiveCfg = Debug|Any CPU
		{7546BE62-C264-488B-A0F1-EECE81C4BB26}.Debug|x64.Build.0 = Debug|Any CPU
		{7546BE62-C264-488B-A0F1-EECE81C4BB26}.Debug|x86.ActiveCfg = Debug|Any CPU
		{7546BE62-C264-488B-A0F1-EECE81C4BB26}.Debug|x86.Build.0 = Debug|Any CPU
		{7546BE62-C264-488B-A0F1-EECE81C4BB26}.Release|Any CPU.ActiveCfg = Release|Any CPU
		{7546BE62-C264-488B-A0F1-EECE81C4BB26}.Release|Any CPU.Build.0 = Release|Any CPU
		{7546BE62-C264-488B-A0F1-EECE81C4BB26}.Release|x64.ActiveCfg = Release|Any CPU
		{7546BE62-C264-488B-A0F1-EECE81C4BB26}.Release|x64.Build.0 = Release|Any CPU
		{7546BE62-C264-488B-A0F1-EECE81C4BB26}.Release|x86.ActiveCfg = Release|Any CPU
		{7546BE62-C264-488B-A0F1-EECE81C4BB26}.Release|x86.Build.0 = Release|Any CPU
		{DF443F55-ADF0-4A85-BA42-DDAD3BB949C6}.Debug|Any CPU.ActiveCfg = Debug|Any CPU
		{DF443F55-ADF0-4A85-BA42-DDAD3BB949C6}.Debug|Any CPU.Build.0 = Debug|Any CPU
		{DF443F55-ADF0-4A85-BA42-DDAD3BB949C6}.Debug|x64.ActiveCfg = Debug|Any CPU
		{DF443F55-ADF0-4A85-BA42-DDAD3BB949C6}.Debug|x64.Build.0 = Debug|Any CPU
		{DF443F55-ADF0-4A85-BA42-DDAD3BB949C6}.Debug|x86.ActiveCfg = Debug|Any CPU
		{DF443F55-ADF0-4A85-BA42-DDAD3BB949C6}.Debug|x86.Build.0 = Debug|Any CPU
		{DF443F55-ADF0-4A85-BA42-DDAD3BB949C6}.Release|Any CPU.ActiveCfg = Release|Any CPU
		{DF443F55-ADF0-4A85-BA42-DDAD3BB949C6}.Release|Any CPU.Build.0 = Release|Any CPU
		{DF443F55-ADF0-4A85-BA42-DDAD3BB949C6}.Release|x64.ActiveCfg = Release|Any CPU
		{DF443F55-ADF0-4A85-BA42-DDAD3BB949C6}.Release|x64.Build.0 = Release|Any CPU
		{DF443F55-ADF0-4A85-BA42-DDAD3BB949C6}.Release|x86.ActiveCfg = Release|Any CPU
		{DF443F55-ADF0-4A85-BA42-DDAD3BB949C6}.Release|x86.Build.0 = Release|Any CPU
		{20657EE5-6665-453D-BC44-394D14DE8D25}.Debug|Any CPU.ActiveCfg = Debug|Any CPU
		{20657EE5-6665-453D-BC44-394D14DE8D25}.Debug|Any CPU.Build.0 = Debug|Any CPU
		{20657EE5-6665-453D-BC44-394D14DE8D25}.Debug|x64.ActiveCfg = Debug|Any CPU
		{20657EE5-6665-453D-BC44-394D14DE8D25}.Debug|x64.Build.0 = Debug|Any CPU
		{20657EE5-6665-453D-BC44-394D14DE8D25}.Debug|x86.ActiveCfg = Debug|Any CPU
		{20657EE5-6665-453D-BC44-394D14DE8D25}.Debug|x86.Build.0 = Debug|Any CPU
		{20657EE5-6665-453D-BC44-394D14DE8D25}.Release|Any CPU.ActiveCfg = Release|Any CPU
		{20657EE5-6665-453D-BC44-394D14DE8D25}.Release|Any CPU.Build.0 = Release|Any CPU
		{20657EE5-6665-453D-BC44-394D14DE8D25}.Release|x64.ActiveCfg = Release|Any CPU
		{20657EE5-6665-453D-BC44-394D14DE8D25}.Release|x64.Build.0 = Release|Any CPU
		{20657EE5-6665-453D-BC44-394D14DE8D25}.Release|x86.ActiveCfg = Release|Any CPU
		{20657EE5-6665-453D-BC44-394D14DE8D25}.Release|x86.Build.0 = Release|Any CPU
		{29486F48-366C-4551-9B6C-195D4BF5800A}.Debug|Any CPU.ActiveCfg = Debug|Any CPU
		{29486F48-366C-4551-9B6C-195D4BF5800A}.Debug|Any CPU.Build.0 = Debug|Any CPU
		{29486F48-366C-4551-9B6C-195D4BF5800A}.Debug|x64.ActiveCfg = Debug|Any CPU
		{29486F48-366C-4551-9B6C-195D4BF5800A}.Debug|x64.Build.0 = Debug|Any CPU
		{29486F48-366C-4551-9B6C-195D4BF5800A}.Debug|x86.ActiveCfg = Debug|Any CPU
		{29486F48-366C-4551-9B6C-195D4BF5800A}.Debug|x86.Build.0 = Debug|Any CPU
		{29486F48-366C-4551-9B6C-195D4BF5800A}.Release|Any CPU.ActiveCfg = Release|Any CPU
		{29486F48-366C-4551-9B6C-195D4BF5800A}.Release|Any CPU.Build.0 = Release|Any CPU
		{29486F48-366C-4551-9B6C-195D4BF5800A}.Release|x64.ActiveCfg = Release|Any CPU
		{29486F48-366C-4551-9B6C-195D4BF5800A}.Release|x64.Build.0 = Release|Any CPU
		{29486F48-366C-4551-9B6C-195D4BF5800A}.Release|x86.ActiveCfg = Release|Any CPU
		{29486F48-366C-4551-9B6C-195D4BF5800A}.Release|x86.Build.0 = Release|Any CPU
		{A544251A-007F-4B61-9359-AE64F0492AAA}.Debug|Any CPU.ActiveCfg = Debug|Any CPU
		{A544251A-007F-4B61-9359-AE64F0492AAA}.Debug|Any CPU.Build.0 = Debug|Any CPU
		{A544251A-007F-4B61-9359-AE64F0492AAA}.Debug|x64.ActiveCfg = Debug|Any CPU
		{A544251A-007F-4B61-9359-AE64F0492AAA}.Debug|x64.Build.0 = Debug|Any CPU
		{A544251A-007F-4B61-9359-AE64F0492AAA}.Debug|x86.ActiveCfg = Debug|Any CPU
		{A544251A-007F-4B61-9359-AE64F0492AAA}.Debug|x86.Build.0 = Debug|Any CPU
		{A544251A-007F-4B61-9359-AE64F0492AAA}.Release|Any CPU.ActiveCfg = Release|Any CPU
		{A544251A-007F-4B61-9359-AE64F0492AAA}.Release|Any CPU.Build.0 = Release|Any CPU
		{A544251A-007F-4B61-9359-AE64F0492AAA}.Release|x64.ActiveCfg = Release|Any CPU
		{A544251A-007F-4B61-9359-AE64F0492AAA}.Release|x64.Build.0 = Release|Any CPU
		{A544251A-007F-4B61-9359-AE64F0492AAA}.Release|x86.ActiveCfg = Release|Any CPU
		{A544251A-007F-4B61-9359-AE64F0492AAA}.Release|x86.Build.0 = Release|Any CPU
		{DC8B981E-DB45-47ED-B10B-F9141FA2DBA5}.Debug|Any CPU.ActiveCfg = Debug|Any CPU
		{DC8B981E-DB45-47ED-B10B-F9141FA2DBA5}.Debug|Any CPU.Build.0 = Debug|Any CPU
		{DC8B981E-DB45-47ED-B10B-F9141FA2DBA5}.Debug|x64.ActiveCfg = Debug|Any CPU
		{DC8B981E-DB45-47ED-B10B-F9141FA2DBA5}.Debug|x64.Build.0 = Debug|Any CPU
		{DC8B981E-DB45-47ED-B10B-F9141FA2DBA5}.Debug|x86.ActiveCfg = Debug|Any CPU
		{DC8B981E-DB45-47ED-B10B-F9141FA2DBA5}.Debug|x86.Build.0 = Debug|Any CPU
		{DC8B981E-DB45-47ED-B10B-F9141FA2DBA5}.Release|Any CPU.ActiveCfg = Release|Any CPU
		{DC8B981E-DB45-47ED-B10B-F9141FA2DBA5}.Release|Any CPU.Build.0 = Release|Any CPU
		{DC8B981E-DB45-47ED-B10B-F9141FA2DBA5}.Release|x64.ActiveCfg = Release|Any CPU
		{DC8B981E-DB45-47ED-B10B-F9141FA2DBA5}.Release|x64.Build.0 = Release|Any CPU
		{DC8B981E-DB45-47ED-B10B-F9141FA2DBA5}.Release|x86.ActiveCfg = Release|Any CPU
		{DC8B981E-DB45-47ED-B10B-F9141FA2DBA5}.Release|x86.Build.0 = Release|Any CPU
		{19E6153F-C2F2-4189-AB50-C1E1314261D3}.Debug|Any CPU.ActiveCfg = Debug|Any CPU
		{19E6153F-C2F2-4189-AB50-C1E1314261D3}.Debug|Any CPU.Build.0 = Debug|Any CPU
		{19E6153F-C2F2-4189-AB50-C1E1314261D3}.Debug|x64.ActiveCfg = Debug|Any CPU
		{19E6153F-C2F2-4189-AB50-C1E1314261D3}.Debug|x64.Build.0 = Debug|Any CPU
		{19E6153F-C2F2-4189-AB50-C1E1314261D3}.Debug|x86.ActiveCfg = Debug|Any CPU
		{19E6153F-C2F2-4189-AB50-C1E1314261D3}.Debug|x86.Build.0 = Debug|Any CPU
		{19E6153F-C2F2-4189-AB50-C1E1314261D3}.Release|Any CPU.ActiveCfg = Release|Any CPU
		{19E6153F-C2F2-4189-AB50-C1E1314261D3}.Release|Any CPU.Build.0 = Release|Any CPU
		{19E6153F-C2F2-4189-AB50-C1E1314261D3}.Release|x64.ActiveCfg = Release|Any CPU
		{19E6153F-C2F2-4189-AB50-C1E1314261D3}.Release|x64.Build.0 = Release|Any CPU
		{19E6153F-C2F2-4189-AB50-C1E1314261D3}.Release|x86.ActiveCfg = Release|Any CPU
		{19E6153F-C2F2-4189-AB50-C1E1314261D3}.Release|x86.Build.0 = Release|Any CPU
		{44669E9D-D961-429E-BF4F-B33DC236B654}.Debug|Any CPU.ActiveCfg = Debug|Any CPU
		{44669E9D-D961-429E-BF4F-B33DC236B654}.Debug|Any CPU.Build.0 = Debug|Any CPU
		{44669E9D-D961-429E-BF4F-B33DC236B654}.Debug|x64.ActiveCfg = Debug|Any CPU
		{44669E9D-D961-429E-BF4F-B33DC236B654}.Debug|x64.Build.0 = Debug|Any CPU
		{44669E9D-D961-429E-BF4F-B33DC236B654}.Debug|x86.ActiveCfg = Debug|Any CPU
		{44669E9D-D961-429E-BF4F-B33DC236B654}.Debug|x86.Build.0 = Debug|Any CPU
		{44669E9D-D961-429E-BF4F-B33DC236B654}.Release|Any CPU.ActiveCfg = Release|Any CPU
		{44669E9D-D961-429E-BF4F-B33DC236B654}.Release|Any CPU.Build.0 = Release|Any CPU
		{44669E9D-D961-429E-BF4F-B33DC236B654}.Release|x64.ActiveCfg = Release|Any CPU
		{44669E9D-D961-429E-BF4F-B33DC236B654}.Release|x64.Build.0 = Release|Any CPU
		{44669E9D-D961-429E-BF4F-B33DC236B654}.Release|x86.ActiveCfg = Release|Any CPU
		{44669E9D-D961-429E-BF4F-B33DC236B654}.Release|x86.Build.0 = Release|Any CPU
		{6B2D9A48-6303-4BA7-8FFF-4731922048DE}.Debug|Any CPU.ActiveCfg = Debug|Any CPU
		{6B2D9A48-6303-4BA7-8FFF-4731922048DE}.Debug|Any CPU.Build.0 = Debug|Any CPU
		{6B2D9A48-6303-4BA7-8FFF-4731922048DE}.Debug|x64.ActiveCfg = Debug|Any CPU
		{6B2D9A48-6303-4BA7-8FFF-4731922048DE}.Debug|x64.Build.0 = Debug|Any CPU
		{6B2D9A48-6303-4BA7-8FFF-4731922048DE}.Debug|x86.ActiveCfg = Debug|Any CPU
		{6B2D9A48-6303-4BA7-8FFF-4731922048DE}.Debug|x86.Build.0 = Debug|Any CPU
		{6B2D9A48-6303-4BA7-8FFF-4731922048DE}.Release|Any CPU.ActiveCfg = Release|Any CPU
		{6B2D9A48-6303-4BA7-8FFF-4731922048DE}.Release|Any CPU.Build.0 = Release|Any CPU
		{6B2D9A48-6303-4BA7-8FFF-4731922048DE}.Release|x64.ActiveCfg = Release|Any CPU
		{6B2D9A48-6303-4BA7-8FFF-4731922048DE}.Release|x64.Build.0 = Release|Any CPU
		{6B2D9A48-6303-4BA7-8FFF-4731922048DE}.Release|x86.ActiveCfg = Release|Any CPU
		{6B2D9A48-6303-4BA7-8FFF-4731922048DE}.Release|x86.Build.0 = Release|Any CPU
		{A36DB7A4-5B50-4585-93C2-C499B13CE658}.Debug|Any CPU.ActiveCfg = Debug|Any CPU
		{A36DB7A4-5B50-4585-93C2-C499B13CE658}.Debug|Any CPU.Build.0 = Debug|Any CPU
		{A36DB7A4-5B50-4585-93C2-C499B13CE658}.Debug|x64.ActiveCfg = Debug|Any CPU
		{A36DB7A4-5B50-4585-93C2-C499B13CE658}.Debug|x64.Build.0 = Debug|Any CPU
		{A36DB7A4-5B50-4585-93C2-C499B13CE658}.Debug|x86.ActiveCfg = Debug|Any CPU
		{A36DB7A4-5B50-4585-93C2-C499B13CE658}.Debug|x86.Build.0 = Debug|Any CPU
		{A36DB7A4-5B50-4585-93C2-C499B13CE658}.Release|Any CPU.ActiveCfg = Release|Any CPU
		{A36DB7A4-5B50-4585-93C2-C499B13CE658}.Release|Any CPU.Build.0 = Release|Any CPU
		{A36DB7A4-5B50-4585-93C2-C499B13CE658}.Release|x64.ActiveCfg = Release|Any CPU
		{A36DB7A4-5B50-4585-93C2-C499B13CE658}.Release|x64.Build.0 = Release|Any CPU
		{A36DB7A4-5B50-4585-93C2-C499B13CE658}.Release|x86.ActiveCfg = Release|Any CPU
		{A36DB7A4-5B50-4585-93C2-C499B13CE658}.Release|x86.Build.0 = Release|Any CPU
	EndGlobalSection
	GlobalSection(SolutionProperties) = preSolution
		HideSolutionNode = FALSE
	EndGlobalSection
	GlobalSection(NestedProjects) = preSolution
		{1606FFF7-0B30-4075-A571-0E61946D0214} = {21F4D6D0-802C-55D3-0C67-7EE0D8A660EC}
		{912EEE60-CC47-FE23-4B76-1262587F2174} = {21F4D6D0-802C-55D3-0C67-7EE0D8A660EC}
		{243124C6-F5A8-4C01-ABFB-F457CD0ACB97} = {912EEE60-CC47-FE23-4B76-1262587F2174}
		{40792D23-0C7F-4E81-94A2-918380DA378C} = {21F4D6D0-802C-55D3-0C67-7EE0D8A660EC}
		{7546BE62-C264-488B-A0F1-EECE81C4BB26} = {21F4D6D0-802C-55D3-0C67-7EE0D8A660EC}
		{DF443F55-ADF0-4A85-BA42-DDAD3BB949C6} = {F8A7E76A-611B-919D-3629-D5EF950C666F}
		{20657EE5-6665-453D-BC44-394D14DE8D25} = {F8A7E76A-611B-919D-3629-D5EF950C666F}
		{29486F48-366C-4551-9B6C-195D4BF5800A} = {F8A7E76A-611B-919D-3629-D5EF950C666F}
		{A544251A-007F-4B61-9359-AE64F0492AAA} = {F8A7E76A-611B-919D-3629-D5EF950C666F}
		{DC8B981E-DB45-47ED-B10B-F9141FA2DBA5} = {2895BD4F-1660-F54C-F1EA-94BE37742C56}
		{19E6153F-C2F2-4189-AB50-C1E1314261D3} = {2895BD4F-1660-F54C-F1EA-94BE37742C56}
		{44669E9D-D961-429E-BF4F-B33DC236B654} = {2895BD4F-1660-F54C-F1EA-94BE37742C56}
		{6B2D9A48-6303-4BA7-8FFF-4731922048DE} = {46211254-3D49-D95C-9D2B-5B258B5A5DD8}
		{A36DB7A4-5B50-4585-93C2-C499B13CE658} = {46211254-3D49-D95C-9D2B-5B258B5A5DD8}
	EndGlobalSection
EndGlobal
