
Microsoft Visual Studio Solution File, Format Version 12.00
# Visual Studio Version 17
VisualStudioVersion = 17.0.31903.59
MinimumVisualStudioVersion = 10.0.40219.1
Project("{2150E333-8FDC-42A3-9474-1A3956D46DE8}") = "ExxerFactor", "ExxerFactor", "{21F4D6D0-802C-55D3-0C67-7EE0D8A660EC}"
EndProject
Project("{FAE04EC0-301F-11D3-BF4B-00C04F79EFBC}") = "ExxerFactor.Mcp.Core", "ExxerFactor\ExxerFactor.Mcp.Core\ExxerFactor.Mcp.Core.csproj", "{1606FFF7-0B30-4075-A571-0E61946D0214}"
EndProject
Project("{2150E333-8FDC-42A3-9474-1A3956D46DE8}") = "ExxerFactor.Mcp.ConsoleApp", "ExxerFactor.Mcp.ConsoleApp", "{912EEE60-CC47-FE23-4B76-1262587F2174}"
EndProject
Project("{FAE04EC0-301F-11D3-BF4B-00C04F79EFBC}") = "ExxerFactor.Mcp.App", "ExxerFactor\ExxerFactor.Mcp.ConsoleApp\ExxerFactor.Mcp.App.csproj", "{243124C6-F5A8-4C01-ABFB-F457CD0ACB97}"
EndProject
Project("{FAE04EC0-301F-11D3-BF4B-00C04F79EFBC}") = "ExxerFactor.Mcp.Web", "ExxerFactor\ExxerFactor.Mcp.Web\ExxerFactor.Mcp.Web.csproj", "{40792D23-0C7F-4E81-94A2-918380DA378C}"
EndProject
Project("{FAE04EC0-301F-11D3-BF4B-00C04F79EFBC}") = "ExxerFactor.Mcp.Server", "ExxerFactor\ExxerFactor.Mcp.Server\ExxerFactor.Mcp.Server.csproj", "{7546BE62-C264-488B-A0F1-EECE81C4BB26}"
EndProject
Project("{2150E333-8FDC-42A3-9474-1A3956D46DE8}") = "ExxerFactor.Rules", "ExxerFactor.Rules", "{F8A7E76A-611B-919D-3629-D5EF950C666F}"
EndProject
Project("{FAE04EC0-301F-11D3-BF4B-00C04F79EFBC}") = "ExxerFactor.Mcp.Core.Tests", "ExxerFactor.Rules\ExxerFactor.Mcp.Core.Tests\ExxerFactor.Mcp.Core.Tests.csproj", "{DF443F55-ADF0-4A85-BA42-DDAD3BB949C6}"
EndProject
Project("{FAE04EC0-301F-11D3-BF4B-00C04F79EFBC}") = "ExxerFactor.Mcp.Tests", "ExxerFactor.Rules\ExxerFactor.Mcp.Tests\ExxerFactor.Mcp.Tests.csproj", "{20657EE5-6665-453D-BC44-394D14DE8D25}"
EndProject
Project("{FAE04EC0-301F-11D3-BF4B-00C04F79EFBC}") = "ExxerFactor.Mcp.Server.Tests", "ExxerFactor.Rules\ExxerFactor.Mcp.Server.Tests\ExxerFactor.Mcp.Server.Tests.csproj", "{29486F48-366C-4551-9B6C-195D4BF5800A}"
EndProject
Project("{FAE04EC0-301F-11D3-BF4B-00C04F79EFBC}") = "ExxerFactor.Mcp.Web.Tests", "ExxerFactor.Rules\ExxerFactor.Mcp.Web.Tests\ExxerFactor.Mcp.Web.Tests.csproj", "{A544251A-007F-4B61-9359-AE64F0492AAA}"
EndProject
Project("{2150E333-8FDC-42A3-9474-1A3956D46DE8}") = "ExxerRules", "ExxerRules", "{2895BD4F-1660-F54C-F1EA-94BE37742C56}"
EndProject
Project("{FAE04EC0-301F-11D3-BF4B-00C04F79EFBC}") = "ExxerRules.Analyzers", "ExxerRules\ExxerRules.Analyzers\ExxerRules.Analyzers.csproj", "{DC8B981E-DB45-47ED-B10B-F9141FA2DBA5}"
EndProject
Project("{FAE04EC0-301F-11D3-BF4B-00C04F79EFBC}") = "ExxerRules.CodeFixes", "ExxerRules\ExxerRules.CodeFixes\ExxerRules.CodeFixes.csproj", "{19E6153F-C2F2-4189-AB50-C1E1314261D3}"
EndProject
Project("{FAE04EC0-301F-11D3-BF4B-00C04F79EFBC}") = "ExxerRules.NuGet", "ExxerRules\ExxerRules.NuGet\ExxerRules.NuGet.csproj", "{44669E9D-D961-429E-BF4F-B33DC236B654}"
EndProject
Project("{2150E333-8FDC-42A3-9474-1A3956D46DE8}") = "VS", "VS", "{46211254-3D49-D95C-9D2B-5B258B5A5DD8}"
EndProject
Project("{FAE04EC0-301F-11D3-BF4B-00C04F79EFBC}") = "TestRunner", "VS\TestRunner.csproj", "{6B2D9A48-6303-4BA7-8FFF-4731922048DE}"
EndProject
Project("{FAE04EC0-301F-11D3-BF4B-00C04F79EFBC}") = "StrykerRunner", "VS\StrykerRunner.csproj", "{A36DB7A4-5B50-4585-93C2-C499B13CE658}"
EndProject
Project("{2150E333-8FDC-42A3-9474-1A3956D46DE8}") = "Solution Items", "Solution Items", "{8EC462FD-D22E-90A8-E5CE-7E832BA40C5D}"
	ProjectSection(SolutionItems) = preProject
		Directory.Build.props = Directory.Build.props
		Directory.Packages.props = Directory.Packages.props
	EndProjectSection
EndProject
Project("{2150E333-8FDC-42A3-9474-1A3956D46DE8}") = "code", "code", "{314C6247-30EA-3492-19B6-DF847E3B326F}"
EndProject
Project("{2150E333-8FDC-42A3-9474-1A3956D46DE8}") = "test", "test", "{0C88DD14-F956-CE84-757C-A364CCF449FC}"
EndProject
Project("{2150E333-8FDC-42A3-9474-1A3956D46DE8}") = "IndFusion.Mcp.Core", "IndFusion.Mcp.Core", "{C80BE9E6-1E24-55C8-F17B-629683AB7F23}"
EndProject
Project("{FAE04EC0-301F-11D3-BF4B-00C04F79EFBC}") = "ExxerFactor.Mcp.Core", "code\IndFusion.Mcp.Core\ExxerFactor.Mcp.Core.csproj", "{D70971C0-5A2D-4173-B604-C0B5F5B2B58D}"
EndProject
Project("{2150E333-8FDC-42A3-9474-1A3956D46DE8}") = "IndFusion.Mcp.Server", "IndFusion.Mcp.Server", "{75425994-DC5F-15C7-8958-6137B0E9BB9D}"
EndProject
Project("{FAE04EC0-301F-11D3-BF4B-00C04F79EFBC}") = "ExxerFactor.Mcp.Server", "code\IndFusion.Mcp.Server\ExxerFactor.Mcp.Server.csproj", "{0BF56599-8047-415D-937A-0512681451AD}"
EndProject
Project("{2150E333-8FDC-42A3-9474-1A3956D46DE8}") = "IndFusion.Mcp.Web", "IndFusion.Mcp.Web", "{379C6919-4096-E2FB-360E-D0E4070433CF}"
EndProject
Project("{FAE04EC0-301F-11D3-BF4B-00C04F79EFBC}") = "ExxerFactor.Mcp.Web", "code\IndFusion.Mcp.Web\ExxerFactor.Mcp.Web.csproj", "{47FED566-6B7E-4205-8B89-86729EC4093E}"
EndProject
Project("{2150E333-8FDC-42A3-9474-1A3956D46DE8}") = "IndFusion.Tools.Cli", "IndFusion.Tools.Cli", "{4D535445-5124-5B82-C53D-94FFD5E53C8E}"
EndProject
Project("{FAE04EC0-301F-11D3-BF4B-00C04F79EFBC}") = "ExxerFactor.Mcp.App", "code\IndFusion.Tools.Cli\ExxerFactor.Mcp.App.csproj", "{DC9761B6-4687-44F8-94E1-BB9570BBF873}"
EndProject
Project("{2150E333-8FDC-42A3-9474-1A3956D46DE8}") = "IndFusion.Mcp.Core.Tests", "IndFusion.Mcp.Core.Tests", "{3224EFA0-1D08-2DF6-2A3B-7DB8BB601244}"
EndProject
Project("{FAE04EC0-301F-11D3-BF4B-00C04F79EFBC}") = "ExxerFactor.Mcp.Core.Tests", "test\IndFusion.Mcp.Core.Tests\ExxerFactor.Mcp.Core.Tests.csproj", "{85C9A962-9D88-4B0C-BD4F-8D873A5B8127}"
EndProject
Project("{2150E333-8FDC-42A3-9474-1A3956D46DE8}") = "IndFusion.Mcp.Server.Tests", "IndFusion.Mcp.Server.Tests", "{3B1E38F1-1A58-BCBF-7A8A-E1A88B8267DA}"
EndProject
Project("{FAE04EC0-301F-11D3-BF4B-00C04F79EFBC}") = "ExxerFactor.Mcp.Server.Tests", "test\IndFusion.Mcp.Server.Tests\ExxerFactor.Mcp.Server.Tests.csproj", "{8657CD2D-B4EE-455D-A6B9-68B790D0B815}"
EndProject
Project("{2150E333-8FDC-42A3-9474-1A3956D46DE8}") = "IndFusion.Mcp.Tests", "IndFusion.Mcp.Tests", "{5AE4457F-67F5-8F4F-AB4F-C7E553A810FD}"
EndProject
Project("{FAE04EC0-301F-11D3-BF4B-00C04F79EFBC}") = "ExxerFactor.Mcp.Tests", "test\IndFusion.Mcp.Tests\ExxerFactor.Mcp.Tests.csproj", "{0EA4FC83-960B-4EF1-AB2F-2BDAEAFFC6B4}"
EndProject
Project("{2150E333-8FDC-42A3-9474-1A3956D46DE8}") = "IndFusion.Mcp.Web.Tests", "IndFusion.Mcp.Web.Tests", "{37E82E71-32AB-D117-495B-E8A1EA80BB8C}"
EndProject
Project("{FAE04EC0-301F-11D3-BF4B-00C04F79EFBC}") = "ExxerFactor.Mcp.Web.Tests", "test\IndFusion.Mcp.Web.Tests\ExxerFactor.Mcp.Web.Tests.csproj", "{F5000FA6-D15F-4B1E-9A03-178B0C3DDBC6}"
EndProject
Project("{2150E333-8FDC-42A3-9474-1A3956D46DE8}") = "IndFusion.Analyzer", "IndFusion.Analyzer", "{03815032-7C10-1C98-B666-6477E979F6E4}"
EndProject
Project("{FAE04EC0-301F-11D3-BF4B-00C04F79EFBC}") = "ExxerRules.Analyzers", "code\IndFusion.Analyzer\ExxerRules.Analyzers.csproj", "{733DA7BA-C531-4ADE-95CC-B3F6A95CEC5C}"
EndProject
Project("{2150E333-8FDC-42A3-9474-1A3956D46DE8}") = "IndFusion.Fixer", "IndFusion.Fixer", "{5F2809BD-9B9C-C986-DBE8-DD4260974049}"
EndProject
Project("{FAE04EC0-301F-11D3-BF4B-00C04F79EFBC}") = "ExxerRules.CodeFixes", "code\IndFusion.Fixer\ExxerRules.CodeFixes.csproj", "{D7F8FEF0-800D-4B5C-890F-85CDADF7BB2F}"
EndProject
Project("{2150E333-8FDC-42A3-9474-1A3956D46DE8}") = "IndFusion.Packaging", "IndFusion.Packaging", "{B1575436-67C4-95AC-D303-585D6B92F0E7}"
EndProject
Project("{FAE04EC0-301F-11D3-BF4B-00C04F79EFBC}") = "ExxerRules.NuGet", "code\IndFusion.Packaging\ExxerRules.NuGet.csproj", "{733AE225-EAC6-46B2-B004-B00EAB3D9B06}"
EndProject
Project("{2150E333-8FDC-42A3-9474-1A3956D46DE8}") = "IndFusion.Analyzer.Tests", "IndFusion.Analyzer.Tests", "{4D47F9B7-A44B-96AB-53AC-F7C381FE09C5}"
EndProject
Project("{FAE04EC0-301F-11D3-BF4B-00C04F79EFBC}") = "ExxerRules.Tests", "test\IndFusion.Analyzer.Tests\ExxerRules.Tests.csproj", "{A9C60AEC-D8BC-479D-A59E-83860F075F9B}"
EndProject
Global
	GlobalSection(SolutionConfigurationPlatforms) = preSolution
		Debug|Any CPU = Debug|Any CPU
		Debug|x64 = Debug|x64
		Debug|x86 = Debug|x86
		Release|Any CPU = Release|Any CPU
		Release|x64 = Release|x64
		Release|x86 = Release|x86
	EndGlobalSection
	GlobalSection(ProjectConfigurationPlatforms) = postSolution
		{1606FFF7-0B30-4075-A571-0E61946D0214}.Debug|Any CPU.ActiveCfg = Debug|Any CPU
		{1606FFF7-0B30-4075-A571-0E61946D0214}.Debug|Any CPU.Build.0 = Debug|Any CPU
		{1606FFF7-0B30-4075-A571-0E61946D0214}.Debug|x64.ActiveCfg = Debug|Any CPU
		{1606FFF7-0B30-4075-A571-0E61946D0214}.Debug|x64.Build.0 = Debug|Any CPU
		{1606FFF7-0B30-4075-A571-0E61946D0214}.Debug|x86.ActiveCfg = Debug|Any CPU
		{1606FFF7-0B30-4075-A571-0E61946D0214}.Debug|x86.Build.0 = Debug|Any CPU
		{1606FFF7-0B30-4075-A571-0E61946D0214}.Release|Any CPU.ActiveCfg = Release|Any CPU
		{1606FFF7-0B30-4075-A571-0E61946D0214}.Release|Any CPU.Build.0 = Release|Any CPU
		{1606FFF7-0B30-4075-A571-0E61946D0214}.Release|x64.ActiveCfg = Release|Any CPU
		{1606FFF7-0B30-4075-A571-0E61946D0214}.Release|x64.Build.0 = Release|Any CPU
		{1606FFF7-0B30-4075-A571-0E61946D0214}.Release|x86.ActiveCfg = Release|Any CPU
		{1606FFF7-0B30-4075-A571-0E61946D0214}.Release|x86.Build.0 = Release|Any CPU
		{243124C6-F5A8-4C01-ABFB-F457CD0ACB97}.Debug|Any CPU.ActiveCfg = Debug|Any CPU
		{243124C6-F5A8-4C01-ABFB-F457CD0ACB97}.Debug|Any CPU.Build.0 = Debug|Any CPU
		{243124C6-F5A8-4C01-ABFB-F457CD0ACB97}.Debug|x64.ActiveCfg = Debug|Any CPU
		{243124C6-F5A8-4C01-ABFB-F457CD0ACB97}.Debug|x64.Build.0 = Debug|Any CPU
		{243124C6-F5A8-4C01-ABFB-F457CD0ACB97}.Debug|x86.ActiveCfg = Debug|Any CPU
		{243124C6-F5A8-4C01-ABFB-F457CD0ACB97}.Debug|x86.Build.0 = Debug|Any CPU
		{243124C6-F5A8-4C01-ABFB-F457CD0ACB97}.Release|Any CPU.ActiveCfg = Release|Any CPU
		{243124C6-F5A8-4C01-ABFB-F457CD0ACB97}.Release|Any CPU.Build.0 = Release|Any CPU
		{243124C6-F5A8-4C01-ABFB-F457CD0ACB97}.Release|x64.ActiveCfg = Release|Any CPU
		{243124C6-F5A8-4C01-ABFB-F457CD0ACB97}.Release|x64.Build.0 = Release|Any CPU
		{243124C6-F5A8-4C01-ABFB-F457CD0ACB97}.Release|x86.ActiveCfg = Release|Any CPU
		{243124C6-F5A8-4C01-ABFB-F457CD0ACB97}.Release|x86.Build.0 = Release|Any CPU
		{40792D23-0C7F-4E81-94A2-918380DA378C}.Debug|Any CPU.ActiveCfg = Debug|Any CPU
		{40792D23-0C7F-4E81-94A2-918380DA378C}.Debug|Any CPU.Build.0 = Debug|Any CPU
		{40792D23-0C7F-4E81-94A2-918380DA378C}.Debug|x64.ActiveCfg = Debug|Any CPU
		{40792D23-0C7F-4E81-94A2-918380DA378C}.Debug|x64.Build.0 = Debug|Any CPU
		{40792D23-0C7F-4E81-94A2-918380DA378C}.Debug|x86.ActiveCfg = Debug|Any CPU
		{40792D23-0C7F-4E81-94A2-918380DA378C}.Debug|x86.Build.0 = Debug|Any CPU
		{40792D23-0C7F-4E81-94A2-918380DA378C}.Release|Any CPU.ActiveCfg = Release|Any CPU
		{40792D23-0C7F-4E81-94A2-918380DA378C}.Release|Any CPU.Build.0 = Release|Any CPU
		{40792D23-0C7F-4E81-94A2-918380DA378C}.Release|x64.ActiveCfg = Release|Any CPU
		{40792D23-0C7F-4E81-94A2-918380DA378C}.Release|x64.Build.0 = Release|Any CPU
		{40792D23-0C7F-4E81-94A2-918380DA378C}.Release|x86.ActiveCfg = Release|Any CPU
		{40792D23-0C7F-4E81-94A2-918380DA378C}.Release|x86.Build.0 = Release|Any CPU
		{7546BE62-C264-488B-A0F1-EECE81C4BB26}.Debug|Any CPU.ActiveCfg = Debug|Any CPU
		{7546BE62-C264-488B-A0F1-EECE81C4BB26}.Debug|Any CPU.Build.0 = Debug|Any CPU
		{7546BE62-C264-488B-A0F1-EECE81C4BB26}.Debug|x64.ActiveCfg = Debug|Any CPU
		{7546BE62-C264-488B-A0F1-EECE81C4BB26}.Debug|x64.Build.0 = Debug|Any CPU
		{7546BE62-C264-488B-A0F1-EECE81C4BB26}.Debug|x86.ActiveCfg = Debug|Any CPU
		{7546BE62-C264-488B-A0F1-EECE81C4BB26}.Debug|x86.Build.0 = Debug|Any CPU
		{7546BE62-C264-488B-A0F1-EECE81C4BB26}.Release|Any CPU.ActiveCfg = Release|Any CPU
		{7546BE62-C264-488B-A0F1-EECE81C4BB26}.Release|Any CPU.Build.0 = Release|Any CPU
		{7546BE62-C264-488B-A0F1-EECE81C4BB26}.Release|x64.ActiveCfg = Release|Any CPU
		{7546BE62-C264-488B-A0F1-EECE81C4BB26}.Release|x64.Build.0 = Release|Any CPU
		{7546BE62-C264-488B-A0F1-EECE81C4BB26}.Release|x86.ActiveCfg = Release|Any CPU
		{7546BE62-C264-488B-A0F1-EECE81C4BB26}.Release|x86.Build.0 = Release|Any CPU
		{DF443F55-ADF0-4A85-BA42-DDAD3BB949C6}.Debug|Any CPU.ActiveCfg = Debug|Any CPU
		{DF443F55-ADF0-4A85-BA42-DDAD3BB949C6}.Debug|Any CPU.Build.0 = Debug|Any CPU
		{DF443F55-ADF0-4A85-BA42-DDAD3BB949C6}.Debug|x64.ActiveCfg = Debug|Any CPU
		{DF443F55-ADF0-4A85-BA42-DDAD3BB949C6}.Debug|x64.Build.0 = Debug|Any CPU
		{DF443F55-ADF0-4A85-BA42-DDAD3BB949C6}.Debug|x86.ActiveCfg = Debug|Any CPU
		{DF443F55-ADF0-4A85-BA42-DDAD3BB949C6}.Debug|x86.Build.0 = Debug|Any CPU
		{DF443F55-ADF0-4A85-BA42-DDAD3BB949C6}.Release|Any CPU.ActiveCfg = Release|Any CPU
		{DF443F55-ADF0-4A85-BA42-DDAD3BB949C6}.Release|Any CPU.Build.0 = Release|Any CPU
		{DF443F55-ADF0-4A85-BA42-DDAD3BB949C6}.Release|x64.ActiveCfg = Release|Any CPU
		{DF443F55-ADF0-4A85-BA42-DDAD3BB949C6}.Release|x64.Build.0 = Release|Any CPU
		{DF443F55-ADF0-4A85-BA42-DDAD3BB949C6}.Release|x86.ActiveCfg = Release|Any CPU
		{DF443F55-ADF0-4A85-BA42-DDAD3BB949C6}.Release|x86.Build.0 = Release|Any CPU
		{20657EE5-6665-453D-BC44-394D14DE8D25}.Debug|Any CPU.ActiveCfg = Debug|Any CPU
		{20657EE5-6665-453D-BC44-394D14DE8D25}.Debug|Any CPU.Build.0 = Debug|Any CPU
		{20657EE5-6665-453D-BC44-394D14DE8D25}.Debug|x64.ActiveCfg = Debug|Any CPU
		{20657EE5-6665-453D-BC44-394D14DE8D25}.Debug|x64.Build.0 = Debug|Any CPU
		{20657EE5-6665-453D-BC44-394D14DE8D25}.Debug|x86.ActiveCfg = Debug|Any CPU
		{20657EE5-6665-453D-BC44-394D14DE8D25}.Debug|x86.Build.0 = Debug|Any CPU
		{20657EE5-6665-453D-BC44-394D14DE8D25}.Release|Any CPU.ActiveCfg = Release|Any CPU
		{20657EE5-6665-453D-BC44-394D14DE8D25}.Release|Any CPU.Build.0 = Release|Any CPU
		{20657EE5-6665-453D-BC44-394D14DE8D25}.Release|x64.ActiveCfg = Release|Any CPU
		{20657EE5-6665-453D-BC44-394D14DE8D25}.Release|x64.Build.0 = Release|Any CPU
		{20657EE5-6665-453D-BC44-394D14DE8D25}.Release|x86.ActiveCfg = Release|Any CPU
		{20657EE5-6665-453D-BC44-394D14DE8D25}.Release|x86.Build.0 = Release|Any CPU
		{29486F48-366C-4551-9B6C-195D4BF5800A}.Debug|Any CPU.ActiveCfg = Debug|Any CPU
		{29486F48-366C-4551-9B6C-195D4BF5800A}.Debug|Any CPU.Build.0 = Debug|Any CPU
		{29486F48-366C-4551-9B6C-195D4BF5800A}.Debug|x64.ActiveCfg = Debug|Any CPU
		{29486F48-366C-4551-9B6C-195D4BF5800A}.Debug|x64.Build.0 = Debug|Any CPU
		{29486F48-366C-4551-9B6C-195D4BF5800A}.Debug|x86.ActiveCfg = Debug|Any CPU
		{29486F48-366C-4551-9B6C-195D4BF5800A}.Debug|x86.Build.0 = Debug|Any CPU
		{29486F48-366C-4551-9B6C-195D4BF5800A}.Release|Any CPU.ActiveCfg = Release|Any CPU
		{29486F48-366C-4551-9B6C-195D4BF5800A}.Release|Any CPU.Build.0 = Release|Any CPU
		{29486F48-366C-4551-9B6C-195D4BF5800A}.Release|x64.ActiveCfg = Release|Any CPU
		{29486F48-366C-4551-9B6C-195D4BF5800A}.Release|x64.Build.0 = Release|Any CPU
		{29486F48-366C-4551-9B6C-195D4BF5800A}.Release|x86.ActiveCfg = Release|Any CPU
		{29486F48-366C-4551-9B6C-195D4BF5800A}.Release|x86.Build.0 = Release|Any CPU
		{A544251A-007F-4B61-9359-AE64F0492AAA}.Debug|Any CPU.ActiveCfg = Debug|Any CPU
		{A544251A-007F-4B61-9359-AE64F0492AAA}.Debug|Any CPU.Build.0 = Debug|Any CPU
		{A544251A-007F-4B61-9359-AE64F0492AAA}.Debug|x64.ActiveCfg = Debug|Any CPU
		{A544251A-007F-4B61-9359-AE64F0492AAA}.Debug|x64.Build.0 = Debug|Any CPU
		{A544251A-007F-4B61-9359-AE64F0492AAA}.Debug|x86.ActiveCfg = Debug|Any CPU
		{A544251A-007F-4B61-9359-AE64F0492AAA}.Debug|x86.Build.0 = Debug|Any CPU
		{A544251A-007F-4B61-9359-AE64F0492AAA}.Release|Any CPU.ActiveCfg = Release|Any CPU
		{A544251A-007F-4B61-9359-AE64F0492AAA}.Release|Any CPU.Build.0 = Release|Any CPU
		{A544251A-007F-4B61-9359-AE64F0492AAA}.Release|x64.ActiveCfg = Release|Any CPU
		{A544251A-007F-4B61-9359-AE64F0492AAA}.Release|x64.Build.0 = Release|Any CPU
		{A544251A-007F-4B61-9359-AE64F0492AAA}.Release|x86.ActiveCfg = Release|Any CPU
		{A544251A-007F-4B61-9359-AE64F0492AAA}.Release|x86.Build.0 = Release|Any CPU
		{DC8B981E-DB45-47ED-B10B-F9141FA2DBA5}.Debug|Any CPU.ActiveCfg = Debug|Any CPU
		{DC8B981E-DB45-47ED-B10B-F9141FA2DBA5}.Debug|Any CPU.Build.0 = Debug|Any CPU
		{DC8B981E-DB45-47ED-B10B-F9141FA2DBA5}.Debug|x64.ActiveCfg = Debug|Any CPU
		{DC8B981E-DB45-47ED-B10B-F9141FA2DBA5}.Debug|x64.Build.0 = Debug|Any CPU
		{DC8B981E-DB45-47ED-B10B-F9141FA2DBA5}.Debug|x86.ActiveCfg = Debug|Any CPU
		{DC8B981E-DB45-47ED-B10B-F9141FA2DBA5}.Debug|x86.Build.0 = Debug|Any CPU
		{DC8B981E-DB45-47ED-B10B-F9141FA2DBA5}.Release|Any CPU.ActiveCfg = Release|Any CPU
		{DC8B981E-DB45-47ED-B10B-F9141FA2DBA5}.Release|Any CPU.Build.0 = Release|Any CPU
		{DC8B981E-DB45-47ED-B10B-F9141FA2DBA5}.Release|x64.ActiveCfg = Release|Any CPU
		{DC8B981E-DB45-47ED-B10B-F9141FA2DBA5}.Release|x64.Build.0 = Release|Any CPU
		{DC8B981E-DB45-47ED-B10B-F9141FA2DBA5}.Release|x86.ActiveCfg = Release|Any CPU
		{DC8B981E-DB45-47ED-B10B-F9141FA2DBA5}.Release|x86.Build.0 = Release|Any CPU
		{19E6153F-C2F2-4189-AB50-C1E1314261D3}.Debug|Any CPU.ActiveCfg = Debug|Any CPU
		{19E6153F-C2F2-4189-AB50-C1E1314261D3}.Debug|Any CPU.Build.0 = Debug|Any CPU
		{19E6153F-C2F2-4189-AB50-C1E1314261D3}.Debug|x64.ActiveCfg = Debug|Any CPU
		{19E6153F-C2F2-4189-AB50-C1E1314261D3}.Debug|x64.Build.0 = Debug|Any CPU
		{19E6153F-C2F2-4189-AB50-C1E1314261D3}.Debug|x86.ActiveCfg = Debug|Any CPU
		{19E6153F-C2F2-4189-AB50-C1E1314261D3}.Debug|x86.Build.0 = Debug|Any CPU
		{19E6153F-C2F2-4189-AB50-C1E1314261D3}.Release|Any CPU.ActiveCfg = Release|Any CPU
		{19E6153F-C2F2-4189-AB50-C1E1314261D3}.Release|Any CPU.Build.0 = Release|Any CPU
		{19E6153F-C2F2-4189-AB50-C1E1314261D3}.Release|x64.ActiveCfg = Release|Any CPU
		{19E6153F-C2F2-4189-AB50-C1E1314261D3}.Release|x64.Build.0 = Release|Any CPU
		{19E6153F-C2F2-4189-AB50-C1E1314261D3}.Release|x86.ActiveCfg = Release|Any CPU
		{19E6153F-C2F2-4189-AB50-C1E1314261D3}.Release|x86.Build.0 = Release|Any CPU
		{44669E9D-D961-429E-BF4F-B33DC236B654}.Debug|Any CPU.ActiveCfg = Debug|Any CPU
		{44669E9D-D961-429E-BF4F-B33DC236B654}.Debug|Any CPU.Build.0 = Debug|Any CPU
		{44669E9D-D961-429E-BF4F-B33DC236B654}.Debug|x64.ActiveCfg = Debug|Any CPU
		{44669E9D-D961-429E-BF4F-B33DC236B654}.Debug|x64.Build.0 = Debug|Any CPU
		{44669E9D-D961-429E-BF4F-B33DC236B654}.Debug|x86.ActiveCfg = Debug|Any CPU
		{44669E9D-D961-429E-BF4F-B33DC236B654}.Debug|x86.Build.0 = Debug|Any CPU
		{44669E9D-D961-429E-BF4F-B33DC236B654}.Release|Any CPU.ActiveCfg = Release|Any CPU
		{44669E9D-D961-429E-BF4F-B33DC236B654}.Release|Any CPU.Build.0 = Release|Any CPU
		{44669E9D-D961-429E-BF4F-B33DC236B654}.Release|x64.ActiveCfg = Release|Any CPU
		{44669E9D-D961-429E-BF4F-B33DC236B654}.Release|x64.Build.0 = Release|Any CPU
		{44669E9D-D961-429E-BF4F-B33DC236B654}.Release|x86.ActiveCfg = Release|Any CPU
		{44669E9D-D961-429E-BF4F-B33DC236B654}.Release|x86.Build.0 = Release|Any CPU
		{6B2D9A48-6303-4BA7-8FFF-4731922048DE}.Debug|Any CPU.ActiveCfg = Debug|Any CPU
		{6B2D9A48-6303-4BA7-8FFF-4731922048DE}.Debug|Any CPU.Build.0 = Debug|Any CPU
		{6B2D9A48-6303-4BA7-8FFF-4731922048DE}.Debug|x64.ActiveCfg = Debug|Any CPU
		{6B2D9A48-6303-4BA7-8FFF-4731922048DE}.Debug|x64.Build.0 = Debug|Any CPU
		{6B2D9A48-6303-4BA7-8FFF-4731922048DE}.Debug|x86.ActiveCfg = Debug|Any CPU
		{6B2D9A48-6303-4BA7-8FFF-4731922048DE}.Debug|x86.Build.0 = Debug|Any CPU
		{6B2D9A48-6303-4BA7-8FFF-4731922048DE}.Release|Any CPU.ActiveCfg = Release|Any CPU
		{6B2D9A48-6303-4BA7-8FFF-4731922048DE}.Release|Any CPU.Build.0 = Release|Any CPU
		{6B2D9A48-6303-4BA7-8FFF-4731922048DE}.Release|x64.ActiveCfg = Release|Any CPU
		{6B2D9A48-6303-4BA7-8FFF-4731922048DE}.Release|x64.Build.0 = Release|Any CPU
		{6B2D9A48-6303-4BA7-8FFF-4731922048DE}.Release|x86.ActiveCfg = Release|Any CPU
		{6B2D9A48-6303-4BA7-8FFF-4731922048DE}.Release|x86.Build.0 = Release|Any CPU
		{A36DB7A4-5B50-4585-93C2-C499B13CE658}.Debug|Any CPU.ActiveCfg = Debug|Any CPU
		{A36DB7A4-5B50-4585-93C2-C499B13CE658}.Debug|Any CPU.Build.0 = Debug|Any CPU
		{A36DB7A4-5B50-4585-93C2-C499B13CE658}.Debug|x64.ActiveCfg = Debug|Any CPU
		{A36DB7A4-5B50-4585-93C2-C499B13CE658}.Debug|x64.Build.0 = Debug|Any CPU
		{A36DB7A4-5B50-4585-93C2-C499B13CE658}.Debug|x86.ActiveCfg = Debug|Any CPU
		{A36DB7A4-5B50-4585-93C2-C499B13CE658}.Debug|x86.Build.0 = Debug|Any CPU
		{A36DB7A4-5B50-4585-93C2-C499B13CE658}.Release|Any CPU.ActiveCfg = Release|Any CPU
		{A36DB7A4-5B50-4585-93C2-C499B13CE658}.Release|Any CPU.Build.0 = Release|Any CPU
		{A36DB7A4-5B50-4585-93C2-C499B13CE658}.Release|x64.ActiveCfg = Release|Any CPU
		{A36DB7A4-5B50-4585-93C2-C499B13CE658}.Release|x64.Build.0 = Release|Any CPU
		{A36DB7A4-5B50-4585-93C2-C499B13CE658}.Release|x86.ActiveCfg = Release|Any CPU
		{A36DB7A4-5B50-4585-93C2-C499B13CE658}.Release|x86.Build.0 = Release|Any CPU
		{D70971C0-5A2D-4173-B604-C0B5F5B2B58D}.Debug|Any CPU.ActiveCfg = Debug|Any CPU
		{D70971C0-5A2D-4173-B604-C0B5F5B2B58D}.Debug|Any CPU.Build.0 = Debug|Any CPU
		{D70971C0-5A2D-4173-B604-C0B5F5B2B58D}.Debug|x64.ActiveCfg = Debug|Any CPU
		{D70971C0-5A2D-4173-B604-C0B5F5B2B58D}.Debug|x64.Build.0 = Debug|Any CPU
		{D70971C0-5A2D-4173-B604-C0B5F5B2B58D}.Debug|x86.ActiveCfg = Debug|Any CPU
		{D70971C0-5A2D-4173-B604-C0B5F5B2B58D}.Debug|x86.Build.0 = Debug|Any CPU
		{D70971C0-5A2D-4173-B604-C0B5F5B2B58D}.Release|Any CPU.ActiveCfg = Release|Any CPU
		{D70971C0-5A2D-4173-B604-C0B5F5B2B58D}.Release|Any CPU.Build.0 = Release|Any CPU
		{D70971C0-5A2D-4173-B604-C0B5F5B2B58D}.Release|x64.ActiveCfg = Release|Any CPU
		{D70971C0-5A2D-4173-B604-C0B5F5B2B58D}.Release|x64.Build.0 = Release|Any CPU
		{D70971C0-5A2D-4173-B604-C0B5F5B2B58D}.Release|x86.ActiveCfg = Release|Any CPU
		{D70971C0-5A2D-4173-B604-C0B5F5B2B58D}.Release|x86.Build.0 = Release|Any CPU
		{0BF56599-8047-415D-937A-0512681451AD}.Debug|Any CPU.ActiveCfg = Debug|Any CPU
		{0BF56599-8047-415D-937A-0512681451AD}.Debug|Any CPU.Build.0 = Debug|Any CPU
		{0BF56599-8047-415D-937A-0512681451AD}.Debug|x64.ActiveCfg = Debug|Any CPU
		{0BF56599-8047-415D-937A-0512681451AD}.Debug|x64.Build.0 = Debug|Any CPU
		{0BF56599-8047-415D-937A-0512681451AD}.Debug|x86.ActiveCfg = Debug|Any CPU
		{0BF56599-8047-415D-937A-0512681451AD}.Debug|x86.Build.0 = Debug|Any CPU
		{0BF56599-8047-415D-937A-0512681451AD}.Release|Any CPU.ActiveCfg = Release|Any CPU
		{0BF56599-8047-415D-937A-0512681451AD}.Release|Any CPU.Build.0 = Release|Any CPU
		{0BF56599-8047-415D-937A-0512681451AD}.Release|x64.ActiveCfg = Release|Any CPU
		{0BF56599-8047-415D-937A-0512681451AD}.Release|x64.Build.0 = Release|Any CPU
		{0BF56599-8047-415D-937A-0512681451AD}.Release|x86.ActiveCfg = Release|Any CPU
		{0BF56599-8047-415D-937A-0512681451AD}.Release|x86.Build.0 = Release|Any CPU
		{47FED566-6B7E-4205-8B89-86729EC4093E}.Debug|Any CPU.ActiveCfg = Debug|Any CPU
		{47FED566-6B7E-4205-8B89-86729EC4093E}.Debug|Any CPU.Build.0 = Debug|Any CPU
		{47FED566-6B7E-4205-8B89-86729EC4093E}.Debug|x64.ActiveCfg = Debug|Any CPU
		{47FED566-6B7E-4205-8B89-86729EC4093E}.Debug|x64.Build.0 = Debug|Any CPU
		{47FED566-6B7E-4205-8B89-86729EC4093E}.Debug|x86.ActiveCfg = Debug|Any CPU
		{47FED566-6B7E-4205-8B89-86729EC4093E}.Debug|x86.Build.0 = Debug|Any CPU
		{47FED566-6B7E-4205-8B89-86729EC4093E}.Release|Any CPU.ActiveCfg = Release|Any CPU
		{47FED566-6B7E-4205-8B89-86729EC4093E}.Release|Any CPU.Build.0 = Release|Any CPU
		{47FED566-6B7E-4205-8B89-86729EC4093E}.Release|x64.ActiveCfg = Release|Any CPU
		{47FED566-6B7E-4205-8B89-86729EC4093E}.Release|x64.Build.0 = Release|Any CPU
		{47FED566-6B7E-4205-8B89-86729EC4093E}.Release|x86.ActiveCfg = Release|Any CPU
		{47FED566-6B7E-4205-8B89-86729EC4093E}.Release|x86.Build.0 = Release|Any CPU
		{DC9761B6-4687-44F8-94E1-BB9570BBF873}.Debug|Any CPU.ActiveCfg = Debug|Any CPU
		{DC9761B6-4687-44F8-94E1-BB9570BBF873}.Debug|Any CPU.Build.0 = Debug|Any CPU
		{DC9761B6-4687-44F8-94E1-BB9570BBF873}.Debug|x64.ActiveCfg = Debug|Any CPU
		{DC9761B6-4687-44F8-94E1-BB9570BBF873}.Debug|x64.Build.0 = Debug|Any CPU
		{DC9761B6-4687-44F8-94E1-BB9570BBF873}.Debug|x86.ActiveCfg = Debug|Any CPU
		{DC9761B6-4687-44F8-94E1-BB9570BBF873}.Debug|x86.Build.0 = Debug|Any CPU
		{DC9761B6-4687-44F8-94E1-BB9570BBF873}.Release|Any CPU.ActiveCfg = Release|Any CPU
		{DC9761B6-4687-44F8-94E1-BB9570BBF873}.Release|Any CPU.Build.0 = Release|Any CPU
		{DC9761B6-4687-44F8-94E1-BB9570BBF873}.Release|x64.ActiveCfg = Release|Any CPU
		{DC9761B6-4687-44F8-94E1-BB9570BBF873}.Release|x64.Build.0 = Release|Any CPU
		{DC9761B6-4687-44F8-94E1-BB9570BBF873}.Release|x86.ActiveCfg = Release|Any CPU
		{DC9761B6-4687-44F8-94E1-BB9570BBF873}.Release|x86.Build.0 = Release|Any CPU
		{85C9A962-9D88-4B0C-BD4F-8D873A5B8127}.Debug|Any CPU.ActiveCfg = Debug|Any CPU
		{85C9A962-9D88-4B0C-BD4F-8D873A5B8127}.Debug|Any CPU.Build.0 = Debug|Any CPU
		{85C9A962-9D88-4B0C-BD4F-8D873A5B8127}.Debug|x64.ActiveCfg = Debug|Any CPU
		{85C9A962-9D88-4B0C-BD4F-8D873A5B8127}.Debug|x64.Build.0 = Debug|Any CPU
		{85C9A962-9D88-4B0C-BD4F-8D873A5B8127}.Debug|x86.ActiveCfg = Debug|Any CPU
		{85C9A962-9D88-4B0C-BD4F-8D873A5B8127}.Debug|x86.Build.0 = Debug|Any CPU
		{85C9A962-9D88-4B0C-BD4F-8D873A5B8127}.Release|Any CPU.ActiveCfg = Release|Any CPU
		{85C9A962-9D88-4B0C-BD4F-8D873A5B8127}.Release|Any CPU.Build.0 = Release|Any CPU
		{85C9A962-9D88-4B0C-BD4F-8D873A5B8127}.Release|x64.ActiveCfg = Release|Any CPU
		{85C9A962-9D88-4B0C-BD4F-8D873A5B8127}.Release|x64.Build.0 = Release|Any CPU
		{85C9A962-9D88-4B0C-BD4F-8D873A5B8127}.Release|x86.ActiveCfg = Release|Any CPU
		{85C9A962-9D88-4B0C-BD4F-8D873A5B8127}.Release|x86.Build.0 = Release|Any CPU
		{8657CD2D-B4EE-455D-A6B9-68B790D0B815}.Debug|Any CPU.ActiveCfg = Debug|Any CPU
		{8657CD2D-B4EE-455D-A6B9-68B790D0B815}.Debug|Any CPU.Build.0 = Debug|Any CPU
		{8657CD2D-B4EE-455D-A6B9-68B790D0B815}.Debug|x64.ActiveCfg = Debug|Any CPU
		{8657CD2D-B4EE-455D-A6B9-68B790D0B815}.Debug|x64.Build.0 = Debug|Any CPU
		{8657CD2D-B4EE-455D-A6B9-68B790D0B815}.Debug|x86.ActiveCfg = Debug|Any CPU
		{8657CD2D-B4EE-455D-A6B9-68B790D0B815}.Debug|x86.Build.0 = Debug|Any CPU
		{8657CD2D-B4EE-455D-A6B9-68B790D0B815}.Release|Any CPU.ActiveCfg = Release|Any CPU
		{8657CD2D-B4EE-455D-A6B9-68B790D0B815}.Release|Any CPU.Build.0 = Release|Any CPU
		{8657CD2D-B4EE-455D-A6B9-68B790D0B815}.Release|x64.ActiveCfg = Release|Any CPU
		{8657CD2D-B4EE-455D-A6B9-68B790D0B815}.Release|x64.Build.0 = Release|Any CPU
		{8657CD2D-B4EE-455D-A6B9-68B790D0B815}.Release|x86.ActiveCfg = Release|Any CPU
		{8657CD2D-B4EE-455D-A6B9-68B790D0B815}.Release|x86.Build.0 = Release|Any CPU
		{0EA4FC83-960B-4EF1-AB2F-2BDAEAFFC6B4}.Debug|Any CPU.ActiveCfg = Debug|Any CPU
		{0EA4FC83-960B-4EF1-AB2F-2BDAEAFFC6B4}.Debug|Any CPU.Build.0 = Debug|Any CPU
		{0EA4FC83-960B-4EF1-AB2F-2BDAEAFFC6B4}.Debug|x64.ActiveCfg = Debug|Any CPU
		{0EA4FC83-960B-4EF1-AB2F-2BDAEAFFC6B4}.Debug|x64.Build.0 = Debug|Any CPU
		{0EA4FC83-960B-4EF1-AB2F-2BDAEAFFC6B4}.Debug|x86.ActiveCfg = Debug|Any CPU
		{0EA4FC83-960B-4EF1-AB2F-2BDAEAFFC6B4}.Debug|x86.Build.0 = Debug|Any CPU
		{0EA4FC83-960B-4EF1-AB2F-2BDAEAFFC6B4}.Release|Any CPU.ActiveCfg = Release|Any CPU
		{0EA4FC83-960B-4EF1-AB2F-2BDAEAFFC6B4}.Release|Any CPU.Build.0 = Release|Any CPU
		{0EA4FC83-960B-4EF1-AB2F-2BDAEAFFC6B4}.Release|x64.ActiveCfg = Release|Any CPU
		{0EA4FC83-960B-4EF1-AB2F-2BDAEAFFC6B4}.Release|x64.Build.0 = Release|Any CPU
		{0EA4FC83-960B-4EF1-AB2F-2BDAEAFFC6B4}.Release|x86.ActiveCfg = Release|Any CPU
		{0EA4FC83-960B-4EF1-AB2F-2BDAEAFFC6B4}.Release|x86.Build.0 = Release|Any CPU
		{F5000FA6-D15F-4B1E-9A03-178B0C3DDBC6}.Debug|Any CPU.ActiveCfg = Debug|Any CPU
		{F5000FA6-D15F-4B1E-9A03-178B0C3DDBC6}.Debug|Any CPU.Build.0 = Debug|Any CPU
		{F5000FA6-D15F-4B1E-9A03-178B0C3DDBC6}.Debug|x64.ActiveCfg = Debug|Any CPU
		{F5000FA6-D15F-4B1E-9A03-178B0C3DDBC6}.Debug|x64.Build.0 = Debug|Any CPU
		{F5000FA6-D15F-4B1E-9A03-178B0C3DDBC6}.Debug|x86.ActiveCfg = Debug|Any CPU
		{F5000FA6-D15F-4B1E-9A03-178B0C3DDBC6}.Debug|x86.Build.0 = Debug|Any CPU
		{F5000FA6-D15F-4B1E-9A03-178B0C3DDBC6}.Release|Any CPU.ActiveCfg = Release|Any CPU
		{F5000FA6-D15F-4B1E-9A03-178B0C3DDBC6}.Release|Any CPU.Build.0 = Release|Any CPU
		{F5000FA6-D15F-4B1E-9A03-178B0C3DDBC6}.Release|x64.ActiveCfg = Release|Any CPU
		{F5000FA6-D15F-4B1E-9A03-178B0C3DDBC6}.Release|x64.Build.0 = Release|Any CPU
		{F5000FA6-D15F-4B1E-9A03-178B0C3DDBC6}.Release|x86.ActiveCfg = Release|Any CPU
		{F5000FA6-D15F-4B1E-9A03-178B0C3DDBC6}.Release|x86.Build.0 = Release|Any CPU
		{733DA7BA-C531-4ADE-95CC-B3F6A95CEC5C}.Debug|Any CPU.ActiveCfg = Debug|Any CPU
		{733DA7BA-C531-4ADE-95CC-B3F6A95CEC5C}.Debug|Any CPU.Build.0 = Debug|Any CPU
		{733DA7BA-C531-4ADE-95CC-B3F6A95CEC5C}.Debug|x64.ActiveCfg = Debug|Any CPU
		{733DA7BA-C531-4ADE-95CC-B3F6A95CEC5C}.Debug|x64.Build.0 = Debug|Any CPU
		{733DA7BA-C531-4ADE-95CC-B3F6A95CEC5C}.Debug|x86.ActiveCfg = Debug|Any CPU
		{733DA7BA-C531-4ADE-95CC-B3F6A95CEC5C}.Debug|x86.Build.0 = Debug|Any CPU
		{733DA7BA-C531-4ADE-95CC-B3F6A95CEC5C}.Release|Any CPU.ActiveCfg = Release|Any CPU
		{733DA7BA-C531-4ADE-95CC-B3F6A95CEC5C}.Release|Any CPU.Build.0 = Release|Any CPU
		{733DA7BA-C531-4ADE-95CC-B3F6A95CEC5C}.Release|x64.ActiveCfg = Release|Any CPU
		{733DA7BA-C531-4ADE-95CC-B3F6A95CEC5C}.Release|x64.Build.0 = Release|Any CPU
		{733DA7BA-C531-4ADE-95CC-B3F6A95CEC5C}.Release|x86.ActiveCfg = Release|Any CPU
		{733DA7BA-C531-4ADE-95CC-B3F6A95CEC5C}.Release|x86.Build.0 = Release|Any CPU
		{D7F8FEF0-800D-4B5C-890F-85CDADF7BB2F}.Debug|Any CPU.ActiveCfg = Debug|Any CPU
		{D7F8FEF0-800D-4B5C-890F-85CDADF7BB2F}.Debug|Any CPU.Build.0 = Debug|Any CPU
		{D7F8FEF0-800D-4B5C-890F-85CDADF7BB2F}.Debug|x64.ActiveCfg = Debug|Any CPU
		{D7F8FEF0-800D-4B5C-890F-85CDADF7BB2F}.Debug|x64.Build.0 = Debug|Any CPU
		{D7F8FEF0-800D-4B5C-890F-85CDADF7BB2F}.Debug|x86.ActiveCfg = Debug|Any CPU
		{D7F8FEF0-800D-4B5C-890F-85CDADF7BB2F}.Debug|x86.Build.0 = Debug|Any CPU
		{D7F8FEF0-800D-4B5C-890F-85CDADF7BB2F}.Release|Any CPU.ActiveCfg = Release|Any CPU
		{D7F8FEF0-800D-4B5C-890F-85CDADF7BB2F}.Release|Any CPU.Build.0 = Release|Any CPU
		{D7F8FEF0-800D-4B5C-890F-85CDADF7BB2F}.Release|x64.ActiveCfg = Release|Any CPU
		{D7F8FEF0-800D-4B5C-890F-85CDADF7BB2F}.Release|x64.Build.0 = Release|Any CPU
		{D7F8FEF0-800D-4B5C-890F-85CDADF7BB2F}.Release|x86.ActiveCfg = Release|Any CPU
		{D7F8FEF0-800D-4B5C-890F-85CDADF7BB2F}.Release|x86.Build.0 = Release|Any CPU
		{733AE225-EAC6-46B2-B004-B00EAB3D9B06}.Debug|Any CPU.ActiveCfg = Debug|Any CPU
		{733AE225-EAC6-46B2-B004-B00EAB3D9B06}.Debug|Any CPU.Build.0 = Debug|Any CPU
		{733AE225-EAC6-46B2-B004-B00EAB3D9B06}.Debug|x64.ActiveCfg = Debug|Any CPU
		{733AE225-EAC6-46B2-B004-B00EAB3D9B06}.Debug|x64.Build.0 = Debug|Any CPU
		{733AE225-EAC6-46B2-B004-B00EAB3D9B06}.Debug|x86.ActiveCfg = Debug|Any CPU
		{733AE225-EAC6-46B2-B004-B00EAB3D9B06}.Debug|x86.Build.0 = Debug|Any CPU
		{733AE225-EAC6-46B2-B004-B00EAB3D9B06}.Release|Any CPU.ActiveCfg = Release|Any CPU
		{733AE225-EAC6-46B2-B004-B00EAB3D9B06}.Release|Any CPU.Build.0 = Release|Any CPU
		{733AE225-EAC6-46B2-B004-B00EAB3D9B06}.Release|x64.ActiveCfg = Release|Any CPU
		{733AE225-EAC6-46B2-B004-B00EAB3D9B06}.Release|x64.Build.0 = Release|Any CPU
		{733AE225-EAC6-46B2-B004-B00EAB3D9B06}.Release|x86.ActiveCfg = Release|Any CPU
		{733AE225-EAC6-46B2-B004-B00EAB3D9B06}.Release|x86.Build.0 = Release|Any CPU
		{A9C60AEC-D8BC-479D-A59E-83860F075F9B}.Debug|Any CPU.ActiveCfg = Debug|Any CPU
		{A9C60AEC-D8BC-479D-A59E-83860F075F9B}.Debug|Any CPU.Build.0 = Debug|Any CPU
		{A9C60AEC-D8BC-479D-A59E-83860F075F9B}.Debug|x64.ActiveCfg = Debug|Any CPU
		{A9C60AEC-D8BC-479D-A59E-83860F075F9B}.Debug|x64.Build.0 = Debug|Any CPU
		{A9C60AEC-D8BC-479D-A59E-83860F075F9B}.Debug|x86.ActiveCfg = Debug|Any CPU
		{A9C60AEC-D8BC-479D-A59E-83860F075F9B}.Debug|x86.Build.0 = Debug|Any CPU
		{A9C60AEC-D8BC-479D-A59E-83860F075F9B}.Release|Any CPU.ActiveCfg = Release|Any CPU
		{A9C60AEC-D8BC-479D-A59E-83860F075F9B}.Release|Any CPU.Build.0 = Release|Any CPU
		{A9C60AEC-D8BC-479D-A59E-83860F075F9B}.Release|x64.ActiveCfg = Release|Any CPU
		{A9C60AEC-D8BC-479D-A59E-83860F075F9B}.Release|x64.Build.0 = Release|Any CPU
		{A9C60AEC-D8BC-479D-A59E-83860F075F9B}.Release|x86.ActiveCfg = Release|Any CPU
		{A9C60AEC-D8BC-479D-A59E-83860F075F9B}.Release|x86.Build.0 = Release|Any CPU
	EndGlobalSection
	GlobalSection(SolutionProperties) = preSolution
		HideSolutionNode = FALSE
	EndGlobalSection
	GlobalSection(NestedProjects) = preSolution
		{1606FFF7-0B30-4075-A571-0E61946D0214} = {21F4D6D0-802C-55D3-0C67-7EE0D8A660EC}
		{912EEE60-CC47-FE23-4B76-1262587F2174} = {21F4D6D0-802C-55D3-0C67-7EE0D8A660EC}
		{243124C6-F5A8-4C01-ABFB-F457CD0ACB97} = {912EEE60-CC47-FE23-4B76-1262587F2174}
		{40792D23-0C7F-4E81-94A2-918380DA378C} = {21F4D6D0-802C-55D3-0C67-7EE0D8A660EC}
		{7546BE62-C264-488B-A0F1-EECE81C4BB26} = {21F4D6D0-802C-55D3-0C67-7EE0D8A660EC}
		{DF443F55-ADF0-4A85-BA42-DDAD3BB949C6} = {F8A7E76A-611B-919D-3629-D5EF950C666F}
		{20657EE5-6665-453D-BC44-394D14DE8D25} = {F8A7E76A-611B-919D-3629-D5EF950C666F}
		{29486F48-366C-4551-9B6C-195D4BF5800A} = {F8A7E76A-611B-919D-3629-D5EF950C666F}
		{A544251A-007F-4B61-9359-AE64F0492AAA} = {F8A7E76A-611B-919D-3629-D5EF950C666F}
		{DC8B981E-DB45-47ED-B10B-F9141FA2DBA5} = {2895BD4F-1660-F54C-F1EA-94BE37742C56}
		{19E6153F-C2F2-4189-AB50-C1E1314261D3} = {2895BD4F-1660-F54C-F1EA-94BE37742C56}
		{44669E9D-D961-429E-BF4F-B33DC236B654} = {2895BD4F-1660-F54C-F1EA-94BE37742C56}
		{6B2D9A48-6303-4BA7-8FFF-4731922048DE} = {46211254-3D49-D95C-9D2B-5B258B5A5DD8}
		{A36DB7A4-5B50-4585-93C2-C499B13CE658} = {46211254-3D49-D95C-9D2B-5B258B5A5DD8}
		{C80BE9E6-1E24-55C8-F17B-629683AB7F23} = {314C6247-30EA-3492-19B6-DF847E3B326F}
		{D70971C0-5A2D-4173-B604-C0B5F5B2B58D} = {C80BE9E6-1E24-55C8-F17B-629683AB7F23}
		{75425994-DC5F-15C7-8958-6137B0E9BB9D} = {314C6247-30EA-3492-19B6-DF847E3B326F}
		{0BF56599-8047-415D-937A-0512681451AD} = {75425994-DC5F-15C7-8958-6137B0E9BB9D}
		{379C6919-4096-E2FB-360E-D0E4070433CF} = {314C6247-30EA-3492-19B6-DF847E3B326F}
		{47FED566-6B7E-4205-8B89-86729EC4093E} = {379C6919-4096-E2FB-360E-D0E4070433CF}
		{4D535445-5124-5B82-C53D-94FFD5E53C8E} = {314C6247-30EA-3492-19B6-DF847E3B326F}
		{DC9761B6-4687-44F8-94E1-BB9570BBF873} = {4D535445-5124-5B82-C53D-94FFD5E53C8E}
		{3224EFA0-1D08-2DF6-2A3B-7DB8BB601244} = {0C88DD14-F956-CE84-757C-A364CCF449FC}
		{85C9A962-9D88-4B0C-BD4F-8D873A5B8127} = {3224EFA0-1D08-2DF6-2A3B-7DB8BB601244}
		{3B1E38F1-1A58-BCBF-7A8A-E1A88B8267DA} = {0C88DD14-F956-CE84-757C-A364CCF449FC}
		{8657CD2D-B4EE-455D-A6B9-68B790D0B815} = {3B1E38F1-1A58-BCBF-7A8A-E1A88B8267DA}
		{5AE4457F-67F5-8F4F-AB4F-C7E553A810FD} = {0C88DD14-F956-CE84-757C-A364CCF449FC}
		{0EA4FC83-960B-4EF1-AB2F-2BDAEAFFC6B4} = {5AE4457F-67F5-8F4F-AB4F-C7E553A810FD}
		{37E82E71-32AB-D117-495B-E8A1EA80BB8C} = {0C88DD14-F956-CE84-757C-A364CCF449FC}
		{F5000FA6-D15F-4B1E-9A03-178B0C3DDBC6} = {37E82E71-32AB-D117-495B-E8A1EA80BB8C}
		{03815032-7C10-1C98-B666-6477E979F6E4} = {314C6247-30EA-3492-19B6-DF847E3B326F}
		{733DA7BA-C531-4ADE-95CC-B3F6A95CEC5C} = {03815032-7C10-1C98-B666-6477E979F6E4}
		{5F2809BD-9B9C-C986-DBE8-DD4260974049} = {314C6247-30EA-3492-19B6-DF847E3B326F}
		{D7F8FEF0-800D-4B5C-890F-85CDADF7BB2F} = {5F2809BD-9B9C-C986-DBE8-DD4260974049}
		{B1575436-67C4-95AC-D303-585D6B92F0E7} = {314C6247-30EA-3492-19B6-DF847E3B326F}
		{733AE225-EAC6-46B2-B004-B00EAB3D9B06} = {B1575436-67C4-95AC-D303-585D6B92F0E7}
		{4D47F9B7-A44B-96AB-53AC-F7C381FE09C5} = {0C88DD14-F956-CE84-757C-A364CCF449FC}
		{A9C60AEC-D8BC-479D-A59E-83860F075F9B} = {4D47F9B7-A44B-96AB-53AC-F7C381FE09C5}
	EndGlobalSection
EndGlobal
