
Microsoft Visual Studio Solution File, Format Version 12.00
# Visual Studio Version 18
VisualStudioVersion = 18.0.11123.170 d18.0
MinimumVisualStudioVersion = 10.0.40219.1
Project("{2150E333-8FDC-42A3-9474-1A3956D46DE8}") = "code", "code", "{314C6247-30EA-3492-19B6-DF847E3B326F}"
EndProject
Project("{FAE04EC0-301F-11D3-BF4B-00C04F79EFBC}") = "IndFusion.Analyzer", "code\IndFusion.Analyzer\IndFusion.Analyzer.csproj", "{D1600494-DF68-4FC9-ADC2-835BA0D19023}"
EndProject
Project("{FAE04EC0-301F-11D3-BF4B-00C04F79EFBC}") = "IndFusion.Fixer", "code\IndFusion.Fixer\IndFusion.Fixer.csproj", "{D98F86CE-0013-4098-9CAE-DC7D6319C63D}"
EndProject
Project("{FAE04EC0-301F-11D3-BF4B-00C04F79EFBC}") = "IndFusion.Mcp.Core", "code\IndFusion.Mcp.Core\IndFusion.Mcp.Core.csproj", "{B1E09EFF-8DC1-42B0-8D38-67FC5D8D0E4E}"
EndProject
Project("{FAE04EC0-301F-11D3-BF4B-00C04F79EFBC}") = "IndFusion.Mcp.Server", "code\IndFusion.Mcp.Server\IndFusion.Mcp.Server.csproj", "{66CB80FF-F5D8-4EDB-BF43-632D7C643DA9}"
EndProject
Project("{FAE04EC0-301F-11D3-BF4B-00C04F79EFBC}") = "IndFusion.Tools.Cli", "code\IndFusion.Tools.Cli\IndFusion.Tools.Cli.csproj", "{8CF7B8A0-60FC-41C6-B10E-04D34626F7FD}"
EndProject
Project("{2150E333-8FDC-42A3-9474-1A3956D46DE8}") = "test", "test", "{0C88DD14-F956-CE84-757C-A364CCF449FC}"
EndProject
Project("{FAE04EC0-301F-11D3-BF4B-00C04F79EFBC}") = "IndFusion.Analyzer.Tests", "test\IndFusion.Analyzer.Tests\IndFusion.Analyzer.Tests.csproj", "{3BD1A985-7CAA-41E0-AD3A-B27A94BE2642}"
EndProject
Project("{FAE04EC0-301F-11D3-BF4B-00C04F79EFBC}") = "IndFusion.Mcp.Core.Tests", "test\IndFusion.Mcp.Core.Tests\IndFusion.Mcp.Core.Tests.csproj", "{5AF96990-BD52-4BB5-82AB-C8B23CCA52CF}"
EndProject
Project("{FAE04EC0-301F-11D3-BF4B-00C04F79EFBC}") = "IndFusion.Mcp.Server.Tests", "test\IndFusion.Mcp.Server.Tests\IndFusion.Mcp.Server.Tests.csproj", "{153ED087-AA20-4DFF-A59E-53A5D38B15EB}"
EndProject
Project("{FAE04EC0-301F-11D3-BF4B-00C04F79EFBC}") = "IndFusion.Mcp.Tests", "test\IndFusion.Mcp.Tests\IndFusion.Mcp.Tests.csproj", "{2D6176E0-434D-4D6D-820C-24DEB19C28B9}"
EndProject
Project("{FAE04EC0-301F-11D3-BF4B-00C04F79EFBC}") = "IndFusion.Mcp.Web", "code\IndFusion.Mcp.Web\IndFusion.Mcp.Web.csproj", "{DBE9BFCF-DB40-42E5-B96F-B856BE43821A}"
EndProject
Project("{FAE04EC0-301F-11D3-BF4B-00C04F79EFBC}") = "IndFusion.Mcp.Web.Tests", "test\IndFusion.Mcp.Web.Tests\IndFusion.Mcp.Web.Tests.csproj", "{FFD94058-41AB-48E2-9D73-3C7E0E3215EC}"
EndProject
Project("{2150E333-8FDC-42A3-9474-1A3956D46DE8}") = "Solution Items", "Solution Items", "{02EA681E-C7D8-13C7-8484-4AC65E1B71E8}"
	ProjectSection(SolutionItems) = preProject
		Directory.Build.props = Directory.Build.props
		Directory.Build.targets = Directory.Build.targets
		Directory.Packages.props = Directory.Packages.props
		readme.md = readme.md
	EndProjectSection
EndProject
Project("{FAE04EC0-301F-11D3-BF4B-00C04F79EFBC}") = "IndFusion.Tools.Cli.Core", "code\IndFusion.Tools.Cli.Core\IndFusion.Tools.Cli.Core.csproj", "{C6DBDAE4-4575-4E34-B3D5-678B1B1A46D1}"
EndProject
Project("{FAE04EC0-301F-11D3-BF4B-00C04F79EFBC}") = "IndFusion.Tools.Cli.Console", "code\IndFusion.Tools.Cli.Console\IndFusion.Tools.Cli.Console.csproj", "{24ADF02C-3718-4FF7-89FF-135C55741F30}"
EndProject
Project("{FAE04EC0-301F-11D3-BF4B-00C04F79EFBC}") = "IndFusion.Tools.Cli.Tests", "test\IndFusion.Tools.Cli.Tests\IndFusion.Tools.Cli.Tests.csproj", "{6C14B2F7-3310-4516-8440-481CAC3D654C}"
EndProject
Project("{FAE04EC0-301F-11D3-BF4B-00C04F79EFBC}") = "IndFusion.SemanticRag.Domain", "code\IndFusion.SemanticRag.Domain\IndFusion.SemanticRag.Domain.csproj", "{A1B2C3D4-E5F6-7890-ABCD-EF1234567890}"
EndProject
Project("{FAE04EC0-301F-11D3-BF4B-00C04F79EFBC}") = "IndFusion.SemanticRag.Application", "code\IndFusion.SemanticRag.Application\IndFusion.SemanticRag.Application.csproj", "{41A68272-5409-4D4B-A123-84AB0F97DB16}"
EndProject
Project("{FAE04EC0-301F-11D3-BF4B-00C04F79EFBC}") = "IndFusion.SemanticRag.Infrastructure", "code\IndFusion.SemanticRag.Infrastructure\IndFusion.SemanticRag.Infrastructure.csproj", "{F7B53F75-CBE3-436B-8D0C-F38A0F1DD361}"
EndProject
Project("{FAE04EC0-301F-11D3-BF4B-00C04F79EFBC}") = "IndFusion.SemanticRag.Tests", "test\IndFusion.SemanticRag.Tests\IndFusion.SemanticRag.Tests.csproj", "{08397747-5877-436F-B357-3A52D59C9E48}"
EndProject
Project("{FAE04EC0-301F-11D3-BF4B-00C04F79EFBC}") = "IndFusion.SemanticRag.WebAPI", "code\IndFusion.SemanticRag.WebAPI\IndFusion.SemanticRag.WebAPI.csproj", "{2ECF9AD3-D448-4586-8DDF-04EBA3128D5E}"
EndProject
Project("{FAE04EC0-301F-11D3-BF4B-00C04F79EFBC}") = "IndFusion.SemanticRag.Tests.Unit", "IndFusion.SemanticRag.Tests.Unit\IndFusion.SemanticRag.Tests.Unit.csproj", "{2A35B6E0-1C99-4231-9E23-815BE1910F80}"
EndProject
Project("{FAE04EC0-301F-11D3-BF4B-00C04F79EFBC}") = "IndFusion.SemanticRag.Tests.Integration", "IndFusion.SemanticRag.Tests.Integration\IndFusion.SemanticRag.Tests.Integration.csproj", "{D3C9621D-D3C7-4AE5-B82B-F0556319A818}"
EndProject
Project("{FAE04EC0-301F-11D3-BF4B-00C04F79EFBC}") = "IndFusion.SemanticRag.Tests.Architecture", "IndFusion.SemanticRag.Tests.Architecture\IndFusion.SemanticRag.Tests.Architecture.csproj", "{AE4231C5-550D-4ED9-9815-FE99F1F57943}"
EndProject
Project("{2150E333-8FDC-42A3-9474-1A3956D46DE8}") = "SemanticRag", "SemanticRag", "{C781B231-7384-4725-B022-53B6ACB8B248}"
EndProject
Project("{2150E333-8FDC-42A3-9474-1A3956D46DE8}") = "SemanticRagTests", "SemanticRagTests", "{8C7D8279-F783-430B-9A6F-0E68DC1A14F6}"
EndProject
Project("{2150E333-8FDC-42A3-9474-1A3956D46DE8}") = "Mcp", "Mcp", "{81B3B2A7-0614-4E5F-95FF-3E1CD9DEDBB6}"
EndProject
Project("{2150E333-8FDC-42A3-9474-1A3956D46DE8}") = "McpTests", "McpTests", "{E90CA455-CD7C-40FE-9BA2-EDBD7DD7AD99}"
EndProject
Project("{2150E333-8FDC-42A3-9474-1A3956D46DE8}") = "CliTests", "CliTests", "{E3E82E87-9751-4C5C-805C-60DC4D76B8A4}"
EndProject
Project("{2150E333-8FDC-42A3-9474-1A3956D46DE8}") = "AnalyzerTests", "AnalyzerTests", "{A51F1D44-EB1B-4D44-8C90-0992537A7BCC}"
EndProject
Project("{2150E333-8FDC-42A3-9474-1A3956D46DE8}") = "Analyzer", "Analyzer", "{325EF21A-EC9C-4C64-A8C0-BEF750B45E6A}"
EndProject
Project("{2150E333-8FDC-42A3-9474-1A3956D46DE8}") = "Cli", "Cli", "{E04F408D-337C-47C4-8962-3D2CFF0332A3}"
EndProject
Global
	GlobalSection(SolutionConfigurationPlatforms) = preSolution
		Debug|Any CPU = Debug|Any CPU
		Debug|x64 = Debug|x64
		Debug|x86 = Debug|x86
		Release|Any CPU = Release|Any CPU
		Release|x64 = Release|x64
		Release|x86 = Release|x86
	EndGlobalSection
	GlobalSection(ProjectConfigurationPlatforms) = postSolution
		{D1600494-DF68-4FC9-ADC2-835BA0D19023}.Debug|Any CPU.ActiveCfg = Debug|Any CPU
		{D1600494-DF68-4FC9-ADC2-835BA0D19023}.Debug|Any CPU.Build.0 = Debug|Any CPU
		{D1600494-DF68-4FC9-ADC2-835BA0D19023}.Debug|x64.ActiveCfg = Debug|Any CPU
		{D1600494-DF68-4FC9-ADC2-835BA0D19023}.Debug|x64.Build.0 = Debug|Any CPU
		{D1600494-DF68-4FC9-ADC2-835BA0D19023}.Debug|x86.ActiveCfg = Debug|Any CPU
		{D1600494-DF68-4FC9-ADC2-835BA0D19023}.Debug|x86.Build.0 = Debug|Any CPU
		{D1600494-DF68-4FC9-ADC2-835BA0D19023}.Release|Any CPU.ActiveCfg = Release|Any CPU
		{D1600494-DF68-4FC9-ADC2-835BA0D19023}.Release|Any CPU.Build.0 = Release|Any CPU
		{D1600494-DF68-4FC9-ADC2-835BA0D19023}.Release|x64.ActiveCfg = Release|Any CPU
		{D1600494-DF68-4FC9-ADC2-835BA0D19023}.Release|x64.Build.0 = Release|Any CPU
		{D1600494-DF68-4FC9-ADC2-835BA0D19023}.Release|x86.ActiveCfg = Release|Any CPU
		{D1600494-DF68-4FC9-ADC2-835BA0D19023}.Release|x86.Build.0 = Release|Any CPU
		{D98F86CE-0013-4098-9CAE-DC7D6319C63D}.Debug|Any CPU.ActiveCfg = Debug|Any CPU
		{D98F86CE-0013-4098-9CAE-DC7D6319C63D}.Debug|Any CPU.Build.0 = Debug|Any CPU
		{D98F86CE-0013-4098-9CAE-DC7D6319C63D}.Debug|x64.ActiveCfg = Debug|Any CPU
		{D98F86CE-0013-4098-9CAE-DC7D6319C63D}.Debug|x64.Build.0 = Debug|Any CPU
		{D98F86CE-0013-4098-9CAE-DC7D6319C63D}.Debug|x86.ActiveCfg = Debug|Any CPU
		{D98F86CE-0013-4098-9CAE-DC7D6319C63D}.Debug|x86.Build.0 = Debug|Any CPU
		{D98F86CE-0013-4098-9CAE-DC7D6319C63D}.Release|Any CPU.ActiveCfg = Release|Any CPU
		{D98F86CE-0013-4098-9CAE-DC7D6319C63D}.Release|Any CPU.Build.0 = Release|Any CPU
		{D98F86CE-0013-4098-9CAE-DC7D6319C63D}.Release|x64.ActiveCfg = Release|Any CPU
		{D98F86CE-0013-4098-9CAE-DC7D6319C63D}.Release|x64.Build.0 = Release|Any CPU
		{D98F86CE-0013-4098-9CAE-DC7D6319C63D}.Release|x86.ActiveCfg = Release|Any CPU
		{D98F86CE-0013-4098-9CAE-DC7D6319C63D}.Release|x86.Build.0 = Release|Any CPU
		{B1E09EFF-8DC1-42B0-8D38-67FC5D8D0E4E}.Debug|Any CPU.ActiveCfg = Debug|Any CPU
		{B1E09EFF-8DC1-42B0-8D38-67FC5D8D0E4E}.Debug|Any CPU.Build.0 = Debug|Any CPU
		{B1E09EFF-8DC1-42B0-8D38-67FC5D8D0E4E}.Debug|x64.ActiveCfg = Debug|Any CPU
		{B1E09EFF-8DC1-42B0-8D38-67FC5D8D0E4E}.Debug|x64.Build.0 = Debug|Any CPU
		{B1E09EFF-8DC1-42B0-8D38-67FC5D8D0E4E}.Debug|x86.ActiveCfg = Debug|Any CPU
		{B1E09EFF-8DC1-42B0-8D38-67FC5D8D0E4E}.Debug|x86.Build.0 = Debug|Any CPU
		{B1E09EFF-8DC1-42B0-8D38-67FC5D8D0E4E}.Release|Any CPU.ActiveCfg = Release|Any CPU
		{B1E09EFF-8DC1-42B0-8D38-67FC5D8D0E4E}.Release|Any CPU.Build.0 = Release|Any CPU
		{B1E09EFF-8DC1-42B0-8D38-67FC5D8D0E4E}.Release|x64.ActiveCfg = Release|Any CPU
		{B1E09EFF-8DC1-42B0-8D38-67FC5D8D0E4E}.Release|x64.Build.0 = Release|Any CPU
		{B1E09EFF-8DC1-42B0-8D38-67FC5D8D0E4E}.Release|x86.ActiveCfg = Release|Any CPU
		{B1E09EFF-8DC1-42B0-8D38-67FC5D8D0E4E}.Release|x86.Build.0 = Release|Any CPU
		{66CB80FF-F5D8-4EDB-BF43-632D7C643DA9}.Debug|Any CPU.ActiveCfg = Debug|Any CPU
		{66CB80FF-F5D8-4EDB-BF43-632D7C643DA9}.Debug|Any CPU.Build.0 = Debug|Any CPU
		{66CB80FF-F5D8-4EDB-BF43-632D7C643DA9}.Debug|x64.ActiveCfg = Debug|Any CPU
		{66CB80FF-F5D8-4EDB-BF43-632D7C643DA9}.Debug|x64.Build.0 = Debug|Any CPU
		{66CB80FF-F5D8-4EDB-BF43-632D7C643DA9}.Debug|x86.ActiveCfg = Debug|Any CPU
		{66CB80FF-F5D8-4EDB-BF43-632D7C643DA9}.Debug|x86.Build.0 = Debug|Any CPU
		{66CB80FF-F5D8-4EDB-BF43-632D7C643DA9}.Release|Any CPU.ActiveCfg = Release|Any CPU
		{66CB80FF-F5D8-4EDB-BF43-632D7C643DA9}.Release|Any CPU.Build.0 = Release|Any CPU
		{66CB80FF-F5D8-4EDB-BF43-632D7C643DA9}.Release|x64.ActiveCfg = Release|Any CPU
		{66CB80FF-F5D8-4EDB-BF43-632D7C643DA9}.Release|x64.Build.0 = Release|Any CPU
		{66CB80FF-F5D8-4EDB-BF43-632D7C643DA9}.Release|x86.ActiveCfg = Release|Any CPU
		{66CB80FF-F5D8-4EDB-BF43-632D7C643DA9}.Release|x86.Build.0 = Release|Any CPU
		{8CF7B8A0-60FC-41C6-B10E-04D34626F7FD}.Debug|Any CPU.ActiveCfg = Debug|Any CPU
		{8CF7B8A0-60FC-41C6-B10E-04D34626F7FD}.Debug|Any CPU.Build.0 = Debug|Any CPU
		{8CF7B8A0-60FC-41C6-B10E-04D34626F7FD}.Debug|x64.ActiveCfg = Debug|Any CPU
		{8CF7B8A0-60FC-41C6-B10E-04D34626F7FD}.Debug|x64.Build.0 = Debug|Any CPU
		{8CF7B8A0-60FC-41C6-B10E-04D34626F7FD}.Debug|x86.ActiveCfg = Debug|Any CPU
		{8CF7B8A0-60FC-41C6-B10E-04D34626F7FD}.Debug|x86.Build.0 = Debug|Any CPU
		{8CF7B8A0-60FC-41C6-B10E-04D34626F7FD}.Release|Any CPU.ActiveCfg = Release|Any CPU
		{8CF7B8A0-60FC-41C6-B10E-04D34626F7FD}.Release|Any CPU.Build.0 = Release|Any CPU
		{8CF7B8A0-60FC-41C6-B10E-04D34626F7FD}.Release|x64.ActiveCfg = Release|Any CPU
		{8CF7B8A0-60FC-41C6-B10E-04D34626F7FD}.Release|x64.Build.0 = Release|Any CPU
		{8CF7B8A0-60FC-41C6-B10E-04D34626F7FD}.Release|x86.ActiveCfg = Release|Any CPU
		{8CF7B8A0-60FC-41C6-B10E-04D34626F7FD}.Release|x86.Build.0 = Release|Any CPU
		{3BD1A985-7CAA-41E0-AD3A-B27A94BE2642}.Debug|Any CPU.ActiveCfg = Debug|Any CPU
		{3BD1A985-7CAA-41E0-AD3A-B27A94BE2642}.Debug|Any CPU.Build.0 = Debug|Any CPU
		{3BD1A985-7CAA-41E0-AD3A-B27A94BE2642}.Debug|x64.ActiveCfg = Debug|Any CPU
		{3BD1A985-7CAA-41E0-AD3A-B27A94BE2642}.Debug|x64.Build.0 = Debug|Any CPU
		{3BD1A985-7CAA-41E0-AD3A-B27A94BE2642}.Debug|x86.ActiveCfg = Debug|Any CPU
		{3BD1A985-7CAA-41E0-AD3A-B27A94BE2642}.Debug|x86.Build.0 = Debug|Any CPU
		{3BD1A985-7CAA-41E0-AD3A-B27A94BE2642}.Release|Any CPU.ActiveCfg = Release|Any CPU
		{3BD1A985-7CAA-41E0-AD3A-B27A94BE2642}.Release|Any CPU.Build.0 = Release|Any CPU
		{3BD1A985-7CAA-41E0-AD3A-B27A94BE2642}.Release|x64.ActiveCfg = Release|Any CPU
		{3BD1A985-7CAA-41E0-AD3A-B27A94BE2642}.Release|x64.Build.0 = Release|Any CPU
		{3BD1A985-7CAA-41E0-AD3A-B27A94BE2642}.Release|x86.ActiveCfg = Release|Any CPU
		{3BD1A985-7CAA-41E0-AD3A-B27A94BE2642}.Release|x86.Build.0 = Release|Any CPU
		{5AF96990-BD52-4BB5-82AB-C8B23CCA52CF}.Debug|Any CPU.ActiveCfg = Debug|Any CPU
		{5AF96990-BD52-4BB5-82AB-C8B23CCA52CF}.Debug|Any CPU.Build.0 = Debug|Any CPU
		{5AF96990-BD52-4BB5-82AB-C8B23CCA52CF}.Debug|x64.ActiveCfg = Debug|Any CPU
		{5AF96990-BD52-4BB5-82AB-C8B23CCA52CF}.Debug|x64.Build.0 = Debug|Any CPU
		{5AF96990-BD52-4BB5-82AB-C8B23CCA52CF}.Debug|x86.ActiveCfg = Debug|Any CPU
		{5AF96990-BD52-4BB5-82AB-C8B23CCA52CF}.Debug|x86.Build.0 = Debug|Any CPU
		{5AF96990-BD52-4BB5-82AB-C8B23CCA52CF}.Release|Any CPU.ActiveCfg = Release|Any CPU
		{5AF96990-BD52-4BB5-82AB-C8B23CCA52CF}.Release|Any CPU.Build.0 = Release|Any CPU
		{5AF96990-BD52-4BB5-82AB-C8B23CCA52CF}.Release|x64.ActiveCfg = Release|Any CPU
		{5AF96990-BD52-4BB5-82AB-C8B23CCA52CF}.Release|x64.Build.0 = Release|Any CPU
		{5AF96990-BD52-4BB5-82AB-C8B23CCA52CF}.Release|x86.ActiveCfg = Release|Any CPU
		{5AF96990-BD52-4BB5-82AB-C8B23CCA52CF}.Release|x86.Build.0 = Release|Any CPU
		{153ED087-AA20-4DFF-A59E-53A5D38B15EB}.Debug|Any CPU.ActiveCfg = Debug|Any CPU
		{153ED087-AA20-4DFF-A59E-53A5D38B15EB}.Debug|Any CPU.Build.0 = Debug|Any CPU
		{153ED087-AA20-4DFF-A59E-53A5D38B15EB}.Debug|x64.ActiveCfg = Debug|Any CPU
		{153ED087-AA20-4DFF-A59E-53A5D38B15EB}.Debug|x64.Build.0 = Debug|Any CPU
		{153ED087-AA20-4DFF-A59E-53A5D38B15EB}.Debug|x86.ActiveCfg = Debug|Any CPU
		{153ED087-AA20-4DFF-A59E-53A5D38B15EB}.Debug|x86.Build.0 = Debug|Any CPU
		{153ED087-AA20-4DFF-A59E-53A5D38B15EB}.Release|Any CPU.ActiveCfg = Release|Any CPU
		{153ED087-AA20-4DFF-A59E-53A5D38B15EB}.Release|Any CPU.Build.0 = Release|Any CPU
		{153ED087-AA20-4DFF-A59E-53A5D38B15EB}.Release|x64.ActiveCfg = Release|Any CPU
		{153ED087-AA20-4DFF-A59E-53A5D38B15EB}.Release|x64.Build.0 = Release|Any CPU
		{153ED087-AA20-4DFF-A59E-53A5D38B15EB}.Release|x86.ActiveCfg = Release|Any CPU
		{153ED087-AA20-4DFF-A59E-53A5D38B15EB}.Release|x86.Build.0 = Release|Any CPU
		{2D6176E0-434D-4D6D-820C-24DEB19C28B9}.Debug|Any CPU.ActiveCfg = Debug|Any CPU
		{2D6176E0-434D-4D6D-820C-24DEB19C28B9}.Debug|Any CPU.Build.0 = Debug|Any CPU
		{2D6176E0-434D-4D6D-820C-24DEB19C28B9}.Debug|x64.ActiveCfg = Debug|Any CPU
		{2D6176E0-434D-4D6D-820C-24DEB19C28B9}.Debug|x64.Build.0 = Debug|Any CPU
		{2D6176E0-434D-4D6D-820C-24DEB19C28B9}.Debug|x86.ActiveCfg = Debug|Any CPU
		{2D6176E0-434D-4D6D-820C-24DEB19C28B9}.Debug|x86.Build.0 = Debug|Any CPU
		{2D6176E0-434D-4D6D-820C-24DEB19C28B9}.Release|Any CPU.ActiveCfg = Release|Any CPU
		{2D6176E0-434D-4D6D-820C-24DEB19C28B9}.Release|Any CPU.Build.0 = Release|Any CPU
		{2D6176E0-434D-4D6D-820C-24DEB19C28B9}.Release|x64.ActiveCfg = Release|Any CPU
		{2D6176E0-434D-4D6D-820C-24DEB19C28B9}.Release|x64.Build.0 = Release|Any CPU
		{2D6176E0-434D-4D6D-820C-24DEB19C28B9}.Release|x86.ActiveCfg = Release|Any CPU
		{2D6176E0-434D-4D6D-820C-24DEB19C28B9}.Release|x86.Build.0 = Release|Any CPU
		{DBE9BFCF-DB40-42E5-B96F-B856BE43821A}.Debug|Any CPU.ActiveCfg = Debug|Any CPU
		{DBE9BFCF-DB40-42E5-B96F-B856BE43821A}.Debug|Any CPU.Build.0 = Debug|Any CPU
		{DBE9BFCF-DB40-42E5-B96F-B856BE43821A}.Debug|x64.ActiveCfg = Debug|Any CPU
		{DBE9BFCF-DB40-42E5-B96F-B856BE43821A}.Debug|x64.Build.0 = Debug|Any CPU
		{DBE9BFCF-DB40-42E5-B96F-B856BE43821A}.Debug|x86.ActiveCfg = Debug|Any CPU
		{DBE9BFCF-DB40-42E5-B96F-B856BE43821A}.Debug|x86.Build.0 = Debug|Any CPU
		{DBE9BFCF-DB40-42E5-B96F-B856BE43821A}.Release|Any CPU.ActiveCfg = Release|Any CPU
		{DBE9BFCF-DB40-42E5-B96F-B856BE43821A}.Release|Any CPU.Build.0 = Release|Any CPU
		{DBE9BFCF-DB40-42E5-B96F-B856BE43821A}.Release|x64.ActiveCfg = Release|Any CPU
		{DBE9BFCF-DB40-42E5-B96F-B856BE43821A}.Release|x64.Build.0 = Release|Any CPU
		{DBE9BFCF-DB40-42E5-B96F-B856BE43821A}.Release|x86.ActiveCfg = Release|Any CPU
		{DBE9BFCF-DB40-42E5-B96F-B856BE43821A}.Release|x86.Build.0 = Release|Any CPU
		{FFD94058-41AB-48E2-9D73-3C7E0E3215EC}.Debug|Any CPU.ActiveCfg = Debug|Any CPU
		{FFD94058-41AB-48E2-9D73-3C7E0E3215EC}.Debug|Any CPU.Build.0 = Debug|Any CPU
		{FFD94058-41AB-48E2-9D73-3C7E0E3215EC}.Debug|x64.ActiveCfg = Debug|Any CPU
		{FFD94058-41AB-48E2-9D73-3C7E0E3215EC}.Debug|x64.Build.0 = Debug|Any CPU
		{FFD94058-41AB-48E2-9D73-3C7E0E3215EC}.Debug|x86.ActiveCfg = Debug|Any CPU
		{FFD94058-41AB-48E2-9D73-3C7E0E3215EC}.Debug|x86.Build.0 = Debug|Any CPU
		{FFD94058-41AB-48E2-9D73-3C7E0E3215EC}.Release|Any CPU.ActiveCfg = Release|Any CPU
		{FFD94058-41AB-48E2-9D73-3C7E0E3215EC}.Release|Any CPU.Build.0 = Release|Any CPU
		{FFD94058-41AB-48E2-9D73-3C7E0E3215EC}.Release|x64.ActiveCfg = Release|Any CPU
		{FFD94058-41AB-48E2-9D73-3C7E0E3215EC}.Release|x64.Build.0 = Release|Any CPU
		{FFD94058-41AB-48E2-9D73-3C7E0E3215EC}.Release|x86.ActiveCfg = Release|Any CPU
		{FFD94058-41AB-48E2-9D73-3C7E0E3215EC}.Release|x86.Build.0 = Release|Any CPU
		{C6DBDAE4-4575-4E34-B3D5-678B1B1A46D1}.Debug|Any CPU.ActiveCfg = Debug|Any CPU
		{C6DBDAE4-4575-4E34-B3D5-678B1B1A46D1}.Debug|Any CPU.Build.0 = Debug|Any CPU
		{C6DBDAE4-4575-4E34-B3D5-678B1B1A46D1}.Debug|x64.ActiveCfg = Debug|Any CPU
		{C6DBDAE4-4575-4E34-B3D5-678B1B1A46D1}.Debug|x64.Build.0 = Debug|Any CPU
		{C6DBDAE4-4575-4E34-B3D5-678B1B1A46D1}.Debug|x86.ActiveCfg = Debug|Any CPU
		{C6DBDAE4-4575-4E34-B3D5-678B1B1A46D1}.Debug|x86.Build.0 = Debug|Any CPU
		{C6DBDAE4-4575-4E34-B3D5-678B1B1A46D1}.Release|Any CPU.ActiveCfg = Release|Any CPU
		{C6DBDAE4-4575-4E34-B3D5-678B1B1A46D1}.Release|Any CPU.Build.0 = Release|Any CPU
		{C6DBDAE4-4575-4E34-B3D5-678B1B1A46D1}.Release|x64.ActiveCfg = Release|Any CPU
		{C6DBDAE4-4575-4E34-B3D5-678B1B1A46D1}.Release|x64.Build.0 = Release|Any CPU
		{C6DBDAE4-4575-4E34-B3D5-678B1B1A46D1}.Release|x86.ActiveCfg = Release|Any CPU
		{C6DBDAE4-4575-4E34-B3D5-678B1B1A46D1}.Release|x86.Build.0 = Release|Any CPU
		{24ADF02C-3718-4FF7-89FF-135C55741F30}.Debug|Any CPU.ActiveCfg = Debug|Any CPU
		{24ADF02C-3718-4FF7-89FF-135C55741F30}.Debug|Any CPU.Build.0 = Debug|Any CPU
		{24ADF02C-3718-4FF7-89FF-135C55741F30}.Debug|x64.ActiveCfg = Debug|Any CPU
		{24ADF02C-3718-4FF7-89FF-135C55741F30}.Debug|x64.Build.0 = Debug|Any CPU
		{24ADF02C-3718-4FF7-89FF-135C55741F30}.Debug|x86.ActiveCfg = Debug|Any CPU
		{24ADF02C-3718-4FF7-89FF-135C55741F30}.Debug|x86.Build.0 = Debug|Any CPU
		{24ADF02C-3718-4FF7-89FF-135C55741F30}.Release|Any CPU.ActiveCfg = Release|Any CPU
		{24ADF02C-3718-4FF7-89FF-135C55741F30}.Release|Any CPU.Build.0 = Release|Any CPU
		{24ADF02C-3718-4FF7-89FF-135C55741F30}.Release|x64.ActiveCfg = Release|Any CPU
		{24ADF02C-3718-4FF7-89FF-135C55741F30}.Release|x64.Build.0 = Release|Any CPU
		{24ADF02C-3718-4FF7-89FF-135C55741F30}.Release|x86.ActiveCfg = Release|Any CPU
		{24ADF02C-3718-4FF7-89FF-135C55741F30}.Release|x86.Build.0 = Release|Any CPU
		{6C14B2F7-3310-4516-8440-481CAC3D654C}.Debug|Any CPU.ActiveCfg = Debug|Any CPU
		{6C14B2F7-3310-4516-8440-481CAC3D654C}.Debug|Any CPU.Build.0 = Debug|Any CPU
		{6C14B2F7-3310-4516-8440-481CAC3D654C}.Debug|x64.ActiveCfg = Debug|Any CPU
		{6C14B2F7-3310-4516-8440-481CAC3D654C}.Debug|x64.Build.0 = Debug|Any CPU
		{6C14B2F7-3310-4516-8440-481CAC3D654C}.Debug|x86.ActiveCfg = Debug|Any CPU
		{6C14B2F7-3310-4516-8440-481CAC3D654C}.Debug|x86.Build.0 = Debug|Any CPU
		{6C14B2F7-3310-4516-8440-481CAC3D654C}.Release|Any CPU.ActiveCfg = Release|Any CPU
		{6C14B2F7-3310-4516-8440-481CAC3D654C}.Release|Any CPU.Build.0 = Release|Any CPU
		{6C14B2F7-3310-4516-8440-481CAC3D654C}.Release|x64.ActiveCfg = Release|Any CPU
		{6C14B2F7-3310-4516-8440-481CAC3D654C}.Release|x64.Build.0 = Release|Any CPU
		{6C14B2F7-3310-4516-8440-481CAC3D654C}.Release|x86.ActiveCfg = Release|Any CPU
		{6C14B2F7-3310-4516-8440-481CAC3D654C}.Release|x86.Build.0 = Release|Any CPU
		{A1B2C3D4-E5F6-7890-ABCD-EF1234567890}.Debug|Any CPU.ActiveCfg = Debug|Any CPU
		{A1B2C3D4-E5F6-7890-ABCD-EF1234567890}.Debug|Any CPU.Build.0 = Debug|Any CPU
		{A1B2C3D4-E5F6-7890-ABCD-EF1234567890}.Debug|x64.ActiveCfg = Debug|Any CPU
		{A1B2C3D4-E5F6-7890-ABCD-EF1234567890}.Debug|x64.Build.0 = Debug|Any CPU
		{A1B2C3D4-E5F6-7890-ABCD-EF1234567890}.Debug|x86.ActiveCfg = Debug|Any CPU
		{A1B2C3D4-E5F6-7890-ABCD-EF1234567890}.Debug|x86.Build.0 = Debug|Any CPU
		{A1B2C3D4-E5F6-7890-ABCD-EF1234567890}.Release|Any CPU.ActiveCfg = Release|Any CPU
		{A1B2C3D4-E5F6-7890-ABCD-EF1234567890}.Release|Any CPU.Build.0 = Release|Any CPU
		{A1B2C3D4-E5F6-7890-ABCD-EF1234567890}.Release|x64.ActiveCfg = Release|Any CPU
		{A1B2C3D4-E5F6-7890-ABCD-EF1234567890}.Release|x64.Build.0 = Release|Any CPU
		{A1B2C3D4-E5F6-7890-ABCD-EF1234567890}.Release|x86.ActiveCfg = Release|Any CPU
		{A1B2C3D4-E5F6-7890-ABCD-EF1234567890}.Release|x86.Build.0 = Release|Any CPU
		{41A68272-5409-4D4B-A123-84AB0F97DB16}.Debug|Any CPU.ActiveCfg = Debug|Any CPU
		{41A68272-5409-4D4B-A123-84AB0F97DB16}.Debug|Any CPU.Build.0 = Debug|Any CPU
		{41A68272-5409-4D4B-A123-84AB0F97DB16}.Debug|x64.ActiveCfg = Debug|Any CPU
		{41A68272-5409-4D4B-A123-84AB0F97DB16}.Debug|x64.Build.0 = Debug|Any CPU
		{41A68272-5409-4D4B-A123-84AB0F97DB16}.Debug|x86.ActiveCfg = Debug|Any CPU
		{41A68272-5409-4D4B-A123-84AB0F97DB16}.Debug|x86.Build.0 = Debug|Any CPU
		{41A68272-5409-4D4B-A123-84AB0F97DB16}.Release|Any CPU.ActiveCfg = Release|Any CPU
		{41A68272-5409-4D4B-A123-84AB0F97DB16}.Release|Any CPU.Build.0 = Release|Any CPU
		{41A68272-5409-4D4B-A123-84AB0F97DB16}.Release|x64.ActiveCfg = Release|Any CPU
		{41A68272-5409-4D4B-A123-84AB0F97DB16}.Release|x64.Build.0 = Release|Any CPU
		{41A68272-5409-4D4B-A123-84AB0F97DB16}.Release|x86.ActiveCfg = Release|Any CPU
		{41A68272-5409-4D4B-A123-84AB0F97DB16}.Release|x86.Build.0 = Release|Any CPU
		{F7B53F75-CBE3-436B-8D0C-F38A0F1DD361}.Debug|Any CPU.ActiveCfg = Debug|Any CPU
		{F7B53F75-CBE3-436B-8D0C-F38A0F1DD361}.Debug|Any CPU.Build.0 = Debug|Any CPU
		{F7B53F75-CBE3-436B-8D0C-F38A0F1DD361}.Debug|x64.ActiveCfg = Debug|Any CPU
		{F7B53F75-CBE3-436B-8D0C-F38A0F1DD361}.Debug|x64.Build.0 = Debug|Any CPU
		{F7B53F75-CBE3-436B-8D0C-F38A0F1DD361}.Debug|x86.ActiveCfg = Debug|Any CPU
		{F7B53F75-CBE3-436B-8D0C-F38A0F1DD361}.Debug|x86.Build.0 = Debug|Any CPU
		{F7B53F75-CBE3-436B-8D0C-F38A0F1DD361}.Release|Any CPU.ActiveCfg = Release|Any CPU
		{F7B53F75-CBE3-436B-8D0C-F38A0F1DD361}.Release|Any CPU.Build.0 = Release|Any CPU
		{F7B53F75-CBE3-436B-8D0C-F38A0F1DD361}.Release|x64.ActiveCfg = Release|Any CPU
		{F7B53F75-CBE3-436B-8D0C-F38A0F1DD361}.Release|x64.Build.0 = Release|Any CPU
		{F7B53F75-CBE3-436B-8D0C-F38A0F1DD361}.Release|x86.ActiveCfg = Release|Any CPU
		{F7B53F75-CBE3-436B-8D0C-F38A0F1DD361}.Release|x86.Build.0 = Release|Any CPU
		{08397747-5877-436F-B357-3A52D59C9E48}.Debug|Any CPU.ActiveCfg = Debug|Any CPU
		{08397747-5877-436F-B357-3A52D59C9E48}.Debug|Any CPU.Build.0 = Debug|Any CPU
		{08397747-5877-436F-B357-3A52D59C9E48}.Debug|x64.ActiveCfg = Debug|Any CPU
		{08397747-5877-436F-B357-3A52D59C9E48}.Debug|x64.Build.0 = Debug|Any CPU
		{08397747-5877-436F-B357-3A52D59C9E48}.Debug|x86.ActiveCfg = Debug|Any CPU
		{08397747-5877-436F-B357-3A52D59C9E48}.Debug|x86.Build.0 = Debug|Any CPU
		{08397747-5877-436F-B357-3A52D59C9E48}.Release|Any CPU.ActiveCfg = Release|Any CPU
		{08397747-5877-436F-B357-3A52D59C9E48}.Release|Any CPU.Build.0 = Release|Any CPU
		{08397747-5877-436F-B357-3A52D59C9E48}.Release|x64.ActiveCfg = Release|Any CPU
		{08397747-5877-436F-B357-3A52D59C9E48}.Release|x64.Build.0 = Release|Any CPU
		{08397747-5877-436F-B357-3A52D59C9E48}.Release|x86.ActiveCfg = Release|Any CPU
		{08397747-5877-436F-B357-3A52D59C9E48}.Release|x86.Build.0 = Release|Any CPU
		{2ECF9AD3-D448-4586-8DDF-04EBA3128D5E}.Debug|Any CPU.ActiveCfg = Debug|Any CPU
		{2ECF9AD3-D448-4586-8DDF-04EBA3128D5E}.Debug|Any CPU.Build.0 = Debug|Any CPU
		{2ECF9AD3-D448-4586-8DDF-04EBA3128D5E}.Debug|x64.ActiveCfg = Debug|Any CPU
		{2ECF9AD3-D448-4586-8DDF-04EBA3128D5E}.Debug|x64.Build.0 = Debug|Any CPU
		{2ECF9AD3-D448-4586-8DDF-04EBA3128D5E}.Debug|x86.ActiveCfg = Debug|Any CPU
		{2ECF9AD3-D448-4586-8DDF-04EBA3128D5E}.Debug|x86.Build.0 = Debug|Any CPU
		{2ECF9AD3-D448-4586-8DDF-04EBA3128D5E}.Release|Any CPU.ActiveCfg = Release|Any CPU
		{2ECF9AD3-D448-4586-8DDF-04EBA3128D5E}.Release|Any CPU.Build.0 = Release|Any CPU
		{2ECF9AD3-D448-4586-8DDF-04EBA3128D5E}.Release|x64.ActiveCfg = Release|Any CPU
		{2ECF9AD3-D448-4586-8DDF-04EBA3128D5E}.Release|x64.Build.0 = Release|Any CPU
		{2ECF9AD3-D448-4586-8DDF-04EBA3128D5E}.Release|x86.ActiveCfg = Release|Any CPU
		{2ECF9AD3-D448-4586-8DDF-04EBA3128D5E}.Release|x86.Build.0 = Release|Any CPU
		{2A35B6E0-1C99-4231-9E23-815BE1910F80}.Debug|Any CPU.ActiveCfg = Debug|Any CPU
		{2A35B6E0-1C99-4231-9E23-815BE1910F80}.Debug|Any CPU.Build.0 = Debug|Any CPU
		{2A35B6E0-1C99-4231-9E23-815BE1910F80}.Debug|x64.ActiveCfg = Debug|Any CPU
		{2A35B6E0-1C99-4231-9E23-815BE1910F80}.Debug|x64.Build.0 = Debug|Any CPU
		{2A35B6E0-1C99-4231-9E23-815BE1910F80}.Debug|x86.ActiveCfg = Debug|Any CPU
		{2A35B6E0-1C99-4231-9E23-815BE1910F80}.Debug|x86.Build.0 = Debug|Any CPU
		{2A35B6E0-1C99-4231-9E23-815BE1910F80}.Release|Any CPU.ActiveCfg = Release|Any CPU
		{2A35B6E0-1C99-4231-9E23-815BE1910F80}.Release|Any CPU.Build.0 = Release|Any CPU
		{2A35B6E0-1C99-4231-9E23-815BE1910F80}.Release|x64.ActiveCfg = Release|Any CPU
		{2A35B6E0-1C99-4231-9E23-815BE1910F80}.Release|x64.Build.0 = Release|Any CPU
		{2A35B6E0-1C99-4231-9E23-815BE1910F80}.Release|x86.ActiveCfg = Release|Any CPU
		{2A35B6E0-1C99-4231-9E23-815BE1910F80}.Release|x86.Build.0 = Release|Any CPU
		{D3C9621D-D3C7-4AE5-B82B-F0556319A818}.Debug|Any CPU.ActiveCfg = Debug|Any CPU
		{D3C9621D-D3C7-4AE5-B82B-F0556319A818}.Debug|Any CPU.Build.0 = Debug|Any CPU
		{D3C9621D-D3C7-4AE5-B82B-F0556319A818}.Debug|x64.ActiveCfg = Debug|Any CPU
		{D3C9621D-D3C7-4AE5-B82B-F0556319A818}.Debug|x64.Build.0 = Debug|Any CPU
		{D3C9621D-D3C7-4AE5-B82B-F0556319A818}.Debug|x86.ActiveCfg = Debug|Any CPU
		{D3C9621D-D3C7-4AE5-B82B-F0556319A818}.Debug|x86.Build.0 = Debug|Any CPU
		{D3C9621D-D3C7-4AE5-B82B-F0556319A818}.Release|Any CPU.ActiveCfg = Release|Any CPU
		{D3C9621D-D3C7-4AE5-B82B-F0556319A818}.Release|Any CPU.Build.0 = Release|Any CPU
		{D3C9621D-D3C7-4AE5-B82B-F0556319A818}.Release|x64.ActiveCfg = Release|Any CPU
		{D3C9621D-D3C7-4AE5-B82B-F0556319A818}.Release|x64.Build.0 = Release|Any CPU
		{D3C9621D-D3C7-4AE5-B82B-F0556319A818}.Release|x86.ActiveCfg = Release|Any CPU
		{D3C9621D-D3C7-4AE5-B82B-F0556319A818}.Release|x86.Build.0 = Release|Any CPU
		{AE4231C5-550D-4ED9-9815-FE99F1F57943}.Debug|Any CPU.ActiveCfg = Debug|Any CPU
		{AE4231C5-550D-4ED9-9815-FE99F1F57943}.Debug|Any CPU.Build.0 = Debug|Any CPU
		{AE4231C5-550D-4ED9-9815-FE99F1F57943}.Debug|x64.ActiveCfg = Debug|Any CPU
		{AE4231C5-550D-4ED9-9815-FE99F1F57943}.Debug|x64.Build.0 = Debug|Any CPU
		{AE4231C5-550D-4ED9-9815-FE99F1F57943}.Debug|x86.ActiveCfg = Debug|Any CPU
		{AE4231C5-550D-4ED9-9815-FE99F1F57943}.Debug|x86.Build.0 = Debug|Any CPU
		{AE4231C5-550D-4ED9-9815-FE99F1F57943}.Release|Any CPU.ActiveCfg = Release|Any CPU
		{AE4231C5-550D-4ED9-9815-FE99F1F57943}.Release|Any CPU.Build.0 = Release|Any CPU
		{AE4231C5-550D-4ED9-9815-FE99F1F57943}.Release|x64.ActiveCfg = Release|Any CPU
		{AE4231C5-550D-4ED9-9815-FE99F1F57943}.Release|x64.Build.0 = Release|Any CPU
		{AE4231C5-550D-4ED9-9815-FE99F1F57943}.Release|x86.ActiveCfg = Release|Any CPU
		{AE4231C5-550D-4ED9-9815-FE99F1F57943}.Release|x86.Build.0 = Release|Any CPU
	EndGlobalSection
	GlobalSection(SolutionProperties) = preSolution
		HideSolutionNode = FALSE
	EndGlobalSection
	GlobalSection(NestedProjects) = preSolution
		{D1600494-DF68-4FC9-ADC2-835BA0D19023} = {325EF21A-EC9C-4C64-A8C0-BEF750B45E6A}
		{D98F86CE-0013-4098-9CAE-DC7D6319C63D} = {325EF21A-EC9C-4C64-A8C0-BEF750B45E6A}
		{B1E09EFF-8DC1-42B0-8D38-67FC5D8D0E4E} = {81B3B2A7-0614-4E5F-95FF-3E1CD9DEDBB6}
		{66CB80FF-F5D8-4EDB-BF43-632D7C643DA9} = {81B3B2A7-0614-4E5F-95FF-3E1CD9DEDBB6}
		{8CF7B8A0-60FC-41C6-B10E-04D34626F7FD} = {E04F408D-337C-47C4-8962-3D2CFF0332A3}
		{3BD1A985-7CAA-41E0-AD3A-B27A94BE2642} = {A51F1D44-EB1B-4D44-8C90-0992537A7BCC}
		{5AF96990-BD52-4BB5-82AB-C8B23CCA52CF} = {E90CA455-CD7C-40FE-9BA2-EDBD7DD7AD99}
		{153ED087-AA20-4DFF-A59E-53A5D38B15EB} = {E90CA455-CD7C-40FE-9BA2-EDBD7DD7AD99}
		{2D6176E0-434D-4D6D-820C-24DEB19C28B9} = {E90CA455-CD7C-40FE-9BA2-EDBD7DD7AD99}
		{DBE9BFCF-DB40-42E5-B96F-B856BE43821A} = {81B3B2A7-0614-4E5F-95FF-3E1CD9DEDBB6}
		{FFD94058-41AB-48E2-9D73-3C7E0E3215EC} = {E90CA455-CD7C-40FE-9BA2-EDBD7DD7AD99}
		{C6DBDAE4-4575-4E34-B3D5-678B1B1A46D1} = {E04F408D-337C-47C4-8962-3D2CFF0332A3}
		{24ADF02C-3718-4FF7-89FF-135C55741F30} = {E04F408D-337C-47C4-8962-3D2CFF0332A3}
		{6C14B2F7-3310-4516-8440-481CAC3D654C} = {E3E82E87-9751-4C5C-805C-60DC4D76B8A4}
		{A1B2C3D4-E5F6-7890-ABCD-EF1234567890} = {C781B231-7384-4725-B022-53B6ACB8B248}
		{41A68272-5409-4D4B-A123-84AB0F97DB16} = {C781B231-7384-4725-B022-53B6ACB8B248}
		{F7B53F75-CBE3-436B-8D0C-F38A0F1DD361} = {C781B231-7384-4725-B022-53B6ACB8B248}
		{08397747-5877-436F-B357-3A52D59C9E48} = {8C7D8279-F783-430B-9A6F-0E68DC1A14F6}
		{2ECF9AD3-D448-4586-8DDF-04EBA3128D5E} = {C781B231-7384-4725-B022-53B6ACB8B248}
		{2A35B6E0-1C99-4231-9E23-815BE1910F80} = {8C7D8279-F783-430B-9A6F-0E68DC1A14F6}
		{D3C9621D-D3C7-4AE5-B82B-F0556319A818} = {8C7D8279-F783-430B-9A6F-0E68DC1A14F6}
		{AE4231C5-550D-4ED9-9815-FE99F1F57943} = {8C7D8279-F783-430B-9A6F-0E68DC1A14F6}
		{C781B231-7384-4725-B022-53B6ACB8B248} = {314C6247-30EA-3492-19B6-DF847E3B326F}
		{8C7D8279-F783-430B-9A6F-0E68DC1A14F6} = {0C88DD14-F956-CE84-757C-A364CCF449FC}
		{81B3B2A7-0614-4E5F-95FF-3E1CD9DEDBB6} = {314C6247-30EA-3492-19B6-DF847E3B326F}
		{E90CA455-CD7C-40FE-9BA2-EDBD7DD7AD99} = {0C88DD14-F956-CE84-757C-A364CCF449FC}
		{E3E82E87-9751-4C5C-805C-60DC4D76B8A4} = {0C88DD14-F956-CE84-757C-A364CCF449FC}
		{A51F1D44-EB1B-4D44-8C90-0992537A7BCC} = {0C88DD14-F956-CE84-757C-A364CCF449FC}
		{325EF21A-EC9C-4C64-A8C0-BEF750B45E6A} = {314C6247-30EA-3492-19B6-DF847E3B326F}
		{E04F408D-337C-47C4-8962-3D2CFF0332A3} = {314C6247-30EA-3492-19B6-DF847E3B326F}
	EndGlobalSection
	GlobalSection(ExtensibilityGlobals) = postSolution
		SolutionGuid = {27F31B27-5FE8-46D2-9F88-CCE3B059DD30}
	EndGlobalSection
EndGlobal
